{
  "version": 4,
  "terraform_version": "1.4.6",
  "serial": 683,
  "lineage": "cf1e7a2d-2eed-7643-23ad-902d0ef6a43b",
  "outputs": {
    "ingress_controller_ip_address": {
      "value": "kubectl -n ingress-nginx get svc ingress-nginx-controller",
      "type": "string"
    },
    "kube_config_command": {
      "value": "oci ce cluster create-kubeconfig --cluster-id ocid1.cluster.oc1.us-sanjose-1.aaaaaaaa3tdrbhb4hhq3pizlfcnawcewyadpmey3rsw5gky4lcuocvagzjwq --file $HOME/.kube/config --region us-sanjose-1 --token-version 2.0.0  --kube-endpoint PUBLIC_ENDPOINT",
      "type": "string"
    }
  },
  "resources": [
    {
      "mode": "data",
      "type": "oci_containerengine_cluster_kube_config",
      "name": "virtual_cluster_kube_config",
      "provider": "provider[\"registry.terraform.io/hashicorp/oci\"]",
      "instances": [
        {
          "schema_version": 0,
          "attributes": {
            "cluster_id": "ocid1.cluster.oc1.us-sanjose-1.aaaaaaaa3tdrbhb4hhq3pizlfcnawcewyadpmey3rsw5gky4lcuocvagzjwq",
            "content": "---\napiVersion: v1\nkind: \"\"\nclusters:\n- name: cluster-cuocvagzjwq\n  cluster:\n    server: https://138.2.225.235:6443\n    certificate-authority-data: LS0tLS1CRUdJTiBDRVJUSUZJQ0FURS0tLS0tCk1JSURpVENDQW5HZ0F3SUJBZ0lSQUlZVWtkSjdjN3k5WmpwM2xVaGhyN0V3RFFZSktvWklodmNOQVFFTEJRQXcKWGpFUE1BMEdBMVVFQXd3R1N6aHpJRU5CTVFzd0NRWURWUVFHRXdKVlV6RVBNQTBHQTFVRUJ3d0dRWFZ6ZEdsdQpNUTh3RFFZRFZRUUtEQVpQY21GamJHVXhEREFLQmdOVkJBc01BMDlqYVRFT01Bd0dBMVVFQ0F3RlZHVjRZWE13CkhoY05Nak13TlRFM01qQTBOekF4V2hjTk1qZ3dOVEUzTWpBME56QXhXakJlTVE4d0RRWURWUVFEREFaTE9ITWcKUTBFeEN6QUpCZ05WQkFZVEFsVlRNUTh3RFFZRFZRUUhEQVpCZFhOMGFXNHhEekFOQmdOVkJBb01Cazl5WVdOcwpaVEVNTUFvR0ExVUVDd3dEVDJOcE1RNHdEQVlEVlFRSURBVlVaWGhoY3pDQ0FTSXdEUVlKS29aSWh2Y05BUUVCCkJRQURnZ0VQQURDQ0FRb0NnZ0VCQUx4QjBWNjZadW11VnBDK0xuMXp0RFZsaGFuaTVhNmVtWnNnT0NnQVJ1VjMKa0Y1cVBsblFrd2lRQ3ArSXhLRllEMkR1TitqZi8vNGd4OUNyaGhNdHVTMXV5MGJpWGN4dVBxMkphVTlYaEF6bgpEYnJwRmNzeElRbzZITnhTREFuSlZ0dEExcHYreGNJNGpUbDRaWkpQVjd4ZFowQkQ2WEplWFhLbERZTGtaeERRCjhwU3dLNUlrbFY0SHI2NmJqR2xxbVBscTZvdWxaR29TcDVrMll1SmJHeWp0TnJHRzVDbGF6OXlrY3NsY3RTaVYKVUpoZUtLSVpKZ1c5U1hmVTZiSXdsV0FuUkhxTUx6ci9DMHk4QldGWXRhS09iN0cxcnlCRVpBd2loZkUyb2NhYgpCQWFiTDJ5eG5pRGR1MmFzZ1FQT2pRbjdYelp4VzY2YWwxZWhrNGdIdnFVQ0F3RUFBYU5DTUVBd0R3WURWUjBUCkFRSC9CQVV3QXdFQi96QU9CZ05WSFE4QkFmOEVCQU1DQVFZd0hRWURWUjBPQkJZRUZDN3kvdjIvWTJhNStzSWIKOEFGak9tQVgvYldrTUEwR0NTcUdTSWIzRFFFQkN3VUFBNElCQVFBb20wK1paMktTKzA2eTIrMDV2RnJZMHE1Ywp5ZXNqU01reXdKNTdEWlNkRVFHZ3YraGdtUk92c3lQdTlCUysralhmaWJ1a3NCemxSOFBaNHUwUEE0ZnRJNk1XCjJFOTBycUdqTWlxZno3dndpdmNyWXhBS212VjVXQms3WlpneXk3TldTSnpFcmRzdERaNjN1VTJmWXBKVjAwSUgKbE5QQWdHTHlzb2pQcTdlVzE3RnU3by85bWowMVpGUnQzMmx5WitNTlVkdnMrQVlnZi9HQWxCTy9JZDl0eGRJRwpiOW52eHdydkoyT004V1J4a0szd1ZuQ3VzemhkQ29mc1RTRWFlQjNKcFJ0L2ZJM3dZem43aFJKRERpRXJkMFlZCkJZNTR0SW9nNlFYSjBCWkV6ZWhlYkhEcTdFZVZielQrNU8rVTk5Z2tSbjdRNnpFYjQwVFVDRVMyUDJ3OAotLS0tLUVORCBDRVJUSUZJQ0FURS0tLS0tCg==\nusers:\n- name: user-cuocvagzjwq\n  user:\n    exec:\n      apiVersion: client.authentication.k8s.io/v1beta1\n      command: oci\n      args:\n      - ce\n      - cluster\n      - generate-token\n      - --cluster-id\n      - ocid1.cluster.oc1.us-sanjose-1.aaaaaaaa3tdrbhb4hhq3pizlfcnawcewyadpmey3rsw5gky4lcuocvagzjwq\n      - --region\n      - us-sanjose-1\n      env: []\ncontexts:\n- name: context-cuocvagzjwq\n  context:\n    cluster: cluster-cuocvagzjwq\n    user: user-cuocvagzjwq\ncurrent-context: context-cuocvagzjwq\n",
            "endpoint": null,
            "expiration": null,
            "id": "ContainerengineClusterKubeConfigDataSource-2372881739",
            "token_version": null
          },
          "sensitive_attributes": []
        }
      ]
    },
    {
      "mode": "data",
      "type": "oci_core_services",
      "name": "all_oci_services",
      "provider": "provider[\"registry.terraform.io/hashicorp/oci\"]",
      "instances": [
        {
          "schema_version": 0,
          "attributes": {
            "filter": [
              {
                "name": "name",
                "regex": true,
                "values": [
                  "All .* Services In Oracle Services Network"
                ]
              }
            ],
            "id": "CoreServicesDataSource-0",
            "services": [
              {
                "cidr_block": "all-sjc-services-in-oracle-services-network",
                "description": "All SJC Services In Oracle Services Network",
                "id": "ocid1.service.oc1.us-sanjose-1.aaaaaaaa7w72lnqlnse4zc5vubcjv6mhsooz3jlaazcbzq7hnzih26qqiw6a",
                "name": "All SJC Services In Oracle Services Network"
              }
            ]
          },
          "sensitive_attributes": []
        }
      ]
    },
    {
      "mode": "data",
      "type": "oci_identity_availability_domains",
      "name": "ad",
      "provider": "provider[\"registry.terraform.io/hashicorp/oci\"]",
      "instances": [
        {
          "schema_version": 0,
          "attributes": {
            "availability_domains": [
              {
                "compartment_id": "ocid1.compartment.oc1..aaaaaaaaucuuv3bavrptzr563nq5bpo55t7lk5p4zvr25n77i54jl2eykhbq",
                "id": "ocid1.availabilitydomain.oc1..aaaaaaaavi2wyd6rjjffu5nzgb3gjq4thy46k7sgw5ibh7mu5sq5fyie6t5a",
                "name": "GrCh:US-SANJOSE-1-AD-1"
              }
            ],
            "compartment_id": "ocid1.compartment.oc1..aaaaaaaaucuuv3bavrptzr563nq5bpo55t7lk5p4zvr25n77i54jl2eykhbq",
            "filter": null,
            "id": "IdentityAvailabilityDomainsDataSource-2362254492"
          },
          "sensitive_attributes": []
        }
      ]
    },
    {
      "mode": "data",
      "type": "oci_identity_fault_domains",
      "name": "fd",
      "provider": "provider[\"registry.terraform.io/hashicorp/oci\"]",
      "instances": [
        {
          "schema_version": 0,
          "attributes": {
            "availability_domain": "GrCh:US-SANJOSE-1-AD-1",
            "compartment_id": "ocid1.compartment.oc1..aaaaaaaaucuuv3bavrptzr563nq5bpo55t7lk5p4zvr25n77i54jl2eykhbq",
            "fault_domains": [
              {
                "availability_domain": "GrCh:US-SANJOSE-1-AD-1",
                "compartment_id": "ocid1.compartment.oc1..aaaaaaaaucuuv3bavrptzr563nq5bpo55t7lk5p4zvr25n77i54jl2eykhbq",
                "id": "ocid1.faultdomain.oc1..aaaaaaaahilcl635hoipqctsp4ibkcmpjxevkbgis7peqphenpdae3xqkeea",
                "name": "FAULT-DOMAIN-1"
              },
              {
                "availability_domain": "GrCh:US-SANJOSE-1-AD-1",
                "compartment_id": "ocid1.compartment.oc1..aaaaaaaaucuuv3bavrptzr563nq5bpo55t7lk5p4zvr25n77i54jl2eykhbq",
                "id": "ocid1.faultdomain.oc1..aaaaaaaahkpsumawtrmel6gbqljrl5fuegz24xptcnaurlpvfyilndxdi5ka",
                "name": "FAULT-DOMAIN-2"
              },
              {
                "availability_domain": "GrCh:US-SANJOSE-1-AD-1",
                "compartment_id": "ocid1.compartment.oc1..aaaaaaaaucuuv3bavrptzr563nq5bpo55t7lk5p4zvr25n77i54jl2eykhbq",
                "id": "ocid1.faultdomain.oc1..aaaaaaaak7pkiolu2kvebtzthouikybvz3y5dkd7en7zhewytx3lmi7nsj4q",
                "name": "FAULT-DOMAIN-3"
              }
            ],
            "filter": null,
            "id": "IdentityFaultDomainsDataSource-3183530206"
          },
          "sensitive_attributes": []
        }
      ]
    },
    {
      "mode": "data",
      "type": "oci_identity_regions",
      "name": "regions",
      "provider": "provider[\"registry.terraform.io/hashicorp/oci\"]",
      "instances": [
        {
          "schema_version": 0,
          "attributes": {
            "filter": null,
            "id": "IdentityRegionsDataSource-0",
            "regions": [
              {
                "key": "AMS",
                "name": "eu-amsterdam-1"
              },
              {
                "key": "ARN",
                "name": "eu-stockholm-1"
              },
              {
                "key": "AUH",
                "name": "me-abudhabi-1"
              },
              {
                "key": "BOM",
                "name": "ap-mumbai-1"
              },
              {
                "key": "CDG",
                "name": "eu-paris-1"
              },
              {
                "key": "CWL",
                "name": "uk-cardiff-1"
              },
              {
                "key": "DXB",
                "name": "me-dubai-1"
              },
              {
                "key": "FRA",
                "name": "eu-frankfurt-1"
              },
              {
                "key": "GRU",
                "name": "sa-saopaulo-1"
              },
              {
                "key": "HYD",
                "name": "ap-hyderabad-1"
              },
              {
                "key": "IAD",
                "name": "us-ashburn-1"
              },
              {
                "key": "ICN",
                "name": "ap-seoul-1"
              },
              {
                "key": "JED",
                "name": "me-jeddah-1"
              },
              {
                "key": "JNB",
                "name": "af-johannesburg-1"
              },
              {
                "key": "KIX",
                "name": "ap-osaka-1"
              },
              {
                "key": "LHR",
                "name": "uk-london-1"
              },
              {
                "key": "LIN",
                "name": "eu-milan-1"
              },
              {
                "key": "MAD",
                "name": "eu-madrid-1"
              },
              {
                "key": "MEL",
                "name": "ap-melbourne-1"
              },
              {
                "key": "MRS",
                "name": "eu-marseille-1"
              },
              {
                "key": "MTZ",
                "name": "il-jerusalem-1"
              },
              {
                "key": "NRT",
                "name": "ap-tokyo-1"
              },
              {
                "key": "ORD",
                "name": "us-chicago-1"
              },
              {
                "key": "PHX",
                "name": "us-phoenix-1"
              },
              {
                "key": "QRO",
                "name": "mx-queretaro-1"
              },
              {
                "key": "SCL",
                "name": "sa-santiago-1"
              },
              {
                "key": "SIN",
                "name": "ap-singapore-1"
              },
              {
                "key": "SJC",
                "name": "us-sanjose-1"
              },
              {
                "key": "SYD",
                "name": "ap-sydney-1"
              },
              {
                "key": "VCP",
                "name": "sa-vinhedo-1"
              },
              {
                "key": "YNY",
                "name": "ap-chuncheon-1"
              },
              {
                "key": "YUL",
                "name": "ca-montreal-1"
              },
              {
                "key": "YYZ",
                "name": "ca-toronto-1"
              },
              {
                "key": "ZRH",
                "name": "eu-zurich-1"
              }
            ]
          },
          "sensitive_attributes": []
        }
      ]
    },
    {
      "mode": "data",
      "type": "oci_identity_tenancy",
      "name": "tenancy",
      "provider": "provider[\"registry.terraform.io/hashicorp/oci\"]",
      "instances": [
        {
          "schema_version": 0,
          "attributes": {
            "defined_tags": {
              "OracleInternalReserved.CostCenter": "202235",
              "OracleInternalReserved.OwnerEmail": "joseph.malek@oracle.com",
              "OracleInternalReserved.ServiceType": "IaaS",
              "OracleInternalReserved.UsageType": "development-qa-test"
            },
            "description": "ociobenablement",
            "freeform_tags": {},
            "home_region_key": "IAD",
            "id": "ocid1.tenancy.oc1..aaaaaaaajznex5attydtrmrgudwayqu7kn4krasw2ct4h4pwz7nwbfxoyd4q",
            "name": "ociobenablement",
            "tenancy_id": "ocid1.tenancy.oc1..aaaaaaaajznex5attydtrmrgudwayqu7kn4krasw2ct4h4pwz7nwbfxoyd4q",
            "upi_idcs_compatibility_layer_endpoint": null
          },
          "sensitive_attributes": []
        }
      ]
    },
    {
      "mode": "managed",
      "type": "local_file",
      "name": "kubeconfig",
      "provider": "provider[\"registry.terraform.io/hashicorp/local\"]",
      "instances": [
        {
          "schema_version": 0,
          "attributes": {
            "content": "---\napiVersion: v1\nkind: \"\"\nclusters:\n- name: cluster-cuocvagzjwq\n  cluster:\n    server: https://138.2.225.235:6443\n    certificate-authority-data: LS0tLS1CRUdJTiBDRVJUSUZJQ0FURS0tLS0tCk1JSURpVENDQW5HZ0F3SUJBZ0lSQUlZVWtkSjdjN3k5WmpwM2xVaGhyN0V3RFFZSktvWklodmNOQVFFTEJRQXcKWGpFUE1BMEdBMVVFQXd3R1N6aHpJRU5CTVFzd0NRWURWUVFHRXdKVlV6RVBNQTBHQTFVRUJ3d0dRWFZ6ZEdsdQpNUTh3RFFZRFZRUUtEQVpQY21GamJHVXhEREFLQmdOVkJBc01BMDlqYVRFT01Bd0dBMVVFQ0F3RlZHVjRZWE13CkhoY05Nak13TlRFM01qQTBOekF4V2hjTk1qZ3dOVEUzTWpBME56QXhXakJlTVE4d0RRWURWUVFEREFaTE9ITWcKUTBFeEN6QUpCZ05WQkFZVEFsVlRNUTh3RFFZRFZRUUhEQVpCZFhOMGFXNHhEekFOQmdOVkJBb01Cazl5WVdOcwpaVEVNTUFvR0ExVUVDd3dEVDJOcE1RNHdEQVlEVlFRSURBVlVaWGhoY3pDQ0FTSXdEUVlKS29aSWh2Y05BUUVCCkJRQURnZ0VQQURDQ0FRb0NnZ0VCQUx4QjBWNjZadW11VnBDK0xuMXp0RFZsaGFuaTVhNmVtWnNnT0NnQVJ1VjMKa0Y1cVBsblFrd2lRQ3ArSXhLRllEMkR1TitqZi8vNGd4OUNyaGhNdHVTMXV5MGJpWGN4dVBxMkphVTlYaEF6bgpEYnJwRmNzeElRbzZITnhTREFuSlZ0dEExcHYreGNJNGpUbDRaWkpQVjd4ZFowQkQ2WEplWFhLbERZTGtaeERRCjhwU3dLNUlrbFY0SHI2NmJqR2xxbVBscTZvdWxaR29TcDVrMll1SmJHeWp0TnJHRzVDbGF6OXlrY3NsY3RTaVYKVUpoZUtLSVpKZ1c5U1hmVTZiSXdsV0FuUkhxTUx6ci9DMHk4QldGWXRhS09iN0cxcnlCRVpBd2loZkUyb2NhYgpCQWFiTDJ5eG5pRGR1MmFzZ1FQT2pRbjdYelp4VzY2YWwxZWhrNGdIdnFVQ0F3RUFBYU5DTUVBd0R3WURWUjBUCkFRSC9CQVV3QXdFQi96QU9CZ05WSFE4QkFmOEVCQU1DQVFZd0hRWURWUjBPQkJZRUZDN3kvdjIvWTJhNStzSWIKOEFGak9tQVgvYldrTUEwR0NTcUdTSWIzRFFFQkN3VUFBNElCQVFBb20wK1paMktTKzA2eTIrMDV2RnJZMHE1Ywp5ZXNqU01reXdKNTdEWlNkRVFHZ3YraGdtUk92c3lQdTlCUysralhmaWJ1a3NCemxSOFBaNHUwUEE0ZnRJNk1XCjJFOTBycUdqTWlxZno3dndpdmNyWXhBS212VjVXQms3WlpneXk3TldTSnpFcmRzdERaNjN1VTJmWXBKVjAwSUgKbE5QQWdHTHlzb2pQcTdlVzE3RnU3by85bWowMVpGUnQzMmx5WitNTlVkdnMrQVlnZi9HQWxCTy9JZDl0eGRJRwpiOW52eHdydkoyT004V1J4a0szd1ZuQ3VzemhkQ29mc1RTRWFlQjNKcFJ0L2ZJM3dZem43aFJKRERpRXJkMFlZCkJZNTR0SW9nNlFYSjBCWkV6ZWhlYkhEcTdFZVZielQrNU8rVTk5Z2tSbjdRNnpFYjQwVFVDRVMyUDJ3OAotLS0tLUVORCBDRVJUSUZJQ0FURS0tLS0tCg==\nusers:\n- name: user-cuocvagzjwq\n  user:\n    exec:\n      apiVersion: client.authentication.k8s.io/v1beta1\n      command: oci\n      args:\n      - ce\n      - cluster\n      - generate-token\n      - --cluster-id\n      - ocid1.cluster.oc1.us-sanjose-1.aaaaaaaa3tdrbhb4hhq3pizlfcnawcewyadpmey3rsw5gky4lcuocvagzjwq\n      - --region\n      - us-sanjose-1\n      env: []\ncontexts:\n- name: context-cuocvagzjwq\n  context:\n    cluster: cluster-cuocvagzjwq\n    user: user-cuocvagzjwq\ncurrent-context: context-cuocvagzjwq\n",
            "content_base64": null,
            "content_base64sha256": "lYN2H5pRskdGlYnJAWbA7tWROerjm0vrk/epyDZCWiQ=",
            "content_base64sha512": "oils+kz5q1XzeIzqQjDq9tVwFoFSgf9AMi8S0AIpoiqJ/onz7D0ZVDo9IivujQF5gpxuWG/UxhORpxr4at6h9Q==",
            "content_md5": "1b881d1dc18932162e807f818189e8ec",
            "content_sha1": "d5295cc72341e746f40abbca92ed97ef83a29046",
            "content_sha256": "9583761f9a51b247469589c90166c0eed59139eae39b4beb93f7a9c836425a24",
            "content_sha512": "a2296cfa4cf9ab55f3788cea4230eaf6d57016815281ff40322f12d00229a22a89fe89f3ec3d19543a3d222bee8d0179829c6e586fd4c61391a71af86adea1f5",
            "directory_permission": "0777",
            "file_permission": "0777",
            "filename": "/tmp/kubeconfig",
            "id": "d5295cc72341e746f40abbca92ed97ef83a29046",
            "sensitive_content": null,
            "source": null
          },
          "sensitive_attributes": [],
          "dependencies": [
            "data.oci_containerengine_cluster_kube_config.virtual_cluster_kube_config",
            "data.oci_identity_availability_domains.ad",
            "data.oci_identity_fault_domains.fd",
            "oci_containerengine_cluster.generated_oci_containerengine_cluster",
            "oci_containerengine_virtual_node_pool.create_node_pool_details0",
            "oci_core_default_route_table.generated_oci_core_default_route_table",
            "oci_core_network_security_group.KubeAPI_server_security_group",
            "oci_core_network_security_group.pod_network_security_group",
            "oci_core_network_security_group.virtual_node_network_security_group",
            "oci_core_subnet.kubernetes_api_endpoint_subnet",
            "oci_core_subnet.node_subnet",
            "oci_core_subnet.pod_subnet",
            "oci_core_subnet.service_lb_subnet",
            "oci_core_vcn.generated_oci_core_vcn"
          ]
        }
      ]
    },
    {
      "mode": "managed",
      "type": "null_resource",
      "name": "annotate_ingress_controller",
      "provider": "provider[\"registry.terraform.io/hashicorp/null\"]",
      "instances": [
        {
          "index_key": 0,
          "schema_version": 0,
          "attributes": {
            "id": "8150242760540790528",
            "triggers": null
          },
          "sensitive_attributes": [],
          "dependencies": [
            "data.oci_containerengine_cluster_kube_config.virtual_cluster_kube_config",
            "data.oci_core_services.all_oci_services",
            "data.oci_identity_availability_domains.ad",
            "data.oci_identity_fault_domains.fd",
            "local_file.kubeconfig",
            "null_resource.create_ingress_controller",
            "oci_containerengine_cluster.generated_oci_containerengine_cluster",
            "oci_containerengine_virtual_node_pool.create_node_pool_details0",
            "oci_core_default_route_table.generated_oci_core_default_route_table",
            "oci_core_internet_gateway.generated_oci_core_internet_gateway",
            "oci_core_nat_gateway.generated_oci_core_nat_gateway",
            "oci_core_network_security_group.KubeAPI_server_security_group",
            "oci_core_network_security_group.ingress_controller",
            "oci_core_network_security_group.pod_network_security_group",
            "oci_core_network_security_group.virtual_node_network_security_group",
            "oci_core_route_table.generated_oci_core_route_table",
            "oci_core_service_gateway.generated_oci_core_service_gateway",
            "oci_core_subnet.kubernetes_api_endpoint_subnet",
            "oci_core_subnet.node_subnet",
            "oci_core_subnet.pod_subnet",
            "oci_core_subnet.service_lb_subnet",
            "oci_core_vcn.generated_oci_core_vcn",
            "time_sleep.wait_1min_demo2",
            "time_sleep.wait_1min_demo3"
          ]
        }
      ]
    },
    {
      "mode": "managed",
      "type": "null_resource",
      "name": "create_ingress_controller",
      "provider": "provider[\"registry.terraform.io/hashicorp/null\"]",
      "instances": [
        {
          "index_key": 0,
          "schema_version": 0,
          "attributes": {
            "id": "4851938678909331009",
            "triggers": null
          },
          "sensitive_attributes": [],
          "dependencies": [
            "data.oci_containerengine_cluster_kube_config.virtual_cluster_kube_config",
            "data.oci_core_services.all_oci_services",
            "data.oci_identity_availability_domains.ad",
            "data.oci_identity_fault_domains.fd",
            "local_file.kubeconfig",
            "oci_containerengine_cluster.generated_oci_containerengine_cluster",
            "oci_containerengine_virtual_node_pool.create_node_pool_details0",
            "oci_core_default_route_table.generated_oci_core_default_route_table",
            "oci_core_internet_gateway.generated_oci_core_internet_gateway",
            "oci_core_nat_gateway.generated_oci_core_nat_gateway",
            "oci_core_network_security_group.KubeAPI_server_security_group",
            "oci_core_network_security_group.pod_network_security_group",
            "oci_core_network_security_group.virtual_node_network_security_group",
            "oci_core_route_table.generated_oci_core_route_table",
            "oci_core_service_gateway.generated_oci_core_service_gateway",
            "oci_core_subnet.kubernetes_api_endpoint_subnet",
            "oci_core_subnet.node_subnet",
            "oci_core_subnet.pod_subnet",
            "oci_core_subnet.service_lb_subnet",
            "oci_core_vcn.generated_oci_core_vcn",
            "time_sleep.wait_1min_demo2"
          ]
        }
      ]
    },
    {
      "mode": "managed",
      "type": "oci_containerengine_cluster",
      "name": "generated_oci_containerengine_cluster",
      "provider": "provider[\"registry.terraform.io/hashicorp/oci\"]",
      "instances": [
        {
          "schema_version": 0,
          "attributes": {
            "available_kubernetes_upgrades": [
              "v1.26.2"
            ],
            "cluster_pod_network_options": [
              {
                "cni_type": "OCI_VCN_IP_NATIVE"
              }
            ],
            "compartment_id": "ocid1.compartment.oc1..aaaaaaaaucuuv3bavrptzr563nq5bpo55t7lk5p4zvr25n77i54jl2eykhbq",
            "defined_tags": {
              "Oracle-Tags.CreatedBy": "identitycloudservice/chiping.hwang@oracle.com",
              "Oracle-Tags.CreatedOn": "2023-05-17T20:46:40.561Z",
              "ops.CreatedBy": "identitycloudservice/chiping.hwang@oracle.com",
              "ops.CreationDate": "2023-05-17T20:46:40.561Z"
            },
            "endpoint_config": [
              {
                "is_public_ip_enabled": true,
                "nsg_ids": [
                  "ocid1.networksecuritygroup.oc1.us-sanjose-1.aaaaaaaaxjc2jhnb5sndsguj3hh65pznsmox4ybkh5mbfh6rugrrred4xgnq"
                ],
                "subnet_id": "ocid1.subnet.oc1.us-sanjose-1.aaaaaaaa7jowumzjnrfgntesdcpqjftime5ygjp77mxhjzi2b3ugk4x553ma"
              }
            ],
            "endpoints": [
              {
                "kubernetes": "",
                "private_endpoint": "10.0.0.9:6443",
                "public_endpoint": "138.2.225.235:6443",
                "vcn_hostname_endpoint": ""
              }
            ],
            "freeform_tags": {
              "OKEclusterName": "oke-cluster"
            },
            "id": "ocid1.cluster.oc1.us-sanjose-1.aaaaaaaa3tdrbhb4hhq3pizlfcnawcewyadpmey3rsw5gky4lcuocvagzjwq",
            "image_policy_config": [
              {
                "is_policy_enabled": false,
                "key_details": []
              }
            ],
            "kms_key_id": null,
            "kubernetes_version": "v1.25.4",
            "lifecycle_details": null,
            "metadata": [
              {
                "created_by_user_id": "ocid1.user.oc1..aaaaaaaao7mct2dugqn6ymsm2mncrthv2q2zcbh7emcgwmckswmaiboiargq",
                "created_by_work_request_id": "ocid1.clustersworkrequest.oc1.us-sanjose-1.aaaaaaaaxu3p4vz2rzx3ssasbpramtyugpizmvsvmd64clfz4w36fe4lq7qa",
                "deleted_by_user_id": "",
                "deleted_by_work_request_id": "",
                "time_created": "2023-05-17 20:46:41 +0000 UTC",
                "time_deleted": "",
                "time_updated": "",
                "updated_by_user_id": "",
                "updated_by_work_request_id": ""
              }
            ],
            "name": "oke-cluster-virtual-nodes",
            "options": [
              {
                "add_ons": [
                  {
                    "is_kubernetes_dashboard_enabled": false,
                    "is_tiller_enabled": false
                  }
                ],
                "admission_controller_options": [
                  {
                    "is_pod_security_policy_enabled": false
                  }
                ],
                "kubernetes_network_config": [
                  {
                    "pods_cidr": "10.244.0.0/16",
                    "services_cidr": "10.96.0.0/16"
                  }
                ],
                "persistent_volume_config": [
                  {
                    "defined_tags": {},
                    "freeform_tags": {
                      "OKEclusterName": "oke-cluster"
                    }
                  }
                ],
                "service_lb_config": [
                  {
                    "defined_tags": {},
                    "freeform_tags": {
                      "OKEclusterName": "oke-cluster"
                    }
                  }
                ],
                "service_lb_subnet_ids": [
                  "ocid1.subnet.oc1.us-sanjose-1.aaaaaaaann4poo7tahzskhwhheff6ozplueqzrag3s55dl3mmwuls4mczetq"
                ]
              }
            ],
            "state": "ACTIVE",
            "timeouts": null,
            "type": "ENHANCED_CLUSTER",
            "vcn_id": "ocid1.vcn.oc1.us-sanjose-1.amaaaaaanlc5nbyai2xkvgydefgm7qxg3xhux6krt63kzr6nvj6u6267uxmq"
          },
          "sensitive_attributes": [],
          "private": "eyJlMmJmYjczMC1lY2FhLTExZTYtOGY4OC0zNDM2M2JjN2M0YzAiOnsiY3JlYXRlIjozNjAwMDAwMDAwMDAwLCJkZWxldGUiOjM2MDAwMDAwMDAwMDAsInVwZGF0ZSI6MzYwMDAwMDAwMDAwMH19",
          "dependencies": [
            "oci_core_default_route_table.generated_oci_core_default_route_table",
            "oci_core_network_security_group.KubeAPI_server_security_group",
            "oci_core_subnet.kubernetes_api_endpoint_subnet",
            "oci_core_subnet.service_lb_subnet",
            "oci_core_vcn.generated_oci_core_vcn"
          ]
        }
      ]
    },
    {
      "mode": "managed",
      "type": "oci_containerengine_virtual_node_pool",
      "name": "create_node_pool_details0",
      "provider": "provider[\"registry.terraform.io/hashicorp/oci\"]",
      "instances": [
        {
          "schema_version": 0,
          "attributes": {
            "cluster_id": "ocid1.cluster.oc1.us-sanjose-1.aaaaaaaa3tdrbhb4hhq3pizlfcnawcewyadpmey3rsw5gky4lcuocvagzjwq",
            "compartment_id": "ocid1.compartment.oc1..aaaaaaaaucuuv3bavrptzr563nq5bpo55t7lk5p4zvr25n77i54jl2eykhbq",
            "defined_tags": {
              "Oracle-Tags.CreatedBy": "identitycloudservice/chiping.hwang@oracle.com",
              "Oracle-Tags.CreatedOn": "2023-05-17T20:57:59.621Z",
              "ops.CreatedBy": "identitycloudservice/chiping.hwang@oracle.com",
              "ops.CreationDate": "2023-05-17T20:57:59.621Z"
            },
            "display_name": "Oke_virtual_node",
            "freeform_tags": {
              "OKEnodePoolName": "pool1"
            },
            "id": "ocid1.virtualnodepool.oc1.us-sanjose-1.amaaaaaanlc5nbyaqn4gny3x5jyedlo5nzqg46uba3clxqqxqt563dkenn4q",
            "initial_virtual_node_labels": [],
            "kubernetes_version": "v1.25.4",
            "lifecycle_details": null,
            "nsg_ids": [
              "ocid1.networksecuritygroup.oc1.us-sanjose-1.aaaaaaaacowowbryctsgq47o7c66bknp6kngkvnafuad5wnfa6yrnxwbawjq"
            ],
            "placement_configurations": [
              {
                "availability_domain": "GrCh:US-SANJOSE-1-AD-1",
                "fault_domain": [
                  "FAULT-DOMAIN-1"
                ],
                "subnet_id": "ocid1.subnet.oc1.us-sanjose-1.aaaaaaaagru4a7cr2ixgzjgvs3bbajczwhclqum3yorabuewmr2nso3sjscq"
              }
            ],
            "pod_configuration": [
              {
                "nsg_ids": [
                  "ocid1.networksecuritygroup.oc1.us-sanjose-1.aaaaaaaahtkaacarsqiiweaqrddebcpzifjgsql6gqk5bv5kfx5cc2hu2gua"
                ],
                "shape": "Pod.Standard.E4.Flex",
                "subnet_id": "ocid1.subnet.oc1.us-sanjose-1.aaaaaaaakytqa63yzdbhjwcahfebs3477bpou5z2aihpibelmx5myi7p7utq"
              }
            ],
            "size": 3,
            "state": "ACTIVE",
            "system_tags": {},
            "taints": [],
            "time_created": "2023-05-17 20:57:59 +0000 UTC",
            "time_updated": "2023-05-17 20:57:59 +0000 UTC",
            "timeouts": null,
            "virtual_node_tags": [
              {
                "defined_tags": {},
                "freeform_tags": {}
              }
            ]
          },
          "sensitive_attributes": [],
          "private": "eyJlMmJmYjczMC1lY2FhLTExZTYtOGY4OC0zNDM2M2JjN2M0YzAiOnsiY3JlYXRlIjoxMjAwMDAwMDAwMDAwLCJkZWxldGUiOjEyMDAwMDAwMDAwMDAsInVwZGF0ZSI6MTIwMDAwMDAwMDAwMH19",
          "dependencies": [
            "data.oci_identity_availability_domains.ad",
            "data.oci_identity_fault_domains.fd",
            "oci_containerengine_cluster.generated_oci_containerengine_cluster",
            "oci_core_default_route_table.generated_oci_core_default_route_table",
            "oci_core_network_security_group.KubeAPI_server_security_group",
            "oci_core_network_security_group.pod_network_security_group",
            "oci_core_network_security_group.virtual_node_network_security_group",
            "oci_core_subnet.kubernetes_api_endpoint_subnet",
            "oci_core_subnet.node_subnet",
            "oci_core_subnet.pod_subnet",
            "oci_core_subnet.service_lb_subnet",
            "oci_core_vcn.generated_oci_core_vcn"
          ]
        }
      ]
    },
    {
      "mode": "managed",
      "type": "oci_core_default_route_table",
      "name": "generated_oci_core_default_route_table",
      "provider": "provider[\"registry.terraform.io/hashicorp/oci\"]",
      "instances": [
        {
          "schema_version": 0,
          "attributes": {
            "compartment_id": "ocid1.compartment.oc1..aaaaaaaaucuuv3bavrptzr563nq5bpo55t7lk5p4zvr25n77i54jl2eykhbq",
            "defined_tags": {
              "Oracle-Tags.CreatedBy": "identitycloudservice/chiping.hwang@oracle.com",
              "Oracle-Tags.CreatedOn": "2023-05-17T20:14:42.942Z",
              "ops.CreatedBy": "identitycloudservice/chiping.hwang@oracle.com",
              "ops.CreationDate": "2023-05-17T20:14:42.942Z"
            },
            "display_name": "oke-public-routetable",
            "freeform_tags": {},
            "id": "ocid1.routetable.oc1.us-sanjose-1.aaaaaaaab34qqyn4gxdrbzfo6odojqcmtacltu3n2bpnuofsyrgl6c4j5elq",
            "manage_default_resource_id": "ocid1.routetable.oc1.us-sanjose-1.aaaaaaaab34qqyn4gxdrbzfo6odojqcmtacltu3n2bpnuofsyrgl6c4j5elq",
            "route_rules": [
              {
                "cidr_block": "",
                "description": "traffic to/from internet",
                "destination": "0.0.0.0/0",
                "destination_type": "CIDR_BLOCK",
                "network_entity_id": "ocid1.internetgateway.oc1.us-sanjose-1.aaaaaaaa2cqea5xvznn6racu7twhjbhxm7rheftgjiyrnkyqx6gpbsjlb3iq",
                "route_type": ""
              }
            ],
            "state": "AVAILABLE",
            "time_created": "2023-05-17 20:14:43.04 +0000 UTC",
            "timeouts": null
          },
          "sensitive_attributes": [],
          "private": "eyJlMmJmYjczMC1lY2FhLTExZTYtOGY4OC0zNDM2M2JjN2M0YzAiOnsiY3JlYXRlIjoxMjAwMDAwMDAwMDAwLCJkZWxldGUiOjEyMDAwMDAwMDAwMDAsInVwZGF0ZSI6MTIwMDAwMDAwMDAwMH19",
          "dependencies": [
            "oci_core_internet_gateway.generated_oci_core_internet_gateway",
            "oci_core_vcn.generated_oci_core_vcn"
          ]
        }
      ]
    },
    {
      "mode": "managed",
      "type": "oci_core_internet_gateway",
      "name": "generated_oci_core_internet_gateway",
      "provider": "provider[\"registry.terraform.io/hashicorp/oci\"]",
      "instances": [
        {
          "schema_version": 0,
          "attributes": {
            "compartment_id": "ocid1.compartment.oc1..aaaaaaaaucuuv3bavrptzr563nq5bpo55t7lk5p4zvr25n77i54jl2eykhbq",
            "defined_tags": {
              "Oracle-Tags.CreatedBy": "identitycloudservice/chiping.hwang@oracle.com",
              "Oracle-Tags.CreatedOn": "2023-05-17T20:14:43.899Z",
              "ops.CreatedBy": "identitycloudservice/chiping.hwang@oracle.com",
              "ops.CreationDate": "2023-05-17T20:14:43.899Z"
            },
            "display_name": "oke-igw-cluster",
            "enabled": true,
            "freeform_tags": {},
            "id": "ocid1.internetgateway.oc1.us-sanjose-1.aaaaaaaa2cqea5xvznn6racu7twhjbhxm7rheftgjiyrnkyqx6gpbsjlb3iq",
            "route_table_id": null,
            "state": "AVAILABLE",
            "time_created": "2023-05-17 20:14:43.995 +0000 UTC",
            "timeouts": null,
            "vcn_id": "ocid1.vcn.oc1.us-sanjose-1.amaaaaaanlc5nbyai2xkvgydefgm7qxg3xhux6krt63kzr6nvj6u6267uxmq"
          },
          "sensitive_attributes": [],
          "private": "eyJlMmJmYjczMC1lY2FhLTExZTYtOGY4OC0zNDM2M2JjN2M0YzAiOnsiY3JlYXRlIjoxMjAwMDAwMDAwMDAwLCJkZWxldGUiOjEyMDAwMDAwMDAwMDAsInVwZGF0ZSI6MTIwMDAwMDAwMDAwMH19",
          "dependencies": [
            "oci_core_vcn.generated_oci_core_vcn"
          ]
        }
      ]
    },
    {
      "mode": "managed",
      "type": "oci_core_nat_gateway",
      "name": "generated_oci_core_nat_gateway",
      "provider": "provider[\"registry.terraform.io/hashicorp/oci\"]",
      "instances": [
        {
          "schema_version": 0,
          "attributes": {
            "block_traffic": false,
            "compartment_id": "ocid1.compartment.oc1..aaaaaaaaucuuv3bavrptzr563nq5bpo55t7lk5p4zvr25n77i54jl2eykhbq",
            "defined_tags": {
              "Oracle-Tags.CreatedBy": "identitycloudservice/chiping.hwang@oracle.com",
              "Oracle-Tags.CreatedOn": "2023-05-17T20:14:43.808Z",
              "ops.CreatedBy": "identitycloudservice/chiping.hwang@oracle.com",
              "ops.CreationDate": "2023-05-17T20:14:43.808Z"
            },
            "display_name": "oke-ngw-cluster",
            "freeform_tags": {},
            "id": "ocid1.natgateway.oc1.us-sanjose-1.aaaaaaaa5osox3loffb3edanxvo2nu2emmg5qbh6msno23yd7gpulxsfyo2a",
            "nat_ip": "155.248.209.254",
            "public_ip_id": "ocid1.publicip.oc1.us-sanjose-1.aaaaaaaagn7i5fulfdvn6ul3oh4qpqe54z7og4tlnwjiy6lxbh54o4itnuua",
            "route_table_id": null,
            "state": "AVAILABLE",
            "time_created": "2023-05-17 20:14:44.183 +0000 UTC",
            "timeouts": null,
            "vcn_id": "ocid1.vcn.oc1.us-sanjose-1.amaaaaaanlc5nbyai2xkvgydefgm7qxg3xhux6krt63kzr6nvj6u6267uxmq"
          },
          "sensitive_attributes": [],
          "private": "eyJlMmJmYjczMC1lY2FhLTExZTYtOGY4OC0zNDM2M2JjN2M0YzAiOnsiY3JlYXRlIjoxMjAwMDAwMDAwMDAwLCJkZWxldGUiOjEyMDAwMDAwMDAwMDAsInVwZGF0ZSI6MTIwMDAwMDAwMDAwMH19",
          "dependencies": [
            "oci_core_vcn.generated_oci_core_vcn"
          ]
        }
      ]
    },
    {
      "mode": "managed",
      "type": "oci_core_network_security_group",
      "name": "KubeAPI_server_security_group",
      "provider": "provider[\"registry.terraform.io/hashicorp/oci\"]",
      "instances": [
        {
          "schema_version": 0,
          "attributes": {
            "compartment_id": "ocid1.compartment.oc1..aaaaaaaaucuuv3bavrptzr563nq5bpo55t7lk5p4zvr25n77i54jl2eykhbq",
            "defined_tags": {
              "Oracle-Tags.CreatedBy": "identitycloudservice/chiping.hwang@oracle.com",
              "Oracle-Tags.CreatedOn": "2023-05-17T20:14:43.956Z",
              "ops.CreatedBy": "identitycloudservice/chiping.hwang@oracle.com",
              "ops.CreationDate": "2023-05-17T20:14:43.956Z"
            },
            "display_name": "kubeAPI_Server_security_group",
            "freeform_tags": {},
            "id": "ocid1.networksecuritygroup.oc1.us-sanjose-1.aaaaaaaaxjc2jhnb5sndsguj3hh65pznsmox4ybkh5mbfh6rugrrred4xgnq",
            "state": "AVAILABLE",
            "time_created": "2023-05-17 20:14:44.166 +0000 UTC",
            "timeouts": null,
            "vcn_id": "ocid1.vcn.oc1.us-sanjose-1.amaaaaaanlc5nbyai2xkvgydefgm7qxg3xhux6krt63kzr6nvj6u6267uxmq"
          },
          "sensitive_attributes": [],
          "private": "eyJlMmJmYjczMC1lY2FhLTExZTYtOGY4OC0zNDM2M2JjN2M0YzAiOnsiY3JlYXRlIjoxMjAwMDAwMDAwMDAwLCJkZWxldGUiOjEyMDAwMDAwMDAwMDAsInVwZGF0ZSI6MTIwMDAwMDAwMDAwMH19",
          "dependencies": [
            "oci_core_vcn.generated_oci_core_vcn"
          ]
        }
      ]
    },
    {
      "mode": "managed",
      "type": "oci_core_network_security_group",
      "name": "ingress_controller",
      "provider": "provider[\"registry.terraform.io/hashicorp/oci\"]",
      "instances": [
        {
          "schema_version": 0,
          "attributes": {
            "compartment_id": "ocid1.compartment.oc1..aaaaaaaaucuuv3bavrptzr563nq5bpo55t7lk5p4zvr25n77i54jl2eykhbq",
            "defined_tags": {
              "Oracle-Tags.CreatedBy": "identitycloudservice/chiping.hwang@oracle.com",
              "Oracle-Tags.CreatedOn": "2023-05-17T20:14:43.864Z",
              "ops.CreatedBy": "identitycloudservice/chiping.hwang@oracle.com",
              "ops.CreationDate": "2023-05-17T20:14:43.864Z"
            },
            "display_name": "Ingress_controller_security_group",
            "freeform_tags": {},
            "id": "ocid1.networksecuritygroup.oc1.us-sanjose-1.aaaaaaaak4inedjofe2iubancwgfdxbezxxqx2md2bpk2qhm42qjlanwrrqa",
            "state": "AVAILABLE",
            "time_created": "2023-05-17 20:14:43.997 +0000 UTC",
            "timeouts": null,
            "vcn_id": "ocid1.vcn.oc1.us-sanjose-1.amaaaaaanlc5nbyai2xkvgydefgm7qxg3xhux6krt63kzr6nvj6u6267uxmq"
          },
          "sensitive_attributes": [],
          "private": "eyJlMmJmYjczMC1lY2FhLTExZTYtOGY4OC0zNDM2M2JjN2M0YzAiOnsiY3JlYXRlIjoxMjAwMDAwMDAwMDAwLCJkZWxldGUiOjEyMDAwMDAwMDAwMDAsInVwZGF0ZSI6MTIwMDAwMDAwMDAwMH19",
          "dependencies": [
            "oci_core_vcn.generated_oci_core_vcn"
          ]
        }
      ]
    },
    {
      "mode": "managed",
      "type": "oci_core_network_security_group",
      "name": "pod_network_security_group",
      "provider": "provider[\"registry.terraform.io/hashicorp/oci\"]",
      "instances": [
        {
          "schema_version": 0,
          "attributes": {
            "compartment_id": "ocid1.compartment.oc1..aaaaaaaaucuuv3bavrptzr563nq5bpo55t7lk5p4zvr25n77i54jl2eykhbq",
            "defined_tags": {
              "Oracle-Tags.CreatedBy": "identitycloudservice/chiping.hwang@oracle.com",
              "Oracle-Tags.CreatedOn": "2023-05-17T20:14:43.890Z",
              "ops.CreatedBy": "identitycloudservice/chiping.hwang@oracle.com",
              "ops.CreationDate": "2023-05-17T20:14:43.890Z"
            },
            "display_name": "pod_network_security_group",
            "freeform_tags": {},
            "id": "ocid1.networksecuritygroup.oc1.us-sanjose-1.aaaaaaaahtkaacarsqiiweaqrddebcpzifjgsql6gqk5bv5kfx5cc2hu2gua",
            "state": "AVAILABLE",
            "time_created": "2023-05-17 20:14:44.026 +0000 UTC",
            "timeouts": null,
            "vcn_id": "ocid1.vcn.oc1.us-sanjose-1.amaaaaaanlc5nbyai2xkvgydefgm7qxg3xhux6krt63kzr6nvj6u6267uxmq"
          },
          "sensitive_attributes": [],
          "private": "eyJlMmJmYjczMC1lY2FhLTExZTYtOGY4OC0zNDM2M2JjN2M0YzAiOnsiY3JlYXRlIjoxMjAwMDAwMDAwMDAwLCJkZWxldGUiOjEyMDAwMDAwMDAwMDAsInVwZGF0ZSI6MTIwMDAwMDAwMDAwMH19",
          "dependencies": [
            "oci_core_vcn.generated_oci_core_vcn"
          ]
        }
      ]
    },
    {
      "mode": "managed",
      "type": "oci_core_network_security_group",
      "name": "virtual_node_network_security_group",
      "provider": "provider[\"registry.terraform.io/hashicorp/oci\"]",
      "instances": [
        {
          "schema_version": 0,
          "attributes": {
            "compartment_id": "ocid1.compartment.oc1..aaaaaaaaucuuv3bavrptzr563nq5bpo55t7lk5p4zvr25n77i54jl2eykhbq",
            "defined_tags": {
              "Oracle-Tags.CreatedBy": "identitycloudservice/chiping.hwang@oracle.com",
              "Oracle-Tags.CreatedOn": "2023-05-17T20:14:43.878Z",
              "ops.CreatedBy": "identitycloudservice/chiping.hwang@oracle.com",
              "ops.CreationDate": "2023-05-17T20:14:43.878Z"
            },
            "display_name": "Virtual_node_security_group",
            "freeform_tags": {},
            "id": "ocid1.networksecuritygroup.oc1.us-sanjose-1.aaaaaaaacowowbryctsgq47o7c66bknp6kngkvnafuad5wnfa6yrnxwbawjq",
            "state": "AVAILABLE",
            "time_created": "2023-05-17 20:14:44.003 +0000 UTC",
            "timeouts": null,
            "vcn_id": "ocid1.vcn.oc1.us-sanjose-1.amaaaaaanlc5nbyai2xkvgydefgm7qxg3xhux6krt63kzr6nvj6u6267uxmq"
          },
          "sensitive_attributes": [],
          "private": "eyJlMmJmYjczMC1lY2FhLTExZTYtOGY4OC0zNDM2M2JjN2M0YzAiOnsiY3JlYXRlIjoxMjAwMDAwMDAwMDAwLCJkZWxldGUiOjEyMDAwMDAwMDAwMDAsInVwZGF0ZSI6MTIwMDAwMDAwMDAwMH19",
          "dependencies": [
            "oci_core_vcn.generated_oci_core_vcn"
          ]
        }
      ]
    },
    {
      "mode": "managed",
      "type": "oci_core_network_security_group_security_rule",
      "name": "OCI_Services",
      "provider": "provider[\"registry.terraform.io/hashicorp/oci\"]",
      "instances": [
        {
          "schema_version": 0,
          "attributes": {
            "description": "allow virtual network all protocols to OCI services",
            "destination": "all-sjc-services-in-oracle-services-network",
            "destination_type": "SERVICE_CIDR_BLOCK",
            "direction": "EGRESS",
            "icmp_options": [],
            "id": "6102A1",
            "is_valid": true,
            "network_security_group_id": "ocid1.networksecuritygroup.oc1.us-sanjose-1.aaaaaaaacowowbryctsgq47o7c66bknp6kngkvnafuad5wnfa6yrnxwbawjq",
            "protocol": "all",
            "source": null,
            "source_type": "",
            "stateless": false,
            "tcp_options": [],
            "time_created": "2023-05-17 20:14:44.575 +0000 UTC",
            "timeouts": null,
            "udp_options": []
          },
          "sensitive_attributes": [],
          "private": "eyJlMmJmYjczMC1lY2FhLTExZTYtOGY4OC0zNDM2M2JjN2M0YzAiOnsiY3JlYXRlIjoxMjAwMDAwMDAwMDAwLCJkZWxldGUiOjEyMDAwMDAwMDAwMDAsInVwZGF0ZSI6MTIwMDAwMDAwMDAwMH19",
          "dependencies": [
            "data.oci_core_services.all_oci_services",
            "oci_core_network_security_group.virtual_node_network_security_group"
          ]
        }
      ]
    },
    {
      "mode": "managed",
      "type": "oci_core_network_security_group_security_rule",
      "name": "TCP443_ingress",
      "provider": "provider[\"registry.terraform.io/hashicorp/oci\"]",
      "instances": [
        {
          "schema_version": 0,
          "attributes": {
            "description": "allow 443 to Ingress",
            "destination": null,
            "destination_type": "",
            "direction": "INGRESS",
            "icmp_options": [],
            "id": "E69E8F",
            "is_valid": true,
            "network_security_group_id": "ocid1.networksecuritygroup.oc1.us-sanjose-1.aaaaaaaak4inedjofe2iubancwgfdxbezxxqx2md2bpk2qhm42qjlanwrrqa",
            "protocol": "6",
            "source": "0.0.0.0/0",
            "source_type": "CIDR_BLOCK",
            "stateless": false,
            "tcp_options": [
              {
                "destination_port_range": [
                  {
                    "max": 443,
                    "min": 443
                  }
                ],
                "source_port_range": []
              }
            ],
            "time_created": "2023-05-17 20:14:46.196 +0000 UTC",
            "timeouts": null,
            "udp_options": []
          },
          "sensitive_attributes": [],
          "private": "eyJlMmJmYjczMC1lY2FhLTExZTYtOGY4OC0zNDM2M2JjN2M0YzAiOnsiY3JlYXRlIjoxMjAwMDAwMDAwMDAwLCJkZWxldGUiOjEyMDAwMDAwMDAwMDAsInVwZGF0ZSI6MTIwMDAwMDAwMDAwMH19",
          "dependencies": [
            "oci_core_network_security_group.ingress_controller",
            "oci_core_vcn.generated_oci_core_vcn"
          ]
        }
      ]
    },
    {
      "mode": "managed",
      "type": "oci_core_network_security_group_security_rule",
      "name": "TCP8080_ingress",
      "provider": "provider[\"registry.terraform.io/hashicorp/oci\"]",
      "instances": [
        {
          "schema_version": 0,
          "attributes": {
            "description": "allow 8080 to Ingress",
            "destination": null,
            "destination_type": "",
            "direction": "INGRESS",
            "icmp_options": [],
            "id": "5F532C",
            "is_valid": true,
            "network_security_group_id": "ocid1.networksecuritygroup.oc1.us-sanjose-1.aaaaaaaak4inedjofe2iubancwgfdxbezxxqx2md2bpk2qhm42qjlanwrrqa",
            "protocol": "6",
            "source": "0.0.0.0/0",
            "source_type": "CIDR_BLOCK",
            "stateless": false,
            "tcp_options": [
              {
                "destination_port_range": [
                  {
                    "max": 8080,
                    "min": 8080
                  }
                ],
                "source_port_range": []
              }
            ],
            "time_created": "2023-05-17 20:35:31.382 +0000 UTC",
            "timeouts": null,
            "udp_options": []
          },
          "sensitive_attributes": [],
          "private": "eyJlMmJmYjczMC1lY2FhLTExZTYtOGY4OC0zNDM2M2JjN2M0YzAiOnsiY3JlYXRlIjoxMjAwMDAwMDAwMDAwLCJkZWxldGUiOjEyMDAwMDAwMDAwMDAsInVwZGF0ZSI6MTIwMDAwMDAwMDAwMH19",
          "dependencies": [
            "oci_core_network_security_group.ingress_controller"
          ]
        }
      ]
    },
    {
      "mode": "managed",
      "type": "oci_core_network_security_group_security_rule",
      "name": "TCP80_ingress",
      "provider": "provider[\"registry.terraform.io/hashicorp/oci\"]",
      "instances": [
        {
          "schema_version": 0,
          "attributes": {
            "description": "allow TCP 80 to Ingress",
            "destination": null,
            "destination_type": "",
            "direction": "INGRESS",
            "icmp_options": [],
            "id": "CB9999",
            "is_valid": true,
            "network_security_group_id": "ocid1.networksecuritygroup.oc1.us-sanjose-1.aaaaaaaak4inedjofe2iubancwgfdxbezxxqx2md2bpk2qhm42qjlanwrrqa",
            "protocol": "6",
            "source": "0.0.0.0/0",
            "source_type": "CIDR_BLOCK",
            "stateless": false,
            "tcp_options": [
              {
                "destination_port_range": [
                  {
                    "max": 80,
                    "min": 80
                  }
                ],
                "source_port_range": []
              }
            ],
            "time_created": "2023-05-17 20:14:51.147 +0000 UTC",
            "timeouts": null,
            "udp_options": []
          },
          "sensitive_attributes": [],
          "private": "eyJlMmJmYjczMC1lY2FhLTExZTYtOGY4OC0zNDM2M2JjN2M0YzAiOnsiY3JlYXRlIjoxMjAwMDAwMDAwMDAwLCJkZWxldGUiOjEyMDAwMDAwMDAwMDAsInVwZGF0ZSI6MTIwMDAwMDAwMDAwMH19",
          "dependencies": [
            "oci_core_network_security_group.ingress_controller",
            "oci_core_vcn.generated_oci_core_vcn"
          ]
        }
      ]
    },
    {
      "mode": "managed",
      "type": "oci_core_network_security_group_security_rule",
      "name": "api_network_pod_network",
      "provider": "provider[\"registry.terraform.io/hashicorp/oci\"]",
      "instances": [
        {
          "schema_version": 0,
          "attributes": {
            "description": "allow all from Kubernetes API network to POD",
            "destination": null,
            "destination_type": "",
            "direction": "INGRESS",
            "icmp_options": [],
            "id": "5A6D1E",
            "is_valid": true,
            "network_security_group_id": "ocid1.networksecuritygroup.oc1.us-sanjose-1.aaaaaaaahtkaacarsqiiweaqrddebcpzifjgsql6gqk5bv5kfx5cc2hu2gua",
            "protocol": "all",
            "source": "ocid1.networksecuritygroup.oc1.us-sanjose-1.aaaaaaaaxjc2jhnb5sndsguj3hh65pznsmox4ybkh5mbfh6rugrrred4xgnq",
            "source_type": "NETWORK_SECURITY_GROUP",
            "stateless": false,
            "tcp_options": [],
            "time_created": "2023-05-17 20:14:44.797 +0000 UTC",
            "timeouts": null,
            "udp_options": []
          },
          "sensitive_attributes": [],
          "private": "eyJlMmJmYjczMC1lY2FhLTExZTYtOGY4OC0zNDM2M2JjN2M0YzAiOnsiY3JlYXRlIjoxMjAwMDAwMDAwMDAwLCJkZWxldGUiOjEyMDAwMDAwMDAwMDAsInVwZGF0ZSI6MTIwMDAwMDAwMDAwMH19",
          "dependencies": [
            "oci_core_network_security_group.KubeAPI_server_security_group",
            "oci_core_network_security_group.pod_network_security_group"
          ]
        }
      ]
    },
    {
      "mode": "managed",
      "type": "oci_core_network_security_group_security_rule",
      "name": "api_network_virtual_network1",
      "provider": "provider[\"registry.terraform.io/hashicorp/oci\"]",
      "instances": [
        {
          "schema_version": 0,
          "attributes": {
            "description": "api server to virtual network keep alive ",
            "destination": null,
            "destination_type": "",
            "direction": "INGRESS",
            "icmp_options": [],
            "id": "B0E5CA",
            "is_valid": true,
            "network_security_group_id": "ocid1.networksecuritygroup.oc1.us-sanjose-1.aaaaaaaacowowbryctsgq47o7c66bknp6kngkvnafuad5wnfa6yrnxwbawjq",
            "protocol": "6",
            "source": "ocid1.networksecuritygroup.oc1.us-sanjose-1.aaaaaaaaxjc2jhnb5sndsguj3hh65pznsmox4ybkh5mbfh6rugrrred4xgnq",
            "source_type": "NETWORK_SECURITY_GROUP",
            "stateless": false,
            "tcp_options": [
              {
                "destination_port_range": [
                  {
                    "max": 10250,
                    "min": 10250
                  }
                ],
                "source_port_range": []
              }
            ],
            "time_created": "2023-05-17 20:14:44.959 +0000 UTC",
            "timeouts": null,
            "udp_options": []
          },
          "sensitive_attributes": [],
          "private": "eyJlMmJmYjczMC1lY2FhLTExZTYtOGY4OC0zNDM2M2JjN2M0YzAiOnsiY3JlYXRlIjoxMjAwMDAwMDAwMDAwLCJkZWxldGUiOjEyMDAwMDAwMDAwMDAsInVwZGF0ZSI6MTIwMDAwMDAwMDAwMH19",
          "dependencies": [
            "oci_core_network_security_group.KubeAPI_server_security_group",
            "oci_core_network_security_group.virtual_node_network_security_group"
          ]
        }
      ]
    },
    {
      "mode": "managed",
      "type": "oci_core_network_security_group_security_rule",
      "name": "api_network_virtual_network_icmp",
      "provider": "provider[\"registry.terraform.io/hashicorp/oci\"]",
      "instances": [
        {
          "schema_version": 0,
          "attributes": {
            "description": "allow  API Network to virtual network icmp",
            "destination": null,
            "destination_type": "",
            "direction": "INGRESS",
            "icmp_options": [],
            "id": "408B9D",
            "is_valid": true,
            "network_security_group_id": "ocid1.networksecuritygroup.oc1.us-sanjose-1.aaaaaaaacowowbryctsgq47o7c66bknp6kngkvnafuad5wnfa6yrnxwbawjq",
            "protocol": "1",
            "source": "ocid1.networksecuritygroup.oc1.us-sanjose-1.aaaaaaaaxjc2jhnb5sndsguj3hh65pznsmox4ybkh5mbfh6rugrrred4xgnq",
            "source_type": "NETWORK_SECURITY_GROUP",
            "stateless": false,
            "tcp_options": [],
            "time_created": "2023-05-17 20:14:45.192 +0000 UTC",
            "timeouts": null,
            "udp_options": []
          },
          "sensitive_attributes": [],
          "private": "eyJlMmJmYjczMC1lY2FhLTExZTYtOGY4OC0zNDM2M2JjN2M0YzAiOnsiY3JlYXRlIjoxMjAwMDAwMDAwMDAwLCJkZWxldGUiOjEyMDAwMDAwMDAwMDAsInVwZGF0ZSI6MTIwMDAwMDAwMDAwMH19",
          "dependencies": [
            "oci_core_network_security_group.KubeAPI_server_security_group",
            "oci_core_network_security_group.virtual_node_network_security_group"
          ]
        }
      ]
    },
    {
      "mode": "managed",
      "type": "oci_core_network_security_group_security_rule",
      "name": "ingress_to_pod1",
      "provider": "provider[\"registry.terraform.io/hashicorp/oci\"]",
      "instances": [
        {
          "schema_version": 0,
          "attributes": {
            "description": "allow 10250 to Node Network",
            "destination": "ocid1.networksecuritygroup.oc1.us-sanjose-1.aaaaaaaahtkaacarsqiiweaqrddebcpzifjgsql6gqk5bv5kfx5cc2hu2gua",
            "destination_type": "NETWORK_SECURITY_GROUP",
            "direction": "EGRESS",
            "icmp_options": [],
            "id": "5625D2",
            "is_valid": true,
            "network_security_group_id": "ocid1.networksecuritygroup.oc1.us-sanjose-1.aaaaaaaak4inedjofe2iubancwgfdxbezxxqx2md2bpk2qhm42qjlanwrrqa",
            "protocol": "6",
            "source": null,
            "source_type": "",
            "stateless": false,
            "tcp_options": [
              {
                "destination_port_range": [
                  {
                    "max": 32767,
                    "min": 30000
                  }
                ],
                "source_port_range": []
              }
            ],
            "time_created": "2023-05-17 20:14:47.522 +0000 UTC",
            "timeouts": null,
            "udp_options": []
          },
          "sensitive_attributes": [],
          "private": "eyJlMmJmYjczMC1lY2FhLTExZTYtOGY4OC0zNDM2M2JjN2M0YzAiOnsiY3JlYXRlIjoxMjAwMDAwMDAwMDAwLCJkZWxldGUiOjEyMDAwMDAwMDAwMDAsInVwZGF0ZSI6MTIwMDAwMDAwMDAwMH19",
          "dependencies": [
            "oci_core_network_security_group.ingress_controller",
            "oci_core_network_security_group.pod_network_security_group",
            "oci_core_vcn.generated_oci_core_vcn"
          ]
        }
      ]
    },
    {
      "mode": "managed",
      "type": "oci_core_network_security_group_security_rule",
      "name": "ingress_to_pod2",
      "provider": "provider[\"registry.terraform.io/hashicorp/oci\"]",
      "instances": [
        {
          "schema_version": 0,
          "attributes": {
            "description": "allow 10256 to Node Network",
            "destination": "ocid1.networksecuritygroup.oc1.us-sanjose-1.aaaaaaaahtkaacarsqiiweaqrddebcpzifjgsql6gqk5bv5kfx5cc2hu2gua",
            "destination_type": "NETWORK_SECURITY_GROUP",
            "direction": "EGRESS",
            "icmp_options": [],
            "id": "EA908D",
            "is_valid": true,
            "network_security_group_id": "ocid1.networksecuritygroup.oc1.us-sanjose-1.aaaaaaaak4inedjofe2iubancwgfdxbezxxqx2md2bpk2qhm42qjlanwrrqa",
            "protocol": "6",
            "source": null,
            "source_type": "",
            "stateless": false,
            "tcp_options": [
              {
                "destination_port_range": [
                  {
                    "max": 10256,
                    "min": 10256
                  }
                ],
                "source_port_range": []
              }
            ],
            "time_created": "2023-05-17 20:14:46.409 +0000 UTC",
            "timeouts": null,
            "udp_options": []
          },
          "sensitive_attributes": [],
          "private": "eyJlMmJmYjczMC1lY2FhLTExZTYtOGY4OC0zNDM2M2JjN2M0YzAiOnsiY3JlYXRlIjoxMjAwMDAwMDAwMDAwLCJkZWxldGUiOjEyMDAwMDAwMDAwMDAsInVwZGF0ZSI6MTIwMDAwMDAwMDAwMH19",
          "dependencies": [
            "oci_core_network_security_group.ingress_controller",
            "oci_core_network_security_group.pod_network_security_group",
            "oci_core_vcn.generated_oci_core_vcn"
          ]
        }
      ]
    },
    {
      "mode": "managed",
      "type": "oci_core_network_security_group_security_rule",
      "name": "kubeAPI_server_Node_10250",
      "provider": "provider[\"registry.terraform.io/hashicorp/oci\"]",
      "instances": [
        {
          "schema_version": 0,
          "attributes": {
            "description": "allow 10250 to Node Network",
            "destination": "ocid1.networksecuritygroup.oc1.us-sanjose-1.aaaaaaaacowowbryctsgq47o7c66bknp6kngkvnafuad5wnfa6yrnxwbawjq",
            "destination_type": "NETWORK_SECURITY_GROUP",
            "direction": "EGRESS",
            "icmp_options": [],
            "id": "D96FAF",
            "is_valid": true,
            "network_security_group_id": "ocid1.networksecuritygroup.oc1.us-sanjose-1.aaaaaaaaxjc2jhnb5sndsguj3hh65pznsmox4ybkh5mbfh6rugrrred4xgnq",
            "protocol": "6",
            "source": null,
            "source_type": "",
            "stateless": false,
            "tcp_options": [
              {
                "destination_port_range": [
                  {
                    "max": 10250,
                    "min": 10250
                  }
                ],
                "source_port_range": []
              }
            ],
            "time_created": "2023-05-17 20:14:46.264 +0000 UTC",
            "timeouts": null,
            "udp_options": []
          },
          "sensitive_attributes": [],
          "private": "eyJlMmJmYjczMC1lY2FhLTExZTYtOGY4OC0zNDM2M2JjN2M0YzAiOnsiY3JlYXRlIjoxMjAwMDAwMDAwMDAwLCJkZWxldGUiOjEyMDAwMDAwMDAwMDAsInVwZGF0ZSI6MTIwMDAwMDAwMDAwMH19",
          "dependencies": [
            "oci_core_network_security_group.KubeAPI_server_security_group",
            "oci_core_network_security_group.virtual_node_network_security_group",
            "oci_core_vcn.generated_oci_core_vcn"
          ]
        }
      ]
    },
    {
      "mode": "managed",
      "type": "oci_core_network_security_group_security_rule",
      "name": "kubeAPI_server_POD_ALL",
      "provider": "provider[\"registry.terraform.io/hashicorp/oci\"]",
      "instances": [
        {
          "schema_version": 0,
          "attributes": {
            "description": "allow all to POD Network",
            "destination": "ocid1.networksecuritygroup.oc1.us-sanjose-1.aaaaaaaahtkaacarsqiiweaqrddebcpzifjgsql6gqk5bv5kfx5cc2hu2gua",
            "destination_type": "NETWORK_SECURITY_GROUP",
            "direction": "EGRESS",
            "icmp_options": [],
            "id": "6546BC",
            "is_valid": true,
            "network_security_group_id": "ocid1.networksecuritygroup.oc1.us-sanjose-1.aaaaaaaaxjc2jhnb5sndsguj3hh65pznsmox4ybkh5mbfh6rugrrred4xgnq",
            "protocol": "6",
            "source": null,
            "source_type": "",
            "stateless": false,
            "tcp_options": [],
            "time_created": "2023-05-17 20:14:45.472 +0000 UTC",
            "timeouts": null,
            "udp_options": []
          },
          "sensitive_attributes": [],
          "private": "eyJlMmJmYjczMC1lY2FhLTExZTYtOGY4OC0zNDM2M2JjN2M0YzAiOnsiY3JlYXRlIjoxMjAwMDAwMDAwMDAwLCJkZWxldGUiOjEyMDAwMDAwMDAwMDAsInVwZGF0ZSI6MTIwMDAwMDAwMDAwMH19",
          "dependencies": [
            "oci_core_network_security_group.KubeAPI_server_security_group",
            "oci_core_network_security_group.pod_network_security_group",
            "oci_core_vcn.generated_oci_core_vcn"
          ]
        }
      ]
    },
    {
      "mode": "managed",
      "type": "oci_core_network_security_group_security_rule",
      "name": "kubeAPI_server_ingress_TCP_6443",
      "provider": "provider[\"registry.terraform.io/hashicorp/oci\"]",
      "instances": [
        {
          "schema_version": 0,
          "attributes": {
            "description": "allow all IPs to kube API server ingress on TCP 6443",
            "destination": null,
            "destination_type": "",
            "direction": "INGRESS",
            "icmp_options": [],
            "id": "A30E95",
            "is_valid": true,
            "network_security_group_id": "ocid1.networksecuritygroup.oc1.us-sanjose-1.aaaaaaaaxjc2jhnb5sndsguj3hh65pznsmox4ybkh5mbfh6rugrrred4xgnq",
            "protocol": "6",
            "source": "0.0.0.0/0",
            "source_type": "CIDR_BLOCK",
            "stateless": false,
            "tcp_options": [
              {
                "destination_port_range": [
                  {
                    "max": 6443,
                    "min": 6443
                  }
                ],
                "source_port_range": []
              }
            ],
            "time_created": "2023-05-17 20:14:44.968 +0000 UTC",
            "timeouts": null,
            "udp_options": []
          },
          "sensitive_attributes": [],
          "private": "eyJlMmJmYjczMC1lY2FhLTExZTYtOGY4OC0zNDM2M2JjN2M0YzAiOnsiY3JlYXRlIjoxMjAwMDAwMDAwMDAwLCJkZWxldGUiOjEyMDAwMDAwMDAwMDAsInVwZGF0ZSI6MTIwMDAwMDAwMDAwMH19",
          "dependencies": [
            "oci_core_network_security_group.KubeAPI_server_security_group"
          ]
        }
      ]
    },
    {
      "mode": "managed",
      "type": "oci_core_network_security_group_security_rule",
      "name": "kubeAPI_server_ingress_TCP_6443_node",
      "provider": "provider[\"registry.terraform.io/hashicorp/oci\"]",
      "instances": [
        {
          "schema_version": 0,
          "attributes": {
            "description": "allow virtual network to KubeAPI ingress on TCP 6443",
            "destination": null,
            "destination_type": "",
            "direction": "INGRESS",
            "icmp_options": [],
            "id": "BB599B",
            "is_valid": true,
            "network_security_group_id": "ocid1.networksecuritygroup.oc1.us-sanjose-1.aaaaaaaaxjc2jhnb5sndsguj3hh65pznsmox4ybkh5mbfh6rugrrred4xgnq",
            "protocol": "6",
            "source": "ocid1.networksecuritygroup.oc1.us-sanjose-1.aaaaaaaacowowbryctsgq47o7c66bknp6kngkvnafuad5wnfa6yrnxwbawjq",
            "source_type": "NETWORK_SECURITY_GROUP",
            "stateless": false,
            "tcp_options": [
              {
                "destination_port_range": [
                  {
                    "max": 6443,
                    "min": 6443
                  }
                ],
                "source_port_range": []
              }
            ],
            "time_created": "2023-05-17 20:14:45.915 +0000 UTC",
            "timeouts": null,
            "udp_options": []
          },
          "sensitive_attributes": [],
          "private": "eyJlMmJmYjczMC1lY2FhLTExZTYtOGY4OC0zNDM2M2JjN2M0YzAiOnsiY3JlYXRlIjoxMjAwMDAwMDAwMDAwLCJkZWxldGUiOjEyMDAwMDAwMDAwMDAsInVwZGF0ZSI6MTIwMDAwMDAwMDAwMH19",
          "dependencies": [
            "oci_core_network_security_group.KubeAPI_server_security_group",
            "oci_core_network_security_group.virtual_node_network_security_group"
          ]
        }
      ]
    },
    {
      "mode": "managed",
      "type": "oci_core_network_security_group_security_rule",
      "name": "kubeAPI_server_ingress_TCP_6443_pod",
      "provider": "provider[\"registry.terraform.io/hashicorp/oci\"]",
      "instances": [
        {
          "schema_version": 0,
          "attributes": {
            "description": "allow pod network to KubeAPI ingress on TCP 6443",
            "destination": null,
            "destination_type": "",
            "direction": "INGRESS",
            "icmp_options": [],
            "id": "CBAE54",
            "is_valid": true,
            "network_security_group_id": "ocid1.networksecuritygroup.oc1.us-sanjose-1.aaaaaaaaxjc2jhnb5sndsguj3hh65pznsmox4ybkh5mbfh6rugrrred4xgnq",
            "protocol": "6",
            "source": "ocid1.networksecuritygroup.oc1.us-sanjose-1.aaaaaaaahtkaacarsqiiweaqrddebcpzifjgsql6gqk5bv5kfx5cc2hu2gua",
            "source_type": "NETWORK_SECURITY_GROUP",
            "stateless": false,
            "tcp_options": [
              {
                "destination_port_range": [
                  {
                    "max": 6443,
                    "min": 6443
                  }
                ],
                "source_port_range": []
              }
            ],
            "time_created": "2023-05-17 20:14:45.275 +0000 UTC",
            "timeouts": null,
            "udp_options": []
          },
          "sensitive_attributes": [],
          "private": "eyJlMmJmYjczMC1lY2FhLTExZTYtOGY4OC0zNDM2M2JjN2M0YzAiOnsiY3JlYXRlIjoxMjAwMDAwMDAwMDAwLCJkZWxldGUiOjEyMDAwMDAwMDAwMDAsInVwZGF0ZSI6MTIwMDAwMDAwMDAwMH19",
          "dependencies": [
            "oci_core_network_security_group.KubeAPI_server_security_group",
            "oci_core_network_security_group.pod_network_security_group"
          ]
        }
      ]
    },
    {
      "mode": "managed",
      "type": "oci_core_network_security_group_security_rule",
      "name": "kubeAPI_server_node_12250",
      "provider": "provider[\"registry.terraform.io/hashicorp/oci\"]",
      "instances": [
        {
          "schema_version": 0,
          "attributes": {
            "description": "allow node security group TCP 12250",
            "destination": null,
            "destination_type": "",
            "direction": "INGRESS",
            "icmp_options": [],
            "id": "C37B4E",
            "is_valid": true,
            "network_security_group_id": "ocid1.networksecuritygroup.oc1.us-sanjose-1.aaaaaaaaxjc2jhnb5sndsguj3hh65pznsmox4ybkh5mbfh6rugrrred4xgnq",
            "protocol": "6",
            "source": "ocid1.networksecuritygroup.oc1.us-sanjose-1.aaaaaaaacowowbryctsgq47o7c66bknp6kngkvnafuad5wnfa6yrnxwbawjq",
            "source_type": "NETWORK_SECURITY_GROUP",
            "stateless": false,
            "tcp_options": [
              {
                "destination_port_range": [
                  {
                    "max": 12250,
                    "min": 12250
                  }
                ],
                "source_port_range": []
              }
            ],
            "time_created": "2023-05-17 20:14:45.743 +0000 UTC",
            "timeouts": null,
            "udp_options": []
          },
          "sensitive_attributes": [],
          "private": "eyJlMmJmYjczMC1lY2FhLTExZTYtOGY4OC0zNDM2M2JjN2M0YzAiOnsiY3JlYXRlIjoxMjAwMDAwMDAwMDAwLCJkZWxldGUiOjEyMDAwMDAwMDAwMDAsInVwZGF0ZSI6MTIwMDAwMDAwMDAwMH19",
          "dependencies": [
            "oci_core_network_security_group.KubeAPI_server_security_group",
            "oci_core_network_security_group.virtual_node_network_security_group",
            "oci_core_vcn.generated_oci_core_vcn"
          ]
        }
      ]
    },
    {
      "mode": "managed",
      "type": "oci_core_network_security_group_security_rule",
      "name": "kubeAPI_server_node_12250_icmp_node",
      "provider": "provider[\"registry.terraform.io/hashicorp/oci\"]",
      "instances": [
        {
          "schema_version": 0,
          "attributes": {
            "description": "allow node security group ICMP",
            "destination": null,
            "destination_type": "",
            "direction": "INGRESS",
            "icmp_options": [],
            "id": "5C5BF8",
            "is_valid": true,
            "network_security_group_id": "ocid1.networksecuritygroup.oc1.us-sanjose-1.aaaaaaaaxjc2jhnb5sndsguj3hh65pznsmox4ybkh5mbfh6rugrrred4xgnq",
            "protocol": "1",
            "source": "ocid1.networksecuritygroup.oc1.us-sanjose-1.aaaaaaaacowowbryctsgq47o7c66bknp6kngkvnafuad5wnfa6yrnxwbawjq",
            "source_type": "NETWORK_SECURITY_GROUP",
            "stateless": false,
            "tcp_options": [],
            "time_created": "2023-05-17 20:14:45.118 +0000 UTC",
            "timeouts": null,
            "udp_options": []
          },
          "sensitive_attributes": [],
          "private": "eyJlMmJmYjczMC1lY2FhLTExZTYtOGY4OC0zNDM2M2JjN2M0YzAiOnsiY3JlYXRlIjoxMjAwMDAwMDAwMDAwLCJkZWxldGUiOjEyMDAwMDAwMDAwMDAsInVwZGF0ZSI6MTIwMDAwMDAwMDAwMH19",
          "dependencies": [
            "oci_core_network_security_group.KubeAPI_server_security_group",
            "oci_core_network_security_group.virtual_node_network_security_group",
            "oci_core_vcn.generated_oci_core_vcn"
          ]
        }
      ]
    },
    {
      "mode": "managed",
      "type": "oci_core_network_security_group_security_rule",
      "name": "kubeAPI_server_pod_12250",
      "provider": "provider[\"registry.terraform.io/hashicorp/oci\"]",
      "instances": [
        {
          "schema_version": 0,
          "attributes": {
            "description": "pod security group to Kube API server  Keep Alive TCP 12250",
            "destination": null,
            "destination_type": "",
            "direction": "INGRESS",
            "icmp_options": [],
            "id": "FAE5E5",
            "is_valid": true,
            "network_security_group_id": "ocid1.networksecuritygroup.oc1.us-sanjose-1.aaaaaaaaxjc2jhnb5sndsguj3hh65pznsmox4ybkh5mbfh6rugrrred4xgnq",
            "protocol": "6",
            "source": "ocid1.networksecuritygroup.oc1.us-sanjose-1.aaaaaaaahtkaacarsqiiweaqrddebcpzifjgsql6gqk5bv5kfx5cc2hu2gua",
            "source_type": "NETWORK_SECURITY_GROUP",
            "stateless": false,
            "tcp_options": [
              {
                "destination_port_range": [
                  {
                    "max": 12250,
                    "min": 12250
                  }
                ],
                "source_port_range": []
              }
            ],
            "time_created": "2023-05-17 20:14:47.678 +0000 UTC",
            "timeouts": null,
            "udp_options": []
          },
          "sensitive_attributes": [],
          "private": "eyJlMmJmYjczMC1lY2FhLTExZTYtOGY4OC0zNDM2M2JjN2M0YzAiOnsiY3JlYXRlIjoxMjAwMDAwMDAwMDAwLCJkZWxldGUiOjEyMDAwMDAwMDAwMDAsInVwZGF0ZSI6MTIwMDAwMDAwMDAwMH19",
          "dependencies": [
            "oci_core_network_security_group.KubeAPI_server_security_group",
            "oci_core_network_security_group.pod_network_security_group"
          ]
        }
      ]
    },
    {
      "mode": "managed",
      "type": "oci_core_network_security_group_security_rule",
      "name": "kubeAPI_server_pod_12250_icmp_pod",
      "provider": "provider[\"registry.terraform.io/hashicorp/oci\"]",
      "instances": [
        {
          "schema_version": 0,
          "attributes": {
            "description": "allow pod security group ICMP",
            "destination": null,
            "destination_type": "",
            "direction": "INGRESS",
            "icmp_options": [],
            "id": "6808F1",
            "is_valid": true,
            "network_security_group_id": "ocid1.networksecuritygroup.oc1.us-sanjose-1.aaaaaaaaxjc2jhnb5sndsguj3hh65pznsmox4ybkh5mbfh6rugrrred4xgnq",
            "protocol": "1",
            "source": "ocid1.networksecuritygroup.oc1.us-sanjose-1.aaaaaaaahtkaacarsqiiweaqrddebcpzifjgsql6gqk5bv5kfx5cc2hu2gua",
            "source_type": "NETWORK_SECURITY_GROUP",
            "stateless": false,
            "tcp_options": [],
            "time_created": "2023-05-17 20:14:46.068 +0000 UTC",
            "timeouts": null,
            "udp_options": []
          },
          "sensitive_attributes": [],
          "private": "eyJlMmJmYjczMC1lY2FhLTExZTYtOGY4OC0zNDM2M2JjN2M0YzAiOnsiY3JlYXRlIjoxMjAwMDAwMDAwMDAwLCJkZWxldGUiOjEyMDAwMDAwMDAwMDAsInVwZGF0ZSI6MTIwMDAwMDAwMDAwMH19",
          "dependencies": [
            "oci_core_network_security_group.KubeAPI_server_security_group",
            "oci_core_network_security_group.pod_network_security_group",
            "oci_core_vcn.generated_oci_core_vcn"
          ]
        }
      ]
    },
    {
      "mode": "managed",
      "type": "oci_core_network_security_group_security_rule",
      "name": "pod_network_egress",
      "provider": "provider[\"registry.terraform.io/hashicorp/oci\"]",
      "instances": [
        {
          "schema_version": 0,
          "attributes": {
            "description": "allow all outbound traffic in pod network",
            "destination": "0.0.0.0/0",
            "destination_type": "CIDR_BLOCK",
            "direction": "EGRESS",
            "icmp_options": [],
            "id": "786EE5",
            "is_valid": true,
            "network_security_group_id": "ocid1.networksecuritygroup.oc1.us-sanjose-1.aaaaaaaahtkaacarsqiiweaqrddebcpzifjgsql6gqk5bv5kfx5cc2hu2gua",
            "protocol": "all",
            "source": null,
            "source_type": "",
            "stateless": false,
            "tcp_options": [],
            "time_created": "2023-05-17 20:14:44.623 +0000 UTC",
            "timeouts": null,
            "udp_options": []
          },
          "sensitive_attributes": [],
          "private": "eyJlMmJmYjczMC1lY2FhLTExZTYtOGY4OC0zNDM2M2JjN2M0YzAiOnsiY3JlYXRlIjoxMjAwMDAwMDAwMDAwLCJkZWxldGUiOjEyMDAwMDAwMDAwMDAsInVwZGF0ZSI6MTIwMDAwMDAwMDAwMH19",
          "dependencies": [
            "oci_core_network_security_group.pod_network_security_group"
          ]
        }
      ]
    },
    {
      "mode": "managed",
      "type": "oci_core_network_security_group_security_rule",
      "name": "pod_network_pod_network",
      "provider": "provider[\"registry.terraform.io/hashicorp/oci\"]",
      "instances": [
        {
          "schema_version": 0,
          "attributes": {
            "description": "Pod to Pod Communication",
            "destination": null,
            "destination_type": "",
            "direction": "INGRESS",
            "icmp_options": [],
            "id": "BAFE09",
            "is_valid": true,
            "network_security_group_id": "ocid1.networksecuritygroup.oc1.us-sanjose-1.aaaaaaaahtkaacarsqiiweaqrddebcpzifjgsql6gqk5bv5kfx5cc2hu2gua",
            "protocol": "all",
            "source": "ocid1.networksecuritygroup.oc1.us-sanjose-1.aaaaaaaahtkaacarsqiiweaqrddebcpzifjgsql6gqk5bv5kfx5cc2hu2gua",
            "source_type": "NETWORK_SECURITY_GROUP",
            "stateless": false,
            "tcp_options": [],
            "time_created": "2023-05-17 20:35:30.798 +0000 UTC",
            "timeouts": null,
            "udp_options": []
          },
          "sensitive_attributes": [],
          "private": "eyJlMmJmYjczMC1lY2FhLTExZTYtOGY4OC0zNDM2M2JjN2M0YzAiOnsiY3JlYXRlIjoxMjAwMDAwMDAwMDAwLCJkZWxldGUiOjEyMDAwMDAwMDAwMDAsInVwZGF0ZSI6MTIwMDAwMDAwMDAwMH19",
          "dependencies": [
            "oci_core_network_security_group.pod_network_security_group"
          ]
        }
      ]
    },
    {
      "mode": "managed",
      "type": "oci_core_network_security_group_security_rule",
      "name": "pod_to_virtual_network1",
      "provider": "provider[\"registry.terraform.io/hashicorp/oci\"]",
      "instances": [
        {
          "schema_version": 0,
          "attributes": {
            "description": "allow Pod Network to Virtual Network keep alive ",
            "destination": null,
            "destination_type": "",
            "direction": "INGRESS",
            "icmp_options": [],
            "id": "25822F",
            "is_valid": true,
            "network_security_group_id": "ocid1.networksecuritygroup.oc1.us-sanjose-1.aaaaaaaacowowbryctsgq47o7c66bknp6kngkvnafuad5wnfa6yrnxwbawjq",
            "protocol": "6",
            "source": "ocid1.networksecuritygroup.oc1.us-sanjose-1.aaaaaaaahtkaacarsqiiweaqrddebcpzifjgsql6gqk5bv5kfx5cc2hu2gua",
            "source_type": "NETWORK_SECURITY_GROUP",
            "stateless": false,
            "tcp_options": [
              {
                "destination_port_range": [
                  {
                    "max": 10250,
                    "min": 10250
                  }
                ],
                "source_port_range": []
              }
            ],
            "time_created": "2023-05-17 20:14:44.693 +0000 UTC",
            "timeouts": null,
            "udp_options": []
          },
          "sensitive_attributes": [],
          "private": "eyJlMmJmYjczMC1lY2FhLTExZTYtOGY4OC0zNDM2M2JjN2M0YzAiOnsiY3JlYXRlIjoxMjAwMDAwMDAwMDAwLCJkZWxldGUiOjEyMDAwMDAwMDAwMDAsInVwZGF0ZSI6MTIwMDAwMDAwMDAwMH19",
          "dependencies": [
            "oci_core_network_security_group.pod_network_security_group",
            "oci_core_network_security_group.virtual_node_network_security_group"
          ]
        }
      ]
    },
    {
      "mode": "managed",
      "type": "oci_core_network_security_group_security_rule",
      "name": "svc_lb_pod_network_ingress1",
      "provider": "provider[\"registry.terraform.io/hashicorp/oci\"]",
      "instances": [
        {
          "schema_version": 0,
          "attributes": {
            "description": "Ingress LB--\u003e POD Kube-proxy",
            "destination": null,
            "destination_type": "",
            "direction": "INGRESS",
            "icmp_options": [],
            "id": "CCCAB5",
            "is_valid": true,
            "network_security_group_id": "ocid1.networksecuritygroup.oc1.us-sanjose-1.aaaaaaaahtkaacarsqiiweaqrddebcpzifjgsql6gqk5bv5kfx5cc2hu2gua",
            "protocol": "6",
            "source": "ocid1.networksecuritygroup.oc1.us-sanjose-1.aaaaaaaak4inedjofe2iubancwgfdxbezxxqx2md2bpk2qhm42qjlanwrrqa",
            "source_type": "NETWORK_SECURITY_GROUP",
            "stateless": false,
            "tcp_options": [
              {
                "destination_port_range": [
                  {
                    "max": 10256,
                    "min": 10256
                  }
                ],
                "source_port_range": []
              }
            ],
            "time_created": "2023-05-17 20:14:47.097 +0000 UTC",
            "timeouts": null,
            "udp_options": []
          },
          "sensitive_attributes": [],
          "private": "eyJlMmJmYjczMC1lY2FhLTExZTYtOGY4OC0zNDM2M2JjN2M0YzAiOnsiY3JlYXRlIjoxMjAwMDAwMDAwMDAwLCJkZWxldGUiOjEyMDAwMDAwMDAwMDAsInVwZGF0ZSI6MTIwMDAwMDAwMDAwMH19",
          "dependencies": [
            "oci_core_network_security_group.ingress_controller",
            "oci_core_network_security_group.pod_network_security_group",
            "oci_core_vcn.generated_oci_core_vcn"
          ]
        }
      ]
    },
    {
      "mode": "managed",
      "type": "oci_core_network_security_group_security_rule",
      "name": "svc_network_pod_network_ingress",
      "provider": "provider[\"registry.terraform.io/hashicorp/oci\"]",
      "instances": [
        {
          "schema_version": 0,
          "attributes": {
            "description": "Ingress LB--\u003ePOD TCP Highport Access",
            "destination": null,
            "destination_type": "",
            "direction": "INGRESS",
            "icmp_options": [],
            "id": "CE6268",
            "is_valid": true,
            "network_security_group_id": "ocid1.networksecuritygroup.oc1.us-sanjose-1.aaaaaaaahtkaacarsqiiweaqrddebcpzifjgsql6gqk5bv5kfx5cc2hu2gua",
            "protocol": "6",
            "source": "ocid1.networksecuritygroup.oc1.us-sanjose-1.aaaaaaaak4inedjofe2iubancwgfdxbezxxqx2md2bpk2qhm42qjlanwrrqa",
            "source_type": "NETWORK_SECURITY_GROUP",
            "stateless": false,
            "tcp_options": [
              {
                "destination_port_range": [
                  {
                    "max": 32767,
                    "min": 30000
                  }
                ],
                "source_port_range": []
              }
            ],
            "time_created": "2023-05-17 20:14:47.791 +0000 UTC",
            "timeouts": null,
            "udp_options": []
          },
          "sensitive_attributes": [],
          "private": "eyJlMmJmYjczMC1lY2FhLTExZTYtOGY4OC0zNDM2M2JjN2M0YzAiOnsiY3JlYXRlIjoxMjAwMDAwMDAwMDAwLCJkZWxldGUiOjEyMDAwMDAwMDAwMDAsInVwZGF0ZSI6MTIwMDAwMDAwMDAwMH19",
          "dependencies": [
            "oci_core_network_security_group.ingress_controller",
            "oci_core_network_security_group.pod_network_security_group",
            "oci_core_vcn.generated_oci_core_vcn"
          ]
        }
      ]
    },
    {
      "mode": "managed",
      "type": "oci_core_network_security_group_security_rule",
      "name": "virtual_node__network_egress_api_server1",
      "provider": "provider[\"registry.terraform.io/hashicorp/oci\"]",
      "instances": [
        {
          "schema_version": 0,
          "attributes": {
            "description": "allow node network to api server TCP 6443",
            "destination": "ocid1.networksecuritygroup.oc1.us-sanjose-1.aaaaaaaaxjc2jhnb5sndsguj3hh65pznsmox4ybkh5mbfh6rugrrred4xgnq",
            "destination_type": "NETWORK_SECURITY_GROUP",
            "direction": "EGRESS",
            "icmp_options": [],
            "id": "6298F6",
            "is_valid": true,
            "network_security_group_id": "ocid1.networksecuritygroup.oc1.us-sanjose-1.aaaaaaaacowowbryctsgq47o7c66bknp6kngkvnafuad5wnfa6yrnxwbawjq",
            "protocol": "6",
            "source": null,
            "source_type": "",
            "stateless": false,
            "tcp_options": [
              {
                "destination_port_range": [
                  {
                    "max": 6443,
                    "min": 6443
                  }
                ],
                "source_port_range": []
              }
            ],
            "time_created": "2023-05-17 20:14:45.714 +0000 UTC",
            "timeouts": null,
            "udp_options": []
          },
          "sensitive_attributes": [],
          "private": "eyJlMmJmYjczMC1lY2FhLTExZTYtOGY4OC0zNDM2M2JjN2M0YzAiOnsiY3JlYXRlIjoxMjAwMDAwMDAwMDAwLCJkZWxldGUiOjEyMDAwMDAwMDAwMDAsInVwZGF0ZSI6MTIwMDAwMDAwMDAwMH19",
          "dependencies": [
            "oci_core_network_security_group.KubeAPI_server_security_group",
            "oci_core_network_security_group.virtual_node_network_security_group"
          ]
        }
      ]
    },
    {
      "mode": "managed",
      "type": "oci_core_network_security_group_security_rule",
      "name": "virtual_node__network_egress_api_server2",
      "provider": "provider[\"registry.terraform.io/hashicorp/oci\"]",
      "instances": [
        {
          "schema_version": 0,
          "attributes": {
            "description": "allow virtual network egress to  api server keep alive TCP 12250",
            "destination": "ocid1.networksecuritygroup.oc1.us-sanjose-1.aaaaaaaaxjc2jhnb5sndsguj3hh65pznsmox4ybkh5mbfh6rugrrred4xgnq",
            "destination_type": "NETWORK_SECURITY_GROUP",
            "direction": "EGRESS",
            "icmp_options": [],
            "id": "3149F6",
            "is_valid": true,
            "network_security_group_id": "ocid1.networksecuritygroup.oc1.us-sanjose-1.aaaaaaaacowowbryctsgq47o7c66bknp6kngkvnafuad5wnfa6yrnxwbawjq",
            "protocol": "6",
            "source": null,
            "source_type": "",
            "stateless": false,
            "tcp_options": [
              {
                "destination_port_range": [
                  {
                    "max": 12250,
                    "min": 12250
                  }
                ],
                "source_port_range": []
              }
            ],
            "time_created": "2023-05-17 20:14:45.559 +0000 UTC",
            "timeouts": null,
            "udp_options": []
          },
          "sensitive_attributes": [],
          "private": "eyJlMmJmYjczMC1lY2FhLTExZTYtOGY4OC0zNDM2M2JjN2M0YzAiOnsiY3JlYXRlIjoxMjAwMDAwMDAwMDAwLCJkZWxldGUiOjEyMDAwMDAwMDAwMDAsInVwZGF0ZSI6MTIwMDAwMDAwMDAwMH19",
          "dependencies": [
            "oci_core_network_security_group.KubeAPI_server_security_group",
            "oci_core_network_security_group.virtual_node_network_security_group"
          ]
        }
      ]
    },
    {
      "mode": "managed",
      "type": "oci_core_network_security_group_security_rule",
      "name": "virtual_node__network_egress_api_server3",
      "provider": "provider[\"registry.terraform.io/hashicorp/oci\"]",
      "instances": [
        {
          "schema_version": 0,
          "attributes": {
            "description": "allow virtual network to api server ICMP",
            "destination": "ocid1.networksecuritygroup.oc1.us-sanjose-1.aaaaaaaaxjc2jhnb5sndsguj3hh65pznsmox4ybkh5mbfh6rugrrred4xgnq",
            "destination_type": "NETWORK_SECURITY_GROUP",
            "direction": "EGRESS",
            "icmp_options": [],
            "id": "BA46FD",
            "is_valid": true,
            "network_security_group_id": "ocid1.networksecuritygroup.oc1.us-sanjose-1.aaaaaaaacowowbryctsgq47o7c66bknp6kngkvnafuad5wnfa6yrnxwbawjq",
            "protocol": "1",
            "source": null,
            "source_type": "",
            "stateless": false,
            "tcp_options": [],
            "time_created": "2023-05-17 20:14:45.362 +0000 UTC",
            "timeouts": null,
            "udp_options": []
          },
          "sensitive_attributes": [],
          "private": "eyJlMmJmYjczMC1lY2FhLTExZTYtOGY4OC0zNDM2M2JjN2M0YzAiOnsiY3JlYXRlIjoxMjAwMDAwMDAwMDAwLCJkZWxldGUiOjEyMDAwMDAwMDAwMDAsInVwZGF0ZSI6MTIwMDAwMDAwMDAwMH19",
          "dependencies": [
            "oci_core_network_security_group.KubeAPI_server_security_group",
            "oci_core_network_security_group.virtual_node_network_security_group"
          ]
        }
      ]
    },
    {
      "mode": "managed",
      "type": "oci_core_route_table",
      "name": "generated_oci_core_route_table",
      "provider": "provider[\"registry.terraform.io/hashicorp/oci\"]",
      "instances": [
        {
          "schema_version": 0,
          "attributes": {
            "compartment_id": "ocid1.compartment.oc1..aaaaaaaaucuuv3bavrptzr563nq5bpo55t7lk5p4zvr25n77i54jl2eykhbq",
            "defined_tags": {
              "Oracle-Tags.CreatedBy": "identitycloudservice/chiping.hwang@oracle.com",
              "Oracle-Tags.CreatedOn": "2023-05-17T20:14:46.565Z",
              "ops.CreatedBy": "identitycloudservice/chiping.hwang@oracle.com",
              "ops.CreationDate": "2023-05-17T20:14:46.565Z"
            },
            "display_name": "oke-private-routetable-demo-cluster",
            "freeform_tags": {},
            "id": "ocid1.routetable.oc1.us-sanjose-1.aaaaaaaanx2ltvkxo4wui3b4njibca65hsesouaytnslbho3w5fgakaaqadq",
            "route_rules": [
              {
                "cidr_block": "",
                "description": "traffic to OCI services",
                "destination": "all-sjc-services-in-oracle-services-network",
                "destination_type": "SERVICE_CIDR_BLOCK",
                "network_entity_id": "ocid1.servicegateway.oc1.us-sanjose-1.aaaaaaaackinng4u65bpkbmz7w4yyya6v76rcjdxj57vuqjpkgprgxt2jp5a",
                "route_type": ""
              },
              {
                "cidr_block": "",
                "description": "traffic to the internet",
                "destination": "0.0.0.0/0",
                "destination_type": "CIDR_BLOCK",
                "network_entity_id": "ocid1.natgateway.oc1.us-sanjose-1.aaaaaaaa5osox3loffb3edanxvo2nu2emmg5qbh6msno23yd7gpulxsfyo2a",
                "route_type": ""
              }
            ],
            "state": "AVAILABLE",
            "time_created": "2023-05-17 20:14:46.606 +0000 UTC",
            "timeouts": null,
            "vcn_id": "ocid1.vcn.oc1.us-sanjose-1.amaaaaaanlc5nbyai2xkvgydefgm7qxg3xhux6krt63kzr6nvj6u6267uxmq"
          },
          "sensitive_attributes": [],
          "private": "eyJlMmJmYjczMC1lY2FhLTExZTYtOGY4OC0zNDM2M2JjN2M0YzAiOnsiY3JlYXRlIjoxMjAwMDAwMDAwMDAwLCJkZWxldGUiOjEyMDAwMDAwMDAwMDAsInVwZGF0ZSI6MTIwMDAwMDAwMDAwMH19",
          "dependencies": [
            "data.oci_core_services.all_oci_services",
            "oci_core_nat_gateway.generated_oci_core_nat_gateway",
            "oci_core_service_gateway.generated_oci_core_service_gateway",
            "oci_core_vcn.generated_oci_core_vcn"
          ]
        }
      ]
    },
    {
      "mode": "managed",
      "type": "oci_core_service_gateway",
      "name": "generated_oci_core_service_gateway",
      "provider": "provider[\"registry.terraform.io/hashicorp/oci\"]",
      "instances": [
        {
          "schema_version": 0,
          "attributes": {
            "block_traffic": false,
            "compartment_id": "ocid1.compartment.oc1..aaaaaaaaucuuv3bavrptzr563nq5bpo55t7lk5p4zvr25n77i54jl2eykhbq",
            "defined_tags": {
              "Oracle-Tags.CreatedBy": "identitycloudservice/chiping.hwang@oracle.com",
              "Oracle-Tags.CreatedOn": "2023-05-17T20:14:43.895Z",
              "ops.CreatedBy": "identitycloudservice/chiping.hwang@oracle.com",
              "ops.CreationDate": "2023-05-17T20:14:43.895Z"
            },
            "display_name": "oke-sgw-cluster",
            "freeform_tags": {},
            "id": "ocid1.servicegateway.oc1.us-sanjose-1.aaaaaaaackinng4u65bpkbmz7w4yyya6v76rcjdxj57vuqjpkgprgxt2jp5a",
            "route_table_id": null,
            "services": [
              {
                "service_id": "ocid1.service.oc1.us-sanjose-1.aaaaaaaa7w72lnqlnse4zc5vubcjv6mhsooz3jlaazcbzq7hnzih26qqiw6a",
                "service_name": "All SJC Services In Oracle Services Network"
              }
            ],
            "state": "AVAILABLE",
            "time_created": "2023-05-17 20:14:44.55 +0000 UTC",
            "timeouts": null,
            "vcn_id": "ocid1.vcn.oc1.us-sanjose-1.amaaaaaanlc5nbyai2xkvgydefgm7qxg3xhux6krt63kzr6nvj6u6267uxmq"
          },
          "sensitive_attributes": [],
          "private": "eyJlMmJmYjczMC1lY2FhLTExZTYtOGY4OC0zNDM2M2JjN2M0YzAiOnsiY3JlYXRlIjoxMjAwMDAwMDAwMDAwLCJkZWxldGUiOjEyMDAwMDAwMDAwMDAsInVwZGF0ZSI6MTIwMDAwMDAwMDAwMH19",
          "dependencies": [
            "data.oci_core_services.all_oci_services",
            "oci_core_vcn.generated_oci_core_vcn"
          ]
        }
      ]
    },
    {
      "mode": "managed",
      "type": "oci_core_subnet",
      "name": "kubernetes_api_endpoint_subnet",
      "provider": "provider[\"registry.terraform.io/hashicorp/oci\"]",
      "instances": [
        {
          "schema_version": 0,
          "attributes": {
            "availability_domain": null,
            "cidr_block": "10.0.0.0/28",
            "compartment_id": "ocid1.compartment.oc1..aaaaaaaaucuuv3bavrptzr563nq5bpo55t7lk5p4zvr25n77i54jl2eykhbq",
            "defined_tags": {
              "Oracle-Tags.CreatedBy": "identitycloudservice/chiping.hwang@oracle.com",
              "Oracle-Tags.CreatedOn": "2023-05-17T20:14:47.288Z",
              "ops.CreatedBy": "identitycloudservice/chiping.hwang@oracle.com",
              "ops.CreationDate": "2023-05-17T20:14:47.288Z"
            },
            "dhcp_options_id": "ocid1.dhcpoptions.oc1.us-sanjose-1.aaaaaaaamyvlx3vvzybfiykmpibara2ffraiu2jwq6jujt27qz4hdhbqc57a",
            "display_name": "oke-k8sApi-server-subnet",
            "dns_label": null,
            "freeform_tags": {},
            "id": "ocid1.subnet.oc1.us-sanjose-1.aaaaaaaa7jowumzjnrfgntesdcpqjftime5ygjp77mxhjzi2b3ugk4x553ma",
            "ipv6cidr_block": null,
            "ipv6cidr_blocks": [],
            "ipv6virtual_router_ip": null,
            "prohibit_internet_ingress": false,
            "prohibit_public_ip_on_vnic": false,
            "route_table_id": "ocid1.routetable.oc1.us-sanjose-1.aaaaaaaab34qqyn4gxdrbzfo6odojqcmtacltu3n2bpnuofsyrgl6c4j5elq",
            "security_list_ids": [
              "ocid1.securitylist.oc1.us-sanjose-1.aaaaaaaaguf7nngmfydzx5y34542gwnjcxnvqb6am5e2ipn3dzs4c7ul2erq"
            ],
            "state": "AVAILABLE",
            "subnet_domain_name": null,
            "time_created": "2023-05-17 20:14:48.315 +0000 UTC",
            "timeouts": null,
            "vcn_id": "ocid1.vcn.oc1.us-sanjose-1.amaaaaaanlc5nbyai2xkvgydefgm7qxg3xhux6krt63kzr6nvj6u6267uxmq",
            "virtual_router_ip": "10.0.0.1",
            "virtual_router_mac": "00:00:17:B2:F6:32"
          },
          "sensitive_attributes": [],
          "private": "eyJlMmJmYjczMC1lY2FhLTExZTYtOGY4OC0zNDM2M2JjN2M0YzAiOnsiY3JlYXRlIjoxMjAwMDAwMDAwMDAwLCJkZWxldGUiOjEyMDAwMDAwMDAwMDAsInVwZGF0ZSI6MTIwMDAwMDAwMDAwMH19",
          "dependencies": [
            "oci_core_default_route_table.generated_oci_core_default_route_table",
            "oci_core_internet_gateway.generated_oci_core_internet_gateway",
            "oci_core_vcn.generated_oci_core_vcn"
          ]
        }
      ]
    },
    {
      "mode": "managed",
      "type": "oci_core_subnet",
      "name": "node_subnet",
      "provider": "provider[\"registry.terraform.io/hashicorp/oci\"]",
      "instances": [
        {
          "schema_version": 0,
          "attributes": {
            "availability_domain": null,
            "cidr_block": "10.0.10.0/24",
            "compartment_id": "ocid1.compartment.oc1..aaaaaaaaucuuv3bavrptzr563nq5bpo55t7lk5p4zvr25n77i54jl2eykhbq",
            "defined_tags": {
              "Oracle-Tags.CreatedBy": "identitycloudservice/chiping.hwang@oracle.com",
              "Oracle-Tags.CreatedOn": "2023-05-17T20:14:47.176Z",
              "ops.CreatedBy": "identitycloudservice/chiping.hwang@oracle.com",
              "ops.CreationDate": "2023-05-17T20:14:47.176Z"
            },
            "dhcp_options_id": "ocid1.dhcpoptions.oc1.us-sanjose-1.aaaaaaaamyvlx3vvzybfiykmpibara2ffraiu2jwq6jujt27qz4hdhbqc57a",
            "display_name": "oke-node-subnet",
            "dns_label": null,
            "freeform_tags": {},
            "id": "ocid1.subnet.oc1.us-sanjose-1.aaaaaaaagru4a7cr2ixgzjgvs3bbajczwhclqum3yorabuewmr2nso3sjscq",
            "ipv6cidr_block": null,
            "ipv6cidr_blocks": [],
            "ipv6virtual_router_ip": null,
            "prohibit_internet_ingress": true,
            "prohibit_public_ip_on_vnic": true,
            "route_table_id": "ocid1.routetable.oc1.us-sanjose-1.aaaaaaaanx2ltvkxo4wui3b4njibca65hsesouaytnslbho3w5fgakaaqadq",
            "security_list_ids": [
              "ocid1.securitylist.oc1.us-sanjose-1.aaaaaaaaguf7nngmfydzx5y34542gwnjcxnvqb6am5e2ipn3dzs4c7ul2erq"
            ],
            "state": "AVAILABLE",
            "subnet_domain_name": null,
            "time_created": "2023-05-17 20:14:47.526 +0000 UTC",
            "timeouts": null,
            "vcn_id": "ocid1.vcn.oc1.us-sanjose-1.amaaaaaanlc5nbyai2xkvgydefgm7qxg3xhux6krt63kzr6nvj6u6267uxmq",
            "virtual_router_ip": "10.0.10.1",
            "virtual_router_mac": "00:00:17:B2:F6:32"
          },
          "sensitive_attributes": [],
          "private": "eyJlMmJmYjczMC1lY2FhLTExZTYtOGY4OC0zNDM2M2JjN2M0YzAiOnsiY3JlYXRlIjoxMjAwMDAwMDAwMDAwLCJkZWxldGUiOjEyMDAwMDAwMDAwMDAsInVwZGF0ZSI6MTIwMDAwMDAwMDAwMH19",
          "dependencies": [
            "data.oci_core_services.all_oci_services",
            "oci_core_nat_gateway.generated_oci_core_nat_gateway",
            "oci_core_route_table.generated_oci_core_route_table",
            "oci_core_service_gateway.generated_oci_core_service_gateway",
            "oci_core_vcn.generated_oci_core_vcn"
          ]
        }
      ]
    },
    {
      "mode": "managed",
      "type": "oci_core_subnet",
      "name": "pod_subnet",
      "provider": "provider[\"registry.terraform.io/hashicorp/oci\"]",
      "instances": [
        {
          "schema_version": 0,
          "attributes": {
            "availability_domain": null,
            "cidr_block": "10.0.11.0/24",
            "compartment_id": "ocid1.compartment.oc1..aaaaaaaaucuuv3bavrptzr563nq5bpo55t7lk5p4zvr25n77i54jl2eykhbq",
            "defined_tags": {
              "Oracle-Tags.CreatedBy": "identitycloudservice/chiping.hwang@oracle.com",
              "Oracle-Tags.CreatedOn": "2023-05-17T20:14:47.159Z",
              "ops.CreatedBy": "identitycloudservice/chiping.hwang@oracle.com",
              "ops.CreationDate": "2023-05-17T20:14:47.159Z"
            },
            "dhcp_options_id": "ocid1.dhcpoptions.oc1.us-sanjose-1.aaaaaaaamyvlx3vvzybfiykmpibara2ffraiu2jwq6jujt27qz4hdhbqc57a",
            "display_name": "oke-pod-subnet",
            "dns_label": null,
            "freeform_tags": {},
            "id": "ocid1.subnet.oc1.us-sanjose-1.aaaaaaaakytqa63yzdbhjwcahfebs3477bpou5z2aihpibelmx5myi7p7utq",
            "ipv6cidr_block": null,
            "ipv6cidr_blocks": [],
            "ipv6virtual_router_ip": null,
            "prohibit_internet_ingress": true,
            "prohibit_public_ip_on_vnic": true,
            "route_table_id": "ocid1.routetable.oc1.us-sanjose-1.aaaaaaaanx2ltvkxo4wui3b4njibca65hsesouaytnslbho3w5fgakaaqadq",
            "security_list_ids": [
              "ocid1.securitylist.oc1.us-sanjose-1.aaaaaaaaguf7nngmfydzx5y34542gwnjcxnvqb6am5e2ipn3dzs4c7ul2erq"
            ],
            "state": "AVAILABLE",
            "subnet_domain_name": null,
            "time_created": "2023-05-17 20:14:47.199 +0000 UTC",
            "timeouts": null,
            "vcn_id": "ocid1.vcn.oc1.us-sanjose-1.amaaaaaanlc5nbyai2xkvgydefgm7qxg3xhux6krt63kzr6nvj6u6267uxmq",
            "virtual_router_ip": "10.0.11.1",
            "virtual_router_mac": "00:00:17:B2:F6:32"
          },
          "sensitive_attributes": [],
          "private": "eyJlMmJmYjczMC1lY2FhLTExZTYtOGY4OC0zNDM2M2JjN2M0YzAiOnsiY3JlYXRlIjoxMjAwMDAwMDAwMDAwLCJkZWxldGUiOjEyMDAwMDAwMDAwMDAsInVwZGF0ZSI6MTIwMDAwMDAwMDAwMH19",
          "dependencies": [
            "data.oci_core_services.all_oci_services",
            "oci_core_nat_gateway.generated_oci_core_nat_gateway",
            "oci_core_route_table.generated_oci_core_route_table",
            "oci_core_service_gateway.generated_oci_core_service_gateway",
            "oci_core_vcn.generated_oci_core_vcn"
          ]
        }
      ]
    },
    {
      "mode": "managed",
      "type": "oci_core_subnet",
      "name": "service_lb_subnet",
      "provider": "provider[\"registry.terraform.io/hashicorp/oci\"]",
      "instances": [
        {
          "schema_version": 0,
          "attributes": {
            "availability_domain": null,
            "cidr_block": "10.0.20.0/24",
            "compartment_id": "ocid1.compartment.oc1..aaaaaaaaucuuv3bavrptzr563nq5bpo55t7lk5p4zvr25n77i54jl2eykhbq",
            "defined_tags": {
              "Oracle-Tags.CreatedBy": "identitycloudservice/chiping.hwang@oracle.com",
              "Oracle-Tags.CreatedOn": "2023-05-17T20:46:38.674Z",
              "ops.CreatedBy": "identitycloudservice/chiping.hwang@oracle.com",
              "ops.CreationDate": "2023-05-17T20:46:38.674Z"
            },
            "dhcp_options_id": "ocid1.dhcpoptions.oc1.us-sanjose-1.aaaaaaaamyvlx3vvzybfiykmpibara2ffraiu2jwq6jujt27qz4hdhbqc57a",
            "display_name": "oke-svclb-subnet",
            "dns_label": null,
            "freeform_tags": {},
            "id": "ocid1.subnet.oc1.us-sanjose-1.aaaaaaaann4poo7tahzskhwhheff6ozplueqzrag3s55dl3mmwuls4mczetq",
            "ipv6cidr_block": null,
            "ipv6cidr_blocks": [],
            "ipv6virtual_router_ip": null,
            "prohibit_internet_ingress": false,
            "prohibit_public_ip_on_vnic": false,
            "route_table_id": "ocid1.routetable.oc1.us-sanjose-1.aaaaaaaab34qqyn4gxdrbzfo6odojqcmtacltu3n2bpnuofsyrgl6c4j5elq",
            "security_list_ids": [
              "ocid1.securitylist.oc1.us-sanjose-1.aaaaaaaaguf7nngmfydzx5y34542gwnjcxnvqb6am5e2ipn3dzs4c7ul2erq"
            ],
            "state": "AVAILABLE",
            "subnet_domain_name": null,
            "time_created": "2023-05-17 20:46:38.728 +0000 UTC",
            "timeouts": null,
            "vcn_id": "ocid1.vcn.oc1.us-sanjose-1.amaaaaaanlc5nbyai2xkvgydefgm7qxg3xhux6krt63kzr6nvj6u6267uxmq",
            "virtual_router_ip": "10.0.20.1",
            "virtual_router_mac": "00:00:17:B2:F6:32"
          },
          "sensitive_attributes": [],
          "private": "eyJlMmJmYjczMC1lY2FhLTExZTYtOGY4OC0zNDM2M2JjN2M0YzAiOnsiY3JlYXRlIjoxMjAwMDAwMDAwMDAwLCJkZWxldGUiOjEyMDAwMDAwMDAwMDAsInVwZGF0ZSI6MTIwMDAwMDAwMDAwMH19",
          "dependencies": [
            "oci_core_default_route_table.generated_oci_core_default_route_table",
            "oci_core_vcn.generated_oci_core_vcn"
          ]
        }
      ]
    },
    {
      "mode": "managed",
      "type": "oci_core_vcn",
      "name": "generated_oci_core_vcn",
      "provider": "provider[\"registry.terraform.io/hashicorp/oci\"]",
      "instances": [
        {
          "schema_version": 0,
          "attributes": {
            "byoipv6cidr_blocks": [],
            "byoipv6cidr_details": [],
            "cidr_block": "10.0.0.0/16",
            "cidr_blocks": [
              "10.0.0.0/16"
            ],
            "compartment_id": "ocid1.compartment.oc1..aaaaaaaaucuuv3bavrptzr563nq5bpo55t7lk5p4zvr25n77i54jl2eykhbq",
            "default_dhcp_options_id": "ocid1.dhcpoptions.oc1.us-sanjose-1.aaaaaaaamyvlx3vvzybfiykmpibara2ffraiu2jwq6jujt27qz4hdhbqc57a",
            "default_route_table_id": "ocid1.routetable.oc1.us-sanjose-1.aaaaaaaab34qqyn4gxdrbzfo6odojqcmtacltu3n2bpnuofsyrgl6c4j5elq",
            "default_security_list_id": "ocid1.securitylist.oc1.us-sanjose-1.aaaaaaaaguf7nngmfydzx5y34542gwnjcxnvqb6am5e2ipn3dzs4c7ul2erq",
            "defined_tags": {
              "Oracle-Tags.CreatedBy": "identitycloudservice/chiping.hwang@oracle.com",
              "Oracle-Tags.CreatedOn": "2023-05-17T20:14:42.942Z",
              "ops.CreatedBy": "identitycloudservice/chiping.hwang@oracle.com",
              "ops.CreationDate": "2023-05-17T20:14:42.942Z"
            },
            "display_name": "oke-vcn-cluster",
            "dns_label": null,
            "freeform_tags": {},
            "id": "ocid1.vcn.oc1.us-sanjose-1.amaaaaaanlc5nbyai2xkvgydefgm7qxg3xhux6krt63kzr6nvj6u6267uxmq",
            "ipv6cidr_blocks": [],
            "ipv6private_cidr_blocks": [],
            "is_ipv6enabled": false,
            "is_oracle_gua_allocation_enabled": null,
            "state": "AVAILABLE",
            "time_created": "2023-05-17 20:14:43.04 +0000 UTC",
            "timeouts": null,
            "vcn_domain_name": null
          },
          "sensitive_attributes": [],
          "private": "eyJlMmJmYjczMC1lY2FhLTExZTYtOGY4OC0zNDM2M2JjN2M0YzAiOnsiY3JlYXRlIjoxMjAwMDAwMDAwMDAwLCJkZWxldGUiOjEyMDAwMDAwMDAwMDAsInVwZGF0ZSI6MTIwMDAwMDAwMDAwMH19"
        }
      ]
    },
    {
      "mode": "managed",
      "type": "oci_identity_tag",
      "name": "blog_virtual_node",
      "provider": "provider[\"registry.terraform.io/hashicorp/oci\"].home",
      "instances": [
        {
          "schema_version": 0,
          "attributes": {
            "defined_tags": {
              "Oracle-Tags.CreatedBy": "identitycloudservice/chiping.hwang@oracle.com",
              "Oracle-Tags.CreatedOn": "2023-05-17T20:14:55.392Z",
              "ops.CreatedBy": "identitycloudservice/chiping.hwang@oracle.com",
              "ops.CreationDate": "2023-05-17T20:14:55.391Z"
            },
            "description": "blog OKE Virtual Nodes",
            "freeform_tags": {},
            "id": "ocid1.tagdefinition.oc1..aaaaaaaaovqrsqh6vcnln4qoclv2pw7eogrbvejis5ldbv5z3eang6w23qaa",
            "is_cost_tracking": false,
            "is_retired": false,
            "name": "release",
            "state": "ACTIVE",
            "tag_namespace_id": "ocid1.tagnamespace.oc1..aaaaaaaagurdwsrxnqrckipoyde77btx44b3vqbqatf3f3uygm3dnxne5jfa",
            "time_created": "2023-05-17 20:14:55.425 +0000 UTC",
            "timeouts": null,
            "validator": [
              {
                "validator_type": "ENUM",
                "values": [
                  "release",
                  "1.0.1"
                ]
              }
            ]
          },
          "sensitive_attributes": [],
          "private": "eyJlMmJmYjczMC1lY2FhLTExZTYtOGY4OC0zNDM2M2JjN2M0YzAiOnsiY3JlYXRlIjo5MDAwMDAwMDAwMDAsImRlbGV0ZSI6NDMyMDAwMDAwMDAwMDAsInVwZGF0ZSI6OTAwMDAwMDAwMDAwfX0=",
          "dependencies": [
            "data.oci_identity_regions.regions",
            "data.oci_identity_tenancy.tenancy",
            "oci_identity_tag_namespace.blog_virtual_node",
            "random_id.tag"
          ]
        }
      ]
    },
    {
      "mode": "managed",
      "type": "oci_identity_tag_namespace",
      "name": "blog_virtual_node",
      "provider": "provider[\"registry.terraform.io/hashicorp/oci\"].home",
      "instances": [
        {
          "schema_version": 0,
          "attributes": {
            "compartment_id": "ocid1.compartment.oc1..aaaaaaaaucuuv3bavrptzr563nq5bpo55t7lk5p4zvr25n77i54jl2eykhbq",
            "defined_tags": {
              "Oracle-Tags.CreatedBy": "identitycloudservice/chiping.hwang@oracle.com",
              "Oracle-Tags.CreatedOn": "2023-05-17T20:14:44.319Z",
              "ops.CreatedBy": "identitycloudservice/chiping.hwang@oracle.com",
              "ops.CreationDate": "2023-05-17T20:14:44.319Z"
            },
            "description": "blog_virtual_node_TagNamespace",
            "freeform_tags": {},
            "id": "ocid1.tagnamespace.oc1..aaaaaaaagurdwsrxnqrckipoyde77btx44b3vqbqatf3f3uygm3dnxne5jfa",
            "is_retired": false,
            "name": "blog_virtual_node\\deploy-microservices-fef6",
            "state": "ACTIVE",
            "time_created": "2023-05-17 20:14:44.481 +0000 UTC",
            "timeouts": null
          },
          "sensitive_attributes": [],
          "private": "eyJlMmJmYjczMC1lY2FhLTExZTYtOGY4OC0zNDM2M2JjN2M0YzAiOnsiY3JlYXRlIjoxMjAwMDAwMDAwMDAwLCJkZWxldGUiOjEyMDAwMDAwMDAwMDAsInVwZGF0ZSI6MTIwMDAwMDAwMDAwMH19",
          "dependencies": [
            "data.oci_identity_regions.regions",
            "data.oci_identity_tenancy.tenancy",
            "random_id.tag"
          ]
        }
      ]
    },
    {
      "mode": "managed",
      "type": "random_id",
      "name": "tag",
      "provider": "provider[\"registry.terraform.io/hashicorp/random\"]",
      "instances": [
        {
          "schema_version": 0,
          "attributes": {
            "b64_std": "/vY=",
            "b64_url": "_vY",
            "byte_length": 2,
            "dec": "65270",
            "hex": "fef6",
            "id": "_vY",
            "keepers": null,
            "prefix": null
          },
          "sensitive_attributes": []
        }
      ]
    },
    {
      "mode": "managed",
      "type": "time_sleep",
      "name": "wait_1min_demo2",
      "provider": "provider[\"registry.terraform.io/hashicorp/time\"]",
      "instances": [
        {
          "index_key": 0,
          "schema_version": 0,
          "attributes": {
            "create_duration": "20s",
            "destroy_duration": null,
            "id": "2023-05-17T20:26:54Z",
            "triggers": null
          },
          "sensitive_attributes": [],
          "dependencies": [
            "data.oci_containerengine_cluster_kube_config.virtual_cluster_kube_config",
            "data.oci_core_services.all_oci_services",
            "data.oci_identity_availability_domains.ad",
            "data.oci_identity_fault_domains.fd",
            "local_file.kubeconfig",
            "oci_containerengine_cluster.generated_oci_containerengine_cluster",
            "oci_containerengine_virtual_node_pool.create_node_pool_details0",
            "oci_core_default_route_table.generated_oci_core_default_route_table",
            "oci_core_internet_gateway.generated_oci_core_internet_gateway",
            "oci_core_nat_gateway.generated_oci_core_nat_gateway",
            "oci_core_network_security_group.KubeAPI_server_security_group",
            "oci_core_network_security_group.pod_network_security_group",
            "oci_core_network_security_group.virtual_node_network_security_group",
            "oci_core_route_table.generated_oci_core_route_table",
            "oci_core_service_gateway.generated_oci_core_service_gateway",
            "oci_core_subnet.kubernetes_api_endpoint_subnet",
            "oci_core_subnet.node_subnet",
            "oci_core_subnet.pod_subnet",
            "oci_core_subnet.service_lb_subnet",
            "oci_core_vcn.generated_oci_core_vcn"
          ]
        }
      ]
    },
    {
      "mode": "managed",
      "type": "time_sleep",
      "name": "wait_1min_demo3",
      "provider": "provider[\"registry.terraform.io/hashicorp/time\"]",
      "instances": [
        {
          "index_key": 0,
          "schema_version": 0,
          "attributes": {
            "create_duration": "20s",
            "destroy_duration": null,
            "id": "2023-05-17T20:27:28Z",
            "triggers": null
          },
          "sensitive_attributes": [],
          "dependencies": [
            "data.oci_containerengine_cluster_kube_config.virtual_cluster_kube_config",
            "data.oci_core_services.all_oci_services",
            "data.oci_identity_availability_domains.ad",
            "data.oci_identity_fault_domains.fd",
            "local_file.kubeconfig",
            "null_resource.create_ingress_controller",
            "oci_containerengine_cluster.generated_oci_containerengine_cluster",
            "oci_containerengine_virtual_node_pool.create_node_pool_details0",
            "oci_core_default_route_table.generated_oci_core_default_route_table",
            "oci_core_internet_gateway.generated_oci_core_internet_gateway",
            "oci_core_nat_gateway.generated_oci_core_nat_gateway",
            "oci_core_network_security_group.KubeAPI_server_security_group",
            "oci_core_network_security_group.pod_network_security_group",
            "oci_core_network_security_group.virtual_node_network_security_group",
            "oci_core_route_table.generated_oci_core_route_table",
            "oci_core_service_gateway.generated_oci_core_service_gateway",
            "oci_core_subnet.kubernetes_api_endpoint_subnet",
            "oci_core_subnet.node_subnet",
            "oci_core_subnet.pod_subnet",
            "oci_core_subnet.service_lb_subnet",
            "oci_core_vcn.generated_oci_core_vcn",
            "time_sleep.wait_1min_demo2"
          ]
        }
      ]
    }
  ],
  "check_results": null
}
