{
  "version": 4,
  "terraform_version": "1.4.6",
  "serial": 549,
  "lineage": "cf1e7a2d-2eed-7643-23ad-902d0ef6a43b",
  "outputs": {
    "ingress_controller_ip_address": {
      "value": "kubectl -n ingress-nginx get svc ingress-nginx-controller",
      "type": "string"
    },
    "kube_config": {
      "value": "oci ce cluster create-kubeconfig --cluster-id ocid1.cluster.oc1.us-sanjose-1.aaaaaaaa2xspwbxiwtchdps6ljbhhhlhxsftbq6jandv52sjpc5az4k5cylq --file $HOME/.kube/config --region us-sanjose-1 --token-version 2.0.0  --kube-endpoint PUBLIC_ENDPOINT",
      "type": "string"
    }
  },
  "resources": [
    {
      "mode": "data",
      "type": "oci_containerengine_cluster_kube_config",
      "name": "virtual_cluster_kube_config",
      "provider": "provider[\"registry.terraform.io/hashicorp/oci\"]",
      "instances": [
        {
          "schema_version": 0,
          "attributes": {
            "cluster_id": "ocid1.cluster.oc1.us-sanjose-1.aaaaaaaa2xspwbxiwtchdps6ljbhhhlhxsftbq6jandv52sjpc5az4k5cylq",
            "content": "---\napiVersion: v1\nkind: \"\"\nclusters:\n- name: cluster-c5az4k5cylq\n  cluster:\n    server: https://152.70.117.170:6443\n    certificate-authority-data: LS0tLS1CRUdJTiBDRVJUSUZJQ0FURS0tLS0tCk1JSURpRENDQW5DZ0F3SUJBZ0lRVVh5Und1Y3gxOFY1NW1XQktDVmJpekFOQmdrcWhraUc5dzBCQVFzRkFEQmUKTVE4d0RRWURWUVFEREFaTE9ITWdRMEV4Q3pBSkJnTlZCQVlUQWxWVE1ROHdEUVlEVlFRSERBWkJkWE4wYVc0eApEekFOQmdOVkJBb01Cazl5WVdOc1pURU1NQW9HQTFVRUN3d0RUMk5wTVE0d0RBWURWUVFJREFWVVpYaGhjekFlCkZ3MHlNekExTVRFd056QTFNVGRhRncweU9EQTFNVEV3TnpBMU1UZGFNRjR4RHpBTkJnTlZCQU1NQmtzNGN5QkQKUVRFTE1Ba0dBMVVFQmhNQ1ZWTXhEekFOQmdOVkJBY01Ca0YxYzNScGJqRVBNQTBHQTFVRUNnd0dUM0poWTJ4bApNUXd3Q2dZRFZRUUxEQU5QWTJreERqQU1CZ05WQkFnTUJWUmxlR0Z6TUlJQklqQU5CZ2txaGtpRzl3MEJBUUVGCkFBT0NBUThBTUlJQkNnS0NBUUVBMDIrMTZndXFvbDRBKzdhL1JxRWVJWEZLa3JYeitUdXdrb1UwajZmR2Y5R0oKK0RSenJVUW5nRUdNRU1vaDkzRTNlbzkya2VqcmdQcjJkVkZJN1A1M3grL0dNYS93Tm83ZDQ1amNCMDlGM0pYYwpjcjRSU0dpbWN1bUdRN3J2OGVyOXpIeTBBVU52b3Q3WjA1NEVGQVFDNUFPZDJDTnF3cktLTGtISHc5ai9CZGZSCjVNUFNUMFFzS1c1NUhMUEdSTHZLMnZVRWt0OVRkd0EwbTNPZERoUVpWSWxqd3dmcjZGem1INzZ5empNNmkrSUgKTDZUMEhPZ1dManFYQkkrT0Z2VnVMZTZzaDZCL3NIcmZCTE5pMHVweU01d1NCb2UyZUhaNXFac3pNY3paZ2JMbQpHYnFKR1NncVI5cnQwZXRrVzQyS0xHTlQ1bFFMM1Z2clhRK1A4MVdPL3dJREFRQUJvMEl3UURBUEJnTlZIUk1CCkFmOEVCVEFEQVFIL01BNEdBMVVkRHdFQi93UUVBd0lCQmpBZEJnTlZIUTRFRmdRVThGL1BkZWFoV3VDRTM4NTEKTjZ4ZkdFVFBzL293RFFZSktvWklodmNOQVFFTEJRQURnZ0VCQUJGMlppRFh2WEVFSjFqVXZWVm1VNWN6SkFhcApHbkEreWNZYThzNHptaVZYdW9uS2Vxd1NGUEYyMFFxWjBuZUIxa0l0VXpDUkVpYjhERDY1WDA1VU9EWFE0RXBnCmhiQWkzQ3hla2hMNW8xTWNuQ1d0ckJ3NjNxKzlTeTJYNnlydjVvYTh3RHM5THpObGFXcTZZRjVCakFIY0FFYUMKYnVwNkZxQmJMQkU2OGpYYXVMOWxEWW9YOUVwNS9OWis1cmNLNEdaN0Naa0F5SnBNQVBaU2FLNFZ0RWM1WWllNApWRC9taVJPcWZEOWcrTU54V2RSN2ROSE9TSjBkV2hpRXRiZnNHNWxqeW1MeFFPZ204MGEvRWtTWmtNMFlENnNuCk15SWhSTThaLzZBQ29UQnBQZ0hiZW8rWXkvcnpRbi9EaW5YaGlUTlhhUzVxUGgxMnN4WjJOLzlob1pVPQotLS0tLUVORCBDRVJUSUZJQ0FURS0tLS0tCg==\nusers:\n- name: user-c5az4k5cylq\n  user:\n    exec:\n      apiVersion: client.authentication.k8s.io/v1beta1\n      command: oci\n      args:\n      - ce\n      - cluster\n      - generate-token\n      - --cluster-id\n      - ocid1.cluster.oc1.us-sanjose-1.aaaaaaaa2xspwbxiwtchdps6ljbhhhlhxsftbq6jandv52sjpc5az4k5cylq\n      - --region\n      - us-sanjose-1\n      env: []\ncontexts:\n- name: context-c5az4k5cylq\n  context:\n    cluster: cluster-c5az4k5cylq\n    user: user-c5az4k5cylq\ncurrent-context: context-c5az4k5cylq\n",
            "endpoint": null,
            "expiration": null,
            "id": "ContainerengineClusterKubeConfigDataSource-4017436802",
            "token_version": null
          },
          "sensitive_attributes": []
        }
      ]
    },
    {
      "mode": "data",
      "type": "oci_core_services",
      "name": "all_oci_services",
      "provider": "provider[\"registry.terraform.io/hashicorp/oci\"]",
      "instances": [
        {
          "schema_version": 0,
          "attributes": {
            "filter": [
              {
                "name": "name",
                "regex": true,
                "values": [
                  "All .* Services In Oracle Services Network"
                ]
              }
            ],
            "id": "CoreServicesDataSource-0",
            "services": [
              {
                "cidr_block": "all-sjc-services-in-oracle-services-network",
                "description": "All SJC Services In Oracle Services Network",
                "id": "ocid1.service.oc1.us-sanjose-1.aaaaaaaa7w72lnqlnse4zc5vubcjv6mhsooz3jlaazcbzq7hnzih26qqiw6a",
                "name": "All SJC Services In Oracle Services Network"
              }
            ]
          },
          "sensitive_attributes": []
        }
      ]
    },
    {
      "mode": "data",
      "type": "oci_identity_availability_domains",
      "name": "ad",
      "provider": "provider[\"registry.terraform.io/hashicorp/oci\"]",
      "instances": [
        {
          "schema_version": 0,
          "attributes": {
            "availability_domains": [
              {
                "compartment_id": "ocid1.compartment.oc1..aaaaaaaaucuuv3bavrptzr563nq5bpo55t7lk5p4zvr25n77i54jl2eykhbq",
                "id": "ocid1.availabilitydomain.oc1..aaaaaaaavi2wyd6rjjffu5nzgb3gjq4thy46k7sgw5ibh7mu5sq5fyie6t5a",
                "name": "GrCh:US-SANJOSE-1-AD-1"
              }
            ],
            "compartment_id": "ocid1.compartment.oc1..aaaaaaaaucuuv3bavrptzr563nq5bpo55t7lk5p4zvr25n77i54jl2eykhbq",
            "filter": null,
            "id": "IdentityAvailabilityDomainsDataSource-2362254492"
          },
          "sensitive_attributes": []
        }
      ]
    },
    {
      "mode": "data",
      "type": "oci_identity_fault_domains",
      "name": "fd",
      "provider": "provider[\"registry.terraform.io/hashicorp/oci\"]",
      "instances": [
        {
          "schema_version": 0,
          "attributes": {
            "availability_domain": "GrCh:US-SANJOSE-1-AD-1",
            "compartment_id": "ocid1.compartment.oc1..aaaaaaaaucuuv3bavrptzr563nq5bpo55t7lk5p4zvr25n77i54jl2eykhbq",
            "fault_domains": [
              {
                "availability_domain": "GrCh:US-SANJOSE-1-AD-1",
                "compartment_id": "ocid1.compartment.oc1..aaaaaaaaucuuv3bavrptzr563nq5bpo55t7lk5p4zvr25n77i54jl2eykhbq",
                "id": "ocid1.faultdomain.oc1..aaaaaaaahilcl635hoipqctsp4ibkcmpjxevkbgis7peqphenpdae3xqkeea",
                "name": "FAULT-DOMAIN-1"
              },
              {
                "availability_domain": "GrCh:US-SANJOSE-1-AD-1",
                "compartment_id": "ocid1.compartment.oc1..aaaaaaaaucuuv3bavrptzr563nq5bpo55t7lk5p4zvr25n77i54jl2eykhbq",
                "id": "ocid1.faultdomain.oc1..aaaaaaaahkpsumawtrmel6gbqljrl5fuegz24xptcnaurlpvfyilndxdi5ka",
                "name": "FAULT-DOMAIN-2"
              },
              {
                "availability_domain": "GrCh:US-SANJOSE-1-AD-1",
                "compartment_id": "ocid1.compartment.oc1..aaaaaaaaucuuv3bavrptzr563nq5bpo55t7lk5p4zvr25n77i54jl2eykhbq",
                "id": "ocid1.faultdomain.oc1..aaaaaaaak7pkiolu2kvebtzthouikybvz3y5dkd7en7zhewytx3lmi7nsj4q",
                "name": "FAULT-DOMAIN-3"
              }
            ],
            "filter": null,
            "id": "IdentityFaultDomainsDataSource-3183530206"
          },
          "sensitive_attributes": []
        }
      ]
    },
    {
      "mode": "data",
      "type": "oci_identity_regions",
      "name": "regions",
      "provider": "provider[\"registry.terraform.io/hashicorp/oci\"]",
      "instances": [
        {
          "schema_version": 0,
          "attributes": {
            "filter": null,
            "id": "IdentityRegionsDataSource-0",
            "regions": [
              {
                "key": "AMS",
                "name": "eu-amsterdam-1"
              },
              {
                "key": "ARN",
                "name": "eu-stockholm-1"
              },
              {
                "key": "AUH",
                "name": "me-abudhabi-1"
              },
              {
                "key": "BOM",
                "name": "ap-mumbai-1"
              },
              {
                "key": "CDG",
                "name": "eu-paris-1"
              },
              {
                "key": "CWL",
                "name": "uk-cardiff-1"
              },
              {
                "key": "DXB",
                "name": "me-dubai-1"
              },
              {
                "key": "FRA",
                "name": "eu-frankfurt-1"
              },
              {
                "key": "GRU",
                "name": "sa-saopaulo-1"
              },
              {
                "key": "HYD",
                "name": "ap-hyderabad-1"
              },
              {
                "key": "IAD",
                "name": "us-ashburn-1"
              },
              {
                "key": "ICN",
                "name": "ap-seoul-1"
              },
              {
                "key": "JED",
                "name": "me-jeddah-1"
              },
              {
                "key": "JNB",
                "name": "af-johannesburg-1"
              },
              {
                "key": "KIX",
                "name": "ap-osaka-1"
              },
              {
                "key": "LHR",
                "name": "uk-london-1"
              },
              {
                "key": "LIN",
                "name": "eu-milan-1"
              },
              {
                "key": "MAD",
                "name": "eu-madrid-1"
              },
              {
                "key": "MEL",
                "name": "ap-melbourne-1"
              },
              {
                "key": "MRS",
                "name": "eu-marseille-1"
              },
              {
                "key": "MTZ",
                "name": "il-jerusalem-1"
              },
              {
                "key": "NRT",
                "name": "ap-tokyo-1"
              },
              {
                "key": "ORD",
                "name": "us-chicago-1"
              },
              {
                "key": "PHX",
                "name": "us-phoenix-1"
              },
              {
                "key": "QRO",
                "name": "mx-queretaro-1"
              },
              {
                "key": "SCL",
                "name": "sa-santiago-1"
              },
              {
                "key": "SIN",
                "name": "ap-singapore-1"
              },
              {
                "key": "SJC",
                "name": "us-sanjose-1"
              },
              {
                "key": "SYD",
                "name": "ap-sydney-1"
              },
              {
                "key": "VCP",
                "name": "sa-vinhedo-1"
              },
              {
                "key": "YNY",
                "name": "ap-chuncheon-1"
              },
              {
                "key": "YUL",
                "name": "ca-montreal-1"
              },
              {
                "key": "YYZ",
                "name": "ca-toronto-1"
              },
              {
                "key": "ZRH",
                "name": "eu-zurich-1"
              }
            ]
          },
          "sensitive_attributes": []
        }
      ]
    },
    {
      "mode": "data",
      "type": "oci_identity_tenancy",
      "name": "tenancy",
      "provider": "provider[\"registry.terraform.io/hashicorp/oci\"]",
      "instances": [
        {
          "schema_version": 0,
          "attributes": {
            "defined_tags": {
              "OracleInternalReserved.CostCenter": "202235",
              "OracleInternalReserved.OwnerEmail": "joseph.malek@oracle.com",
              "OracleInternalReserved.ServiceType": "IaaS",
              "OracleInternalReserved.UsageType": "development-qa-test"
            },
            "description": "ociobenablement",
            "freeform_tags": {},
            "home_region_key": "IAD",
            "id": "ocid1.tenancy.oc1..aaaaaaaajznex5attydtrmrgudwayqu7kn4krasw2ct4h4pwz7nwbfxoyd4q",
            "name": "ociobenablement",
            "tenancy_id": "ocid1.tenancy.oc1..aaaaaaaajznex5attydtrmrgudwayqu7kn4krasw2ct4h4pwz7nwbfxoyd4q",
            "upi_idcs_compatibility_layer_endpoint": null
          },
          "sensitive_attributes": []
        }
      ]
    },
    {
      "mode": "managed",
      "type": "local_file",
      "name": "kubeconfig",
      "provider": "provider[\"registry.terraform.io/hashicorp/local\"]",
      "instances": [
        {
          "schema_version": 0,
          "attributes": {
            "content": "---\napiVersion: v1\nkind: \"\"\nclusters:\n- name: cluster-c5az4k5cylq\n  cluster:\n    server: https://152.70.117.170:6443\n    certificate-authority-data: LS0tLS1CRUdJTiBDRVJUSUZJQ0FURS0tLS0tCk1JSURpRENDQW5DZ0F3SUJBZ0lRVVh5Und1Y3gxOFY1NW1XQktDVmJpekFOQmdrcWhraUc5dzBCQVFzRkFEQmUKTVE4d0RRWURWUVFEREFaTE9ITWdRMEV4Q3pBSkJnTlZCQVlUQWxWVE1ROHdEUVlEVlFRSERBWkJkWE4wYVc0eApEekFOQmdOVkJBb01Cazl5WVdOc1pURU1NQW9HQTFVRUN3d0RUMk5wTVE0d0RBWURWUVFJREFWVVpYaGhjekFlCkZ3MHlNekExTVRFd056QTFNVGRhRncweU9EQTFNVEV3TnpBMU1UZGFNRjR4RHpBTkJnTlZCQU1NQmtzNGN5QkQKUVRFTE1Ba0dBMVVFQmhNQ1ZWTXhEekFOQmdOVkJBY01Ca0YxYzNScGJqRVBNQTBHQTFVRUNnd0dUM0poWTJ4bApNUXd3Q2dZRFZRUUxEQU5QWTJreERqQU1CZ05WQkFnTUJWUmxlR0Z6TUlJQklqQU5CZ2txaGtpRzl3MEJBUUVGCkFBT0NBUThBTUlJQkNnS0NBUUVBMDIrMTZndXFvbDRBKzdhL1JxRWVJWEZLa3JYeitUdXdrb1UwajZmR2Y5R0oKK0RSenJVUW5nRUdNRU1vaDkzRTNlbzkya2VqcmdQcjJkVkZJN1A1M3grL0dNYS93Tm83ZDQ1amNCMDlGM0pYYwpjcjRSU0dpbWN1bUdRN3J2OGVyOXpIeTBBVU52b3Q3WjA1NEVGQVFDNUFPZDJDTnF3cktLTGtISHc5ai9CZGZSCjVNUFNUMFFzS1c1NUhMUEdSTHZLMnZVRWt0OVRkd0EwbTNPZERoUVpWSWxqd3dmcjZGem1INzZ5empNNmkrSUgKTDZUMEhPZ1dManFYQkkrT0Z2VnVMZTZzaDZCL3NIcmZCTE5pMHVweU01d1NCb2UyZUhaNXFac3pNY3paZ2JMbQpHYnFKR1NncVI5cnQwZXRrVzQyS0xHTlQ1bFFMM1Z2clhRK1A4MVdPL3dJREFRQUJvMEl3UURBUEJnTlZIUk1CCkFmOEVCVEFEQVFIL01BNEdBMVVkRHdFQi93UUVBd0lCQmpBZEJnTlZIUTRFRmdRVThGL1BkZWFoV3VDRTM4NTEKTjZ4ZkdFVFBzL293RFFZSktvWklodmNOQVFFTEJRQURnZ0VCQUJGMlppRFh2WEVFSjFqVXZWVm1VNWN6SkFhcApHbkEreWNZYThzNHptaVZYdW9uS2Vxd1NGUEYyMFFxWjBuZUIxa0l0VXpDUkVpYjhERDY1WDA1VU9EWFE0RXBnCmhiQWkzQ3hla2hMNW8xTWNuQ1d0ckJ3NjNxKzlTeTJYNnlydjVvYTh3RHM5THpObGFXcTZZRjVCakFIY0FFYUMKYnVwNkZxQmJMQkU2OGpYYXVMOWxEWW9YOUVwNS9OWis1cmNLNEdaN0Naa0F5SnBNQVBaU2FLNFZ0RWM1WWllNApWRC9taVJPcWZEOWcrTU54V2RSN2ROSE9TSjBkV2hpRXRiZnNHNWxqeW1MeFFPZ204MGEvRWtTWmtNMFlENnNuCk15SWhSTThaLzZBQ29UQnBQZ0hiZW8rWXkvcnpRbi9EaW5YaGlUTlhhUzVxUGgxMnN4WjJOLzlob1pVPQotLS0tLUVORCBDRVJUSUZJQ0FURS0tLS0tCg==\nusers:\n- name: user-c5az4k5cylq\n  user:\n    exec:\n      apiVersion: client.authentication.k8s.io/v1beta1\n      command: oci\n      args:\n      - ce\n      - cluster\n      - generate-token\n      - --cluster-id\n      - ocid1.cluster.oc1.us-sanjose-1.aaaaaaaa2xspwbxiwtchdps6ljbhhhlhxsftbq6jandv52sjpc5az4k5cylq\n      - --region\n      - us-sanjose-1\n      env: []\ncontexts:\n- name: context-c5az4k5cylq\n  context:\n    cluster: cluster-c5az4k5cylq\n    user: user-c5az4k5cylq\ncurrent-context: context-c5az4k5cylq\n",
            "content_base64": null,
            "content_base64sha256": "s8PdICfkZScWgUByBqgLRkGhTZYxL3tJIfz1OkGlnC0=",
            "content_base64sha512": "EyvaPd2b3OwlLkmQPOMtJfGNwuF3WCfb1raCPQSr1KZ6HdJa6+ItGXAOcUZjKLNZCmUOzy+VCjIeHfXPuMIEng==",
            "content_md5": "03ac7beee0171888df145df1428f620b",
            "content_sha1": "2cbf2990a5629f16740d0860c6b49d13c6e5c3e3",
            "content_sha256": "b3c3dd2027e465271681407206a80b4641a14d96312f7b4921fcf53a41a59c2d",
            "content_sha512": "132bda3ddd9bdcec252e49903ce32d25f18dc2e1775827dbd6b6823d04abd4a67a1dd25aebe22d19700e71466328b3590a650ecf2f950a321e1df5cfb8c2049e",
            "directory_permission": "0777",
            "file_permission": "0777",
            "filename": "/tmp/kubeconfig",
            "id": "2cbf2990a5629f16740d0860c6b49d13c6e5c3e3",
            "sensitive_content": null,
            "source": null
          },
          "sensitive_attributes": [],
          "dependencies": [
            "data.oci_containerengine_cluster_kube_config.virtual_cluster_kube_config",
            "data.oci_core_services.all_oci_services",
            "data.oci_identity_availability_domains.ad",
            "data.oci_identity_fault_domains.fd",
            "oci_containerengine_cluster.generated_oci_containerengine_cluster",
            "oci_containerengine_virtual_node_pool.create_node_pool_details0",
            "oci_core_default_route_table.generated_oci_core_default_route_table",
            "oci_core_internet_gateway.generated_oci_core_internet_gateway",
            "oci_core_nat_gateway.generated_oci_core_nat_gateway",
            "oci_core_network_security_group.KubeAPI_server_security_group",
            "oci_core_network_security_group.pod_network_security_group",
            "oci_core_network_security_group.virtual_node_network_security_group",
            "oci_core_route_table.generated_oci_core_route_table",
            "oci_core_service_gateway.generated_oci_core_service_gateway",
            "oci_core_subnet.kubernetes_api_endpoint_subnet",
            "oci_core_subnet.node_subnet",
            "oci_core_subnet.pod_subnet",
            "oci_core_subnet.service_lb_subnet",
            "oci_core_vcn.generated_oci_core_vcn"
          ]
        }
      ]
    },
    {
      "mode": "managed",
      "type": "null_resource",
      "name": "annotate_ingress_controller",
      "provider": "provider[\"registry.terraform.io/hashicorp/null\"]",
      "instances": [
        {
          "index_key": 0,
          "schema_version": 0,
          "attributes": {
            "id": "1628899631170770168",
            "triggers": null
          },
          "sensitive_attributes": [],
          "dependencies": [
            "data.oci_containerengine_cluster_kube_config.virtual_cluster_kube_config",
            "data.oci_core_services.all_oci_services",
            "data.oci_identity_availability_domains.ad",
            "data.oci_identity_fault_domains.fd",
            "local_file.kubeconfig",
            "null_resource.create_ingress_controller",
            "oci_containerengine_cluster.generated_oci_containerengine_cluster",
            "oci_containerengine_virtual_node_pool.create_node_pool_details0",
            "oci_core_default_route_table.generated_oci_core_default_route_table",
            "oci_core_internet_gateway.generated_oci_core_internet_gateway",
            "oci_core_nat_gateway.generated_oci_core_nat_gateway",
            "oci_core_network_security_group.KubeAPI_server_security_group",
            "oci_core_network_security_group.ingress_controller",
            "oci_core_network_security_group.pod_network_security_group",
            "oci_core_network_security_group.virtual_node_network_security_group",
            "oci_core_route_table.generated_oci_core_route_table",
            "oci_core_service_gateway.generated_oci_core_service_gateway",
            "oci_core_subnet.kubernetes_api_endpoint_subnet",
            "oci_core_subnet.node_subnet",
            "oci_core_subnet.pod_subnet",
            "oci_core_subnet.service_lb_subnet",
            "oci_core_vcn.generated_oci_core_vcn",
            "time_sleep.wait_1min_demo2",
            "time_sleep.wait_1min_demo3"
          ]
        }
      ]
    },
    {
      "mode": "managed",
      "type": "null_resource",
      "name": "create_ingress_controller",
      "provider": "provider[\"registry.terraform.io/hashicorp/null\"]",
      "instances": [
        {
          "index_key": 0,
          "schema_version": 0,
          "attributes": {
            "id": "4914324748646609194",
            "triggers": null
          },
          "sensitive_attributes": [],
          "dependencies": [
            "data.oci_containerengine_cluster_kube_config.virtual_cluster_kube_config",
            "data.oci_core_services.all_oci_services",
            "data.oci_identity_availability_domains.ad",
            "data.oci_identity_fault_domains.fd",
            "local_file.kubeconfig",
            "oci_containerengine_cluster.generated_oci_containerengine_cluster",
            "oci_containerengine_virtual_node_pool.create_node_pool_details0",
            "oci_core_default_route_table.generated_oci_core_default_route_table",
            "oci_core_internet_gateway.generated_oci_core_internet_gateway",
            "oci_core_nat_gateway.generated_oci_core_nat_gateway",
            "oci_core_network_security_group.KubeAPI_server_security_group",
            "oci_core_network_security_group.pod_network_security_group",
            "oci_core_network_security_group.virtual_node_network_security_group",
            "oci_core_route_table.generated_oci_core_route_table",
            "oci_core_service_gateway.generated_oci_core_service_gateway",
            "oci_core_subnet.kubernetes_api_endpoint_subnet",
            "oci_core_subnet.node_subnet",
            "oci_core_subnet.pod_subnet",
            "oci_core_subnet.service_lb_subnet",
            "oci_core_vcn.generated_oci_core_vcn",
            "time_sleep.wait_1min_demo2"
          ]
        }
      ]
    },
    {
      "mode": "managed",
      "type": "null_resource",
      "name": "create_metrics_server",
      "provider": "provider[\"registry.terraform.io/hashicorp/null\"]",
      "instances": [
        {
          "index_key": 0,
          "schema_version": 0,
          "attributes": {
            "id": "2453788573180656714",
            "triggers": null
          },
          "sensitive_attributes": [],
          "dependencies": [
            "data.oci_containerengine_cluster_kube_config.virtual_cluster_kube_config",
            "data.oci_core_services.all_oci_services",
            "data.oci_identity_availability_domains.ad",
            "data.oci_identity_fault_domains.fd",
            "local_file.kubeconfig",
            "oci_containerengine_cluster.generated_oci_containerengine_cluster",
            "oci_containerengine_virtual_node_pool.create_node_pool_details0",
            "oci_core_default_route_table.generated_oci_core_default_route_table",
            "oci_core_internet_gateway.generated_oci_core_internet_gateway",
            "oci_core_nat_gateway.generated_oci_core_nat_gateway",
            "oci_core_network_security_group.KubeAPI_server_security_group",
            "oci_core_network_security_group.pod_network_security_group",
            "oci_core_network_security_group.virtual_node_network_security_group",
            "oci_core_route_table.generated_oci_core_route_table",
            "oci_core_service_gateway.generated_oci_core_service_gateway",
            "oci_core_subnet.kubernetes_api_endpoint_subnet",
            "oci_core_subnet.node_subnet",
            "oci_core_subnet.pod_subnet",
            "oci_core_subnet.service_lb_subnet",
            "oci_core_vcn.generated_oci_core_vcn",
            "time_sleep.wait_1min_demo"
          ]
        }
      ]
    },
    {
      "mode": "managed",
      "type": "oci_containerengine_cluster",
      "name": "generated_oci_containerengine_cluster",
      "provider": "provider[\"registry.terraform.io/hashicorp/oci\"]",
      "instances": [
        {
          "schema_version": 0,
          "attributes": {
            "available_kubernetes_upgrades": [
              "v1.26.2"
            ],
            "cluster_pod_network_options": [
              {
                "cni_type": "OCI_VCN_IP_NATIVE"
              }
            ],
            "compartment_id": "ocid1.compartment.oc1..aaaaaaaaucuuv3bavrptzr563nq5bpo55t7lk5p4zvr25n77i54jl2eykhbq",
            "defined_tags": {
              "Oracle-Tags.CreatedBy": "identitycloudservice/chiping.hwang@oracle.com",
              "Oracle-Tags.CreatedOn": "2023-05-11T07:04:58.695Z",
              "ops.CreatedBy": "identitycloudservice/chiping.hwang@oracle.com",
              "ops.CreationDate": "2023-05-11T07:04:58.695Z"
            },
            "endpoint_config": [
              {
                "is_public_ip_enabled": true,
                "nsg_ids": [
                  "ocid1.networksecuritygroup.oc1.us-sanjose-1.aaaaaaaacomvtpwugajtzk4vxbtsdemaxbxmhk7oj2haovmsv7s7rrsemg5a"
                ],
                "subnet_id": "ocid1.subnet.oc1.us-sanjose-1.aaaaaaaave6cpnz3surdmfwxygqehef2gwz5z6d5l4fmqoooejl4gg6pmdsa"
              }
            ],
            "endpoints": [
              {
                "kubernetes": "",
                "private_endpoint": "10.0.0.2:6443",
                "public_endpoint": "152.70.117.170:6443",
                "vcn_hostname_endpoint": ""
              }
            ],
            "freeform_tags": {
              "OKEclusterName": "oke-cluster"
            },
            "id": "ocid1.cluster.oc1.us-sanjose-1.aaaaaaaa2xspwbxiwtchdps6ljbhhhlhxsftbq6jandv52sjpc5az4k5cylq",
            "image_policy_config": [
              {
                "is_policy_enabled": false,
                "key_details": []
              }
            ],
            "kms_key_id": null,
            "kubernetes_version": "v1.25.4",
            "lifecycle_details": null,
            "metadata": [
              {
                "created_by_user_id": "ocid1.user.oc1..aaaaaaaao7mct2dugqn6ymsm2mncrthv2q2zcbh7emcgwmckswmaiboiargq",
                "created_by_work_request_id": "ocid1.clustersworkrequest.oc1.us-sanjose-1.aaaaaaaah5pzlx43ovcj7umzfllbc5b67yyq7ejhfho5qajxow7pcn6y2c5a",
                "deleted_by_user_id": "",
                "deleted_by_work_request_id": "",
                "time_created": "2023-05-11 07:04:59 +0000 UTC",
                "time_deleted": "",
                "time_updated": "",
                "updated_by_user_id": "",
                "updated_by_work_request_id": ""
              }
            ],
            "name": "oke-cluster-virtual-nodes",
            "options": [
              {
                "add_ons": [
                  {
                    "is_kubernetes_dashboard_enabled": false,
                    "is_tiller_enabled": false
                  }
                ],
                "admission_controller_options": [
                  {
                    "is_pod_security_policy_enabled": false
                  }
                ],
                "kubernetes_network_config": [
                  {
                    "pods_cidr": "10.244.0.0/16",
                    "services_cidr": "10.96.0.0/16"
                  }
                ],
                "persistent_volume_config": [
                  {
                    "defined_tags": {},
                    "freeform_tags": {
                      "OKEclusterName": "oke-cluster"
                    }
                  }
                ],
                "service_lb_config": [
                  {
                    "defined_tags": {},
                    "freeform_tags": {
                      "OKEclusterName": "oke-cluster"
                    }
                  }
                ],
                "service_lb_subnet_ids": [
                  "ocid1.subnet.oc1.us-sanjose-1.aaaaaaaakx73n6kufrtctoadri2iqz3dtw5oxlsmtkdadkeg3tpyqu2bpm2q"
                ]
              }
            ],
            "state": "ACTIVE",
            "timeouts": null,
            "type": "ENHANCED_CLUSTER",
            "vcn_id": "ocid1.vcn.oc1.us-sanjose-1.amaaaaaanlc5nbyadffes45kbyukft6dsdt36hux3hgc3gf3rcrht5ywqdtq"
          },
          "sensitive_attributes": [],
          "private": "eyJlMmJmYjczMC1lY2FhLTExZTYtOGY4OC0zNDM2M2JjN2M0YzAiOnsiY3JlYXRlIjozNjAwMDAwMDAwMDAwLCJkZWxldGUiOjM2MDAwMDAwMDAwMDAsInVwZGF0ZSI6MzYwMDAwMDAwMDAwMH19",
          "dependencies": [
            "oci_core_default_route_table.generated_oci_core_default_route_table",
            "oci_core_internet_gateway.generated_oci_core_internet_gateway",
            "oci_core_network_security_group.KubeAPI_server_security_group",
            "oci_core_subnet.kubernetes_api_endpoint_subnet",
            "oci_core_subnet.service_lb_subnet",
            "oci_core_vcn.generated_oci_core_vcn"
          ]
        }
      ]
    },
    {
      "mode": "managed",
      "type": "oci_containerengine_virtual_node_pool",
      "name": "create_node_pool_details0",
      "provider": "provider[\"registry.terraform.io/hashicorp/oci\"]",
      "instances": [
        {
          "schema_version": 0,
          "attributes": {
            "cluster_id": "ocid1.cluster.oc1.us-sanjose-1.aaaaaaaa2xspwbxiwtchdps6ljbhhhlhxsftbq6jandv52sjpc5az4k5cylq",
            "compartment_id": "ocid1.compartment.oc1..aaaaaaaaucuuv3bavrptzr563nq5bpo55t7lk5p4zvr25n77i54jl2eykhbq",
            "defined_tags": {
              "Oracle-Tags.CreatedBy": "identitycloudservice/chiping.hwang@oracle.com",
              "Oracle-Tags.CreatedOn": "2023-05-11T07:15:15.385Z",
              "ops.CreatedBy": "identitycloudservice/chiping.hwang@oracle.com",
              "ops.CreationDate": "2023-05-11T07:15:15.385Z"
            },
            "display_name": "Oke_virtual_node",
            "freeform_tags": {
              "OKEnodePoolName": "pool1"
            },
            "id": "ocid1.virtualnodepool.oc1.us-sanjose-1.amaaaaaanlc5nbyaive4nfz4aejwpj4syv3td77awp4c5rptg5qbjurshcdq",
            "initial_virtual_node_labels": [],
            "kubernetes_version": "v1.25.4",
            "lifecycle_details": null,
            "nsg_ids": [
              "ocid1.networksecuritygroup.oc1.us-sanjose-1.aaaaaaaaa3pbvbqmhpchgvdddt2bb5643sgwty5hmwpvkiarcwmekfard5xa"
            ],
            "placement_configurations": [
              {
                "availability_domain": "GrCh:US-SANJOSE-1-AD-1",
                "fault_domain": [
                  "FAULT-DOMAIN-1"
                ],
                "subnet_id": "ocid1.subnet.oc1.us-sanjose-1.aaaaaaaa25icd37xhzqvtclug3j77iqhudccsxeyt6zbdy2rtely3adov7mq"
              }
            ],
            "pod_configuration": [
              {
                "nsg_ids": [
                  "ocid1.networksecuritygroup.oc1.us-sanjose-1.aaaaaaaakhgit2odcuynq7k2agcgwarlhkh4exlguo452cm2zswxet3oarka"
                ],
                "shape": "Pod.Standard.E4.Flex",
                "subnet_id": "ocid1.subnet.oc1.us-sanjose-1.aaaaaaaakqqq6gdmctsvuxeamsnlckshhuu25gs37wiha7jvgumj7ufn7e3a"
              }
            ],
            "size": 3,
            "state": "ACTIVE",
            "system_tags": {},
            "taints": [],
            "time_created": "2023-05-11 07:15:15 +0000 UTC",
            "time_updated": "2023-05-11 07:15:15 +0000 UTC",
            "timeouts": null,
            "virtual_node_tags": [
              {
                "defined_tags": {},
                "freeform_tags": {}
              }
            ]
          },
          "sensitive_attributes": [],
          "private": "eyJlMmJmYjczMC1lY2FhLTExZTYtOGY4OC0zNDM2M2JjN2M0YzAiOnsiY3JlYXRlIjoxMjAwMDAwMDAwMDAwLCJkZWxldGUiOjEyMDAwMDAwMDAwMDAsInVwZGF0ZSI6MTIwMDAwMDAwMDAwMH19",
          "dependencies": [
            "data.oci_core_services.all_oci_services",
            "data.oci_identity_availability_domains.ad",
            "data.oci_identity_fault_domains.fd",
            "oci_containerengine_cluster.generated_oci_containerengine_cluster",
            "oci_core_default_route_table.generated_oci_core_default_route_table",
            "oci_core_internet_gateway.generated_oci_core_internet_gateway",
            "oci_core_nat_gateway.generated_oci_core_nat_gateway",
            "oci_core_network_security_group.KubeAPI_server_security_group",
            "oci_core_network_security_group.pod_network_security_group",
            "oci_core_network_security_group.virtual_node_network_security_group",
            "oci_core_route_table.generated_oci_core_route_table",
            "oci_core_service_gateway.generated_oci_core_service_gateway",
            "oci_core_subnet.kubernetes_api_endpoint_subnet",
            "oci_core_subnet.node_subnet",
            "oci_core_subnet.pod_subnet",
            "oci_core_subnet.service_lb_subnet",
            "oci_core_vcn.generated_oci_core_vcn"
          ]
        }
      ]
    },
    {
      "mode": "managed",
      "type": "oci_core_default_route_table",
      "name": "generated_oci_core_default_route_table",
      "provider": "provider[\"registry.terraform.io/hashicorp/oci\"]",
      "instances": [
        {
          "schema_version": 0,
          "attributes": {
            "compartment_id": "ocid1.compartment.oc1..aaaaaaaaucuuv3bavrptzr563nq5bpo55t7lk5p4zvr25n77i54jl2eykhbq",
            "defined_tags": {
              "Oracle-Tags.CreatedBy": "identitycloudservice/chiping.hwang@oracle.com",
              "Oracle-Tags.CreatedOn": "2023-05-11T07:04:50.586Z",
              "ops.CreatedBy": "identitycloudservice/chiping.hwang@oracle.com",
              "ops.CreationDate": "2023-05-11T07:04:50.586Z"
            },
            "display_name": "oke-public-routetable",
            "freeform_tags": {},
            "id": "ocid1.routetable.oc1.us-sanjose-1.aaaaaaaanzivihefdvfm35d4yfpk72nc7p6aucmbs6r2g5pyrwfea4hide3q",
            "manage_default_resource_id": "ocid1.routetable.oc1.us-sanjose-1.aaaaaaaanzivihefdvfm35d4yfpk72nc7p6aucmbs6r2g5pyrwfea4hide3q",
            "route_rules": [
              {
                "cidr_block": "",
                "description": "traffic to/from internet",
                "destination": "0.0.0.0/0",
                "destination_type": "CIDR_BLOCK",
                "network_entity_id": "ocid1.internetgateway.oc1.us-sanjose-1.aaaaaaaakoscag72iaaazp7r5iu6ixcf75c7kqdlvjxn2uzyh23e7ffskjia",
                "route_type": ""
              }
            ],
            "state": "AVAILABLE",
            "time_created": "2023-05-11 07:04:50.707 +0000 UTC",
            "timeouts": null
          },
          "sensitive_attributes": [],
          "private": "eyJlMmJmYjczMC1lY2FhLTExZTYtOGY4OC0zNDM2M2JjN2M0YzAiOnsiY3JlYXRlIjoxMjAwMDAwMDAwMDAwLCJkZWxldGUiOjEyMDAwMDAwMDAwMDAsInVwZGF0ZSI6MTIwMDAwMDAwMDAwMH19",
          "dependencies": [
            "oci_core_internet_gateway.generated_oci_core_internet_gateway",
            "oci_core_vcn.generated_oci_core_vcn"
          ]
        }
      ]
    },
    {
      "mode": "managed",
      "type": "oci_core_internet_gateway",
      "name": "generated_oci_core_internet_gateway",
      "provider": "provider[\"registry.terraform.io/hashicorp/oci\"]",
      "instances": [
        {
          "schema_version": 0,
          "attributes": {
            "compartment_id": "ocid1.compartment.oc1..aaaaaaaaucuuv3bavrptzr563nq5bpo55t7lk5p4zvr25n77i54jl2eykhbq",
            "defined_tags": {
              "Oracle-Tags.CreatedBy": "identitycloudservice/chiping.hwang@oracle.com",
              "Oracle-Tags.CreatedOn": "2023-05-11T07:04:51.561Z",
              "ops.CreatedBy": "identitycloudservice/chiping.hwang@oracle.com",
              "ops.CreationDate": "2023-05-11T07:04:51.561Z"
            },
            "display_name": "oke-igw-cluster",
            "enabled": true,
            "freeform_tags": {},
            "id": "ocid1.internetgateway.oc1.us-sanjose-1.aaaaaaaakoscag72iaaazp7r5iu6ixcf75c7kqdlvjxn2uzyh23e7ffskjia",
            "route_table_id": null,
            "state": "AVAILABLE",
            "time_created": "2023-05-11 07:04:51.602 +0000 UTC",
            "timeouts": null,
            "vcn_id": "ocid1.vcn.oc1.us-sanjose-1.amaaaaaanlc5nbyadffes45kbyukft6dsdt36hux3hgc3gf3rcrht5ywqdtq"
          },
          "sensitive_attributes": [],
          "private": "eyJlMmJmYjczMC1lY2FhLTExZTYtOGY4OC0zNDM2M2JjN2M0YzAiOnsiY3JlYXRlIjoxMjAwMDAwMDAwMDAwLCJkZWxldGUiOjEyMDAwMDAwMDAwMDAsInVwZGF0ZSI6MTIwMDAwMDAwMDAwMH19",
          "dependencies": [
            "oci_core_vcn.generated_oci_core_vcn"
          ]
        }
      ]
    },
    {
      "mode": "managed",
      "type": "oci_core_nat_gateway",
      "name": "generated_oci_core_nat_gateway",
      "provider": "provider[\"registry.terraform.io/hashicorp/oci\"]",
      "instances": [
        {
          "schema_version": 0,
          "attributes": {
            "block_traffic": false,
            "compartment_id": "ocid1.compartment.oc1..aaaaaaaaucuuv3bavrptzr563nq5bpo55t7lk5p4zvr25n77i54jl2eykhbq",
            "defined_tags": {
              "Oracle-Tags.CreatedBy": "identitycloudservice/chiping.hwang@oracle.com",
              "Oracle-Tags.CreatedOn": "2023-05-11T07:04:51.422Z",
              "ops.CreatedBy": "identitycloudservice/chiping.hwang@oracle.com",
              "ops.CreationDate": "2023-05-11T07:04:51.422Z"
            },
            "display_name": "oke-ngw-cluster",
            "freeform_tags": {},
            "id": "ocid1.natgateway.oc1.us-sanjose-1.aaaaaaaaxzzfia7m6zkkzakta3qaswurzp5ok37d7msxliybcpcknc4dh24a",
            "nat_ip": "129.159.38.6",
            "public_ip_id": "ocid1.publicip.oc1.us-sanjose-1.aaaaaaaarauylr6hxw426xuafwdu6qi7px4vkcex526kg6gr65zlmq5wdzaa",
            "route_table_id": null,
            "state": "AVAILABLE",
            "time_created": "2023-05-11 07:04:51.785 +0000 UTC",
            "timeouts": null,
            "vcn_id": "ocid1.vcn.oc1.us-sanjose-1.amaaaaaanlc5nbyadffes45kbyukft6dsdt36hux3hgc3gf3rcrht5ywqdtq"
          },
          "sensitive_attributes": [],
          "private": "eyJlMmJmYjczMC1lY2FhLTExZTYtOGY4OC0zNDM2M2JjN2M0YzAiOnsiY3JlYXRlIjoxMjAwMDAwMDAwMDAwLCJkZWxldGUiOjEyMDAwMDAwMDAwMDAsInVwZGF0ZSI6MTIwMDAwMDAwMDAwMH19",
          "dependencies": [
            "oci_core_vcn.generated_oci_core_vcn"
          ]
        }
      ]
    },
    {
      "mode": "managed",
      "type": "oci_core_network_security_group",
      "name": "KubeAPI_server_security_group",
      "provider": "provider[\"registry.terraform.io/hashicorp/oci\"]",
      "instances": [
        {
          "schema_version": 0,
          "attributes": {
            "compartment_id": "ocid1.compartment.oc1..aaaaaaaaucuuv3bavrptzr563nq5bpo55t7lk5p4zvr25n77i54jl2eykhbq",
            "defined_tags": {
              "Oracle-Tags.CreatedBy": "identitycloudservice/chiping.hwang@oracle.com",
              "Oracle-Tags.CreatedOn": "2023-05-11T07:04:51.475Z",
              "ops.CreatedBy": "identitycloudservice/chiping.hwang@oracle.com",
              "ops.CreationDate": "2023-05-11T07:04:51.475Z"
            },
            "display_name": "kubeAPI_Server_security_group",
            "freeform_tags": {},
            "id": "ocid1.networksecuritygroup.oc1.us-sanjose-1.aaaaaaaacomvtpwugajtzk4vxbtsdemaxbxmhk7oj2haovmsv7s7rrsemg5a",
            "state": "AVAILABLE",
            "time_created": "2023-05-11 07:04:52.404 +0000 UTC",
            "timeouts": null,
            "vcn_id": "ocid1.vcn.oc1.us-sanjose-1.amaaaaaanlc5nbyadffes45kbyukft6dsdt36hux3hgc3gf3rcrht5ywqdtq"
          },
          "sensitive_attributes": [],
          "private": "eyJlMmJmYjczMC1lY2FhLTExZTYtOGY4OC0zNDM2M2JjN2M0YzAiOnsiY3JlYXRlIjoxMjAwMDAwMDAwMDAwLCJkZWxldGUiOjEyMDAwMDAwMDAwMDAsInVwZGF0ZSI6MTIwMDAwMDAwMDAwMH19",
          "dependencies": [
            "oci_core_vcn.generated_oci_core_vcn"
          ]
        }
      ]
    },
    {
      "mode": "managed",
      "type": "oci_core_network_security_group",
      "name": "ingress_controller",
      "provider": "provider[\"registry.terraform.io/hashicorp/oci\"]",
      "instances": [
        {
          "schema_version": 0,
          "attributes": {
            "compartment_id": "ocid1.compartment.oc1..aaaaaaaaucuuv3bavrptzr563nq5bpo55t7lk5p4zvr25n77i54jl2eykhbq",
            "defined_tags": {
              "Oracle-Tags.CreatedBy": "identitycloudservice/chiping.hwang@oracle.com",
              "Oracle-Tags.CreatedOn": "2023-05-11T07:04:51.481Z",
              "ops.CreatedBy": "identitycloudservice/chiping.hwang@oracle.com",
              "ops.CreationDate": "2023-05-11T07:04:51.481Z"
            },
            "display_name": "Ingress_controller_security_group",
            "freeform_tags": {},
            "id": "ocid1.networksecuritygroup.oc1.us-sanjose-1.aaaaaaaa5gagv33biiyjmol3zr6nidvt33dbyjj63i7s5fpgrsrhblue2zra",
            "state": "AVAILABLE",
            "time_created": "2023-05-11 07:04:52.522 +0000 UTC",
            "timeouts": null,
            "vcn_id": "ocid1.vcn.oc1.us-sanjose-1.amaaaaaanlc5nbyadffes45kbyukft6dsdt36hux3hgc3gf3rcrht5ywqdtq"
          },
          "sensitive_attributes": [],
          "private": "eyJlMmJmYjczMC1lY2FhLTExZTYtOGY4OC0zNDM2M2JjN2M0YzAiOnsiY3JlYXRlIjoxMjAwMDAwMDAwMDAwLCJkZWxldGUiOjEyMDAwMDAwMDAwMDAsInVwZGF0ZSI6MTIwMDAwMDAwMDAwMH19",
          "dependencies": [
            "oci_core_vcn.generated_oci_core_vcn"
          ]
        }
      ]
    },
    {
      "mode": "managed",
      "type": "oci_core_network_security_group",
      "name": "pod_network_security_group",
      "provider": "provider[\"registry.terraform.io/hashicorp/oci\"]",
      "instances": [
        {
          "schema_version": 0,
          "attributes": {
            "compartment_id": "ocid1.compartment.oc1..aaaaaaaaucuuv3bavrptzr563nq5bpo55t7lk5p4zvr25n77i54jl2eykhbq",
            "defined_tags": {
              "Oracle-Tags.CreatedBy": "identitycloudservice/chiping.hwang@oracle.com",
              "Oracle-Tags.CreatedOn": "2023-05-11T07:04:51.485Z",
              "ops.CreatedBy": "identitycloudservice/chiping.hwang@oracle.com",
              "ops.CreationDate": "2023-05-11T07:04:51.485Z"
            },
            "display_name": "pod_network_security_group",
            "freeform_tags": {},
            "id": "ocid1.networksecuritygroup.oc1.us-sanjose-1.aaaaaaaakhgit2odcuynq7k2agcgwarlhkh4exlguo452cm2zswxet3oarka",
            "state": "AVAILABLE",
            "time_created": "2023-05-11 07:04:52.467 +0000 UTC",
            "timeouts": null,
            "vcn_id": "ocid1.vcn.oc1.us-sanjose-1.amaaaaaanlc5nbyadffes45kbyukft6dsdt36hux3hgc3gf3rcrht5ywqdtq"
          },
          "sensitive_attributes": [],
          "private": "eyJlMmJmYjczMC1lY2FhLTExZTYtOGY4OC0zNDM2M2JjN2M0YzAiOnsiY3JlYXRlIjoxMjAwMDAwMDAwMDAwLCJkZWxldGUiOjEyMDAwMDAwMDAwMDAsInVwZGF0ZSI6MTIwMDAwMDAwMDAwMH19",
          "dependencies": [
            "oci_core_vcn.generated_oci_core_vcn"
          ]
        }
      ]
    },
    {
      "mode": "managed",
      "type": "oci_core_network_security_group",
      "name": "virtual_node_network_security_group",
      "provider": "provider[\"registry.terraform.io/hashicorp/oci\"]",
      "instances": [
        {
          "schema_version": 0,
          "attributes": {
            "compartment_id": "ocid1.compartment.oc1..aaaaaaaaucuuv3bavrptzr563nq5bpo55t7lk5p4zvr25n77i54jl2eykhbq",
            "defined_tags": {
              "Oracle-Tags.CreatedBy": "identitycloudservice/chiping.hwang@oracle.com",
              "Oracle-Tags.CreatedOn": "2023-05-11T07:04:51.496Z",
              "ops.CreatedBy": "identitycloudservice/chiping.hwang@oracle.com",
              "ops.CreationDate": "2023-05-11T07:04:51.496Z"
            },
            "display_name": "Virtual_node_security_group",
            "freeform_tags": {},
            "id": "ocid1.networksecuritygroup.oc1.us-sanjose-1.aaaaaaaaa3pbvbqmhpchgvdddt2bb5643sgwty5hmwpvkiarcwmekfard5xa",
            "state": "AVAILABLE",
            "time_created": "2023-05-11 07:04:51.646 +0000 UTC",
            "timeouts": null,
            "vcn_id": "ocid1.vcn.oc1.us-sanjose-1.amaaaaaanlc5nbyadffes45kbyukft6dsdt36hux3hgc3gf3rcrht5ywqdtq"
          },
          "sensitive_attributes": [],
          "private": "eyJlMmJmYjczMC1lY2FhLTExZTYtOGY4OC0zNDM2M2JjN2M0YzAiOnsiY3JlYXRlIjoxMjAwMDAwMDAwMDAwLCJkZWxldGUiOjEyMDAwMDAwMDAwMDAsInVwZGF0ZSI6MTIwMDAwMDAwMDAwMH19",
          "dependencies": [
            "oci_core_vcn.generated_oci_core_vcn"
          ]
        }
      ]
    },
    {
      "mode": "managed",
      "type": "oci_core_network_security_group_security_rule",
      "name": "OCI_Services",
      "provider": "provider[\"registry.terraform.io/hashicorp/oci\"]",
      "instances": [
        {
          "schema_version": 0,
          "attributes": {
            "description": "allow to OCI services",
            "destination": "all-sjc-services-in-oracle-services-network",
            "destination_type": "SERVICE_CIDR_BLOCK",
            "direction": "EGRESS",
            "icmp_options": [],
            "id": "5DE89B",
            "is_valid": true,
            "network_security_group_id": "ocid1.networksecuritygroup.oc1.us-sanjose-1.aaaaaaaaa3pbvbqmhpchgvdddt2bb5643sgwty5hmwpvkiarcwmekfard5xa",
            "protocol": "all",
            "source": null,
            "source_type": "",
            "stateless": false,
            "tcp_options": [],
            "time_created": "2023-05-11 07:04:52.522 +0000 UTC",
            "timeouts": null,
            "udp_options": []
          },
          "sensitive_attributes": [],
          "private": "eyJlMmJmYjczMC1lY2FhLTExZTYtOGY4OC0zNDM2M2JjN2M0YzAiOnsiY3JlYXRlIjoxMjAwMDAwMDAwMDAwLCJkZWxldGUiOjEyMDAwMDAwMDAwMDAsInVwZGF0ZSI6MTIwMDAwMDAwMDAwMH19",
          "dependencies": [
            "data.oci_core_services.all_oci_services",
            "oci_core_network_security_group.virtual_node_network_security_group",
            "oci_core_vcn.generated_oci_core_vcn"
          ]
        }
      ]
    },
    {
      "mode": "managed",
      "type": "oci_core_network_security_group_security_rule",
      "name": "TCP443_ingress",
      "provider": "provider[\"registry.terraform.io/hashicorp/oci\"]",
      "instances": [
        {
          "schema_version": 0,
          "attributes": {
            "description": "allow 443 to Ingress",
            "destination": null,
            "destination_type": "",
            "direction": "INGRESS",
            "icmp_options": [],
            "id": "899C6D",
            "is_valid": true,
            "network_security_group_id": "ocid1.networksecuritygroup.oc1.us-sanjose-1.aaaaaaaa5gagv33biiyjmol3zr6nidvt33dbyjj63i7s5fpgrsrhblue2zra",
            "protocol": "6",
            "source": "0.0.0.0/0",
            "source_type": "CIDR_BLOCK",
            "stateless": false,
            "tcp_options": [
              {
                "destination_port_range": [
                  {
                    "max": 443,
                    "min": 443
                  }
                ],
                "source_port_range": []
              }
            ],
            "time_created": "2023-05-11 07:04:55.197 +0000 UTC",
            "timeouts": null,
            "udp_options": []
          },
          "sensitive_attributes": [],
          "private": "eyJlMmJmYjczMC1lY2FhLTExZTYtOGY4OC0zNDM2M2JjN2M0YzAiOnsiY3JlYXRlIjoxMjAwMDAwMDAwMDAwLCJkZWxldGUiOjEyMDAwMDAwMDAwMDAsInVwZGF0ZSI6MTIwMDAwMDAwMDAwMH19",
          "dependencies": [
            "oci_core_network_security_group.ingress_controller",
            "oci_core_vcn.generated_oci_core_vcn"
          ]
        }
      ]
    },
    {
      "mode": "managed",
      "type": "oci_core_network_security_group_security_rule",
      "name": "TCP80_ingress",
      "provider": "provider[\"registry.terraform.io/hashicorp/oci\"]",
      "instances": [
        {
          "schema_version": 0,
          "attributes": {
            "description": "allow TCP 80 to Ingress",
            "destination": null,
            "destination_type": "",
            "direction": "INGRESS",
            "icmp_options": [],
            "id": "31FE6B",
            "is_valid": true,
            "network_security_group_id": "ocid1.networksecuritygroup.oc1.us-sanjose-1.aaaaaaaa5gagv33biiyjmol3zr6nidvt33dbyjj63i7s5fpgrsrhblue2zra",
            "protocol": "6",
            "source": "0.0.0.0/0",
            "source_type": "CIDR_BLOCK",
            "stateless": false,
            "tcp_options": [
              {
                "destination_port_range": [
                  {
                    "max": 80,
                    "min": 80
                  }
                ],
                "source_port_range": []
              }
            ],
            "time_created": "2023-05-11 07:04:55.724 +0000 UTC",
            "timeouts": null,
            "udp_options": []
          },
          "sensitive_attributes": [],
          "private": "eyJlMmJmYjczMC1lY2FhLTExZTYtOGY4OC0zNDM2M2JjN2M0YzAiOnsiY3JlYXRlIjoxMjAwMDAwMDAwMDAwLCJkZWxldGUiOjEyMDAwMDAwMDAwMDAsInVwZGF0ZSI6MTIwMDAwMDAwMDAwMH19",
          "dependencies": [
            "oci_core_network_security_group.ingress_controller",
            "oci_core_vcn.generated_oci_core_vcn"
          ]
        }
      ]
    },
    {
      "mode": "managed",
      "type": "oci_core_network_security_group_security_rule",
      "name": "api_network_pod_network",
      "provider": "provider[\"registry.terraform.io/hashicorp/oci\"]",
      "instances": [
        {
          "schema_version": 0,
          "attributes": {
            "description": "allow all from Pod Network",
            "destination": null,
            "destination_type": "",
            "direction": "INGRESS",
            "icmp_options": [],
            "id": "486336",
            "is_valid": true,
            "network_security_group_id": "ocid1.networksecuritygroup.oc1.us-sanjose-1.aaaaaaaakhgit2odcuynq7k2agcgwarlhkh4exlguo452cm2zswxet3oarka",
            "protocol": "all",
            "source": "ocid1.networksecuritygroup.oc1.us-sanjose-1.aaaaaaaakhgit2odcuynq7k2agcgwarlhkh4exlguo452cm2zswxet3oarka",
            "source_type": "NETWORK_SECURITY_GROUP",
            "stateless": false,
            "tcp_options": [],
            "time_created": "2023-05-11 07:04:59.84 +0000 UTC",
            "timeouts": null,
            "udp_options": []
          },
          "sensitive_attributes": [],
          "private": "eyJlMmJmYjczMC1lY2FhLTExZTYtOGY4OC0zNDM2M2JjN2M0YzAiOnsiY3JlYXRlIjoxMjAwMDAwMDAwMDAwLCJkZWxldGUiOjEyMDAwMDAwMDAwMDAsInVwZGF0ZSI6MTIwMDAwMDAwMDAwMH19",
          "dependencies": [
            "oci_core_network_security_group.pod_network_security_group",
            "oci_core_vcn.generated_oci_core_vcn"
          ]
        }
      ]
    },
    {
      "mode": "managed",
      "type": "oci_core_network_security_group_security_rule",
      "name": "api_network_virtual_network1",
      "provider": "provider[\"registry.terraform.io/hashicorp/oci\"]",
      "instances": [
        {
          "schema_version": 0,
          "attributes": {
            "description": "allow TCP 10250 from Pod Network",
            "destination": null,
            "destination_type": "",
            "direction": "INGRESS",
            "icmp_options": [],
            "id": "13BB74",
            "is_valid": true,
            "network_security_group_id": "ocid1.networksecuritygroup.oc1.us-sanjose-1.aaaaaaaaa3pbvbqmhpchgvdddt2bb5643sgwty5hmwpvkiarcwmekfard5xa",
            "protocol": "6",
            "source": "ocid1.networksecuritygroup.oc1.us-sanjose-1.aaaaaaaacomvtpwugajtzk4vxbtsdemaxbxmhk7oj2haovmsv7s7rrsemg5a",
            "source_type": "NETWORK_SECURITY_GROUP",
            "stateless": false,
            "tcp_options": [
              {
                "destination_port_range": [
                  {
                    "max": 10250,
                    "min": 10250
                  }
                ],
                "source_port_range": []
              }
            ],
            "time_created": "2023-05-11 07:04:53.646 +0000 UTC",
            "timeouts": null,
            "udp_options": []
          },
          "sensitive_attributes": [],
          "private": "eyJlMmJmYjczMC1lY2FhLTExZTYtOGY4OC0zNDM2M2JjN2M0YzAiOnsiY3JlYXRlIjoxMjAwMDAwMDAwMDAwLCJkZWxldGUiOjEyMDAwMDAwMDAwMDAsInVwZGF0ZSI6MTIwMDAwMDAwMDAwMH19",
          "dependencies": [
            "oci_core_network_security_group.KubeAPI_server_security_group",
            "oci_core_network_security_group.virtual_node_network_security_group",
            "oci_core_vcn.generated_oci_core_vcn"
          ]
        }
      ]
    },
    {
      "mode": "managed",
      "type": "oci_core_network_security_group_security_rule",
      "name": "api_network_virtual_network_icmp",
      "provider": "provider[\"registry.terraform.io/hashicorp/oci\"]",
      "instances": [
        {
          "schema_version": 0,
          "attributes": {
            "description": "allow icmp from kube API Network",
            "destination": null,
            "destination_type": "",
            "direction": "INGRESS",
            "icmp_options": [],
            "id": "2BE852",
            "is_valid": true,
            "network_security_group_id": "ocid1.networksecuritygroup.oc1.us-sanjose-1.aaaaaaaaa3pbvbqmhpchgvdddt2bb5643sgwty5hmwpvkiarcwmekfard5xa",
            "protocol": "1",
            "source": "ocid1.networksecuritygroup.oc1.us-sanjose-1.aaaaaaaacomvtpwugajtzk4vxbtsdemaxbxmhk7oj2haovmsv7s7rrsemg5a",
            "source_type": "NETWORK_SECURITY_GROUP",
            "stateless": false,
            "tcp_options": [],
            "time_created": "2023-05-11 07:04:53.492 +0000 UTC",
            "timeouts": null,
            "udp_options": []
          },
          "sensitive_attributes": [],
          "private": "eyJlMmJmYjczMC1lY2FhLTExZTYtOGY4OC0zNDM2M2JjN2M0YzAiOnsiY3JlYXRlIjoxMjAwMDAwMDAwMDAwLCJkZWxldGUiOjEyMDAwMDAwMDAwMDAsInVwZGF0ZSI6MTIwMDAwMDAwMDAwMH19",
          "dependencies": [
            "oci_core_network_security_group.KubeAPI_server_security_group",
            "oci_core_network_security_group.virtual_node_network_security_group",
            "oci_core_vcn.generated_oci_core_vcn"
          ]
        }
      ]
    },
    {
      "mode": "managed",
      "type": "oci_core_network_security_group_security_rule",
      "name": "ingress_to_pod1",
      "provider": "provider[\"registry.terraform.io/hashicorp/oci\"]",
      "instances": [
        {
          "schema_version": 0,
          "attributes": {
            "description": "allow 10250 to Node Network",
            "destination": "ocid1.networksecuritygroup.oc1.us-sanjose-1.aaaaaaaakhgit2odcuynq7k2agcgwarlhkh4exlguo452cm2zswxet3oarka",
            "destination_type": "NETWORK_SECURITY_GROUP",
            "direction": "EGRESS",
            "icmp_options": [],
            "id": "65C7D7",
            "is_valid": true,
            "network_security_group_id": "ocid1.networksecuritygroup.oc1.us-sanjose-1.aaaaaaaa5gagv33biiyjmol3zr6nidvt33dbyjj63i7s5fpgrsrhblue2zra",
            "protocol": "6",
            "source": null,
            "source_type": "",
            "stateless": false,
            "tcp_options": [
              {
                "destination_port_range": [
                  {
                    "max": 32767,
                    "min": 30000
                  }
                ],
                "source_port_range": []
              }
            ],
            "time_created": "2023-05-11 07:05:02.553 +0000 UTC",
            "timeouts": null,
            "udp_options": []
          },
          "sensitive_attributes": [],
          "private": "eyJlMmJmYjczMC1lY2FhLTExZTYtOGY4OC0zNDM2M2JjN2M0YzAiOnsiY3JlYXRlIjoxMjAwMDAwMDAwMDAwLCJkZWxldGUiOjEyMDAwMDAwMDAwMDAsInVwZGF0ZSI6MTIwMDAwMDAwMDAwMH19",
          "dependencies": [
            "oci_core_network_security_group.ingress_controller",
            "oci_core_network_security_group.pod_network_security_group",
            "oci_core_vcn.generated_oci_core_vcn"
          ]
        }
      ]
    },
    {
      "mode": "managed",
      "type": "oci_core_network_security_group_security_rule",
      "name": "ingress_to_pod2",
      "provider": "provider[\"registry.terraform.io/hashicorp/oci\"]",
      "instances": [
        {
          "schema_version": 0,
          "attributes": {
            "description": "allow 10256 to Node Network",
            "destination": "ocid1.networksecuritygroup.oc1.us-sanjose-1.aaaaaaaakhgit2odcuynq7k2agcgwarlhkh4exlguo452cm2zswxet3oarka",
            "destination_type": "NETWORK_SECURITY_GROUP",
            "direction": "EGRESS",
            "icmp_options": [],
            "id": "FDD02F",
            "is_valid": true,
            "network_security_group_id": "ocid1.networksecuritygroup.oc1.us-sanjose-1.aaaaaaaa5gagv33biiyjmol3zr6nidvt33dbyjj63i7s5fpgrsrhblue2zra",
            "protocol": "6",
            "source": null,
            "source_type": "",
            "stateless": false,
            "tcp_options": [
              {
                "destination_port_range": [
                  {
                    "max": 10256,
                    "min": 10256
                  }
                ],
                "source_port_range": []
              }
            ],
            "time_created": "2023-05-11 07:04:55.604 +0000 UTC",
            "timeouts": null,
            "udp_options": []
          },
          "sensitive_attributes": [],
          "private": "eyJlMmJmYjczMC1lY2FhLTExZTYtOGY4OC0zNDM2M2JjN2M0YzAiOnsiY3JlYXRlIjoxMjAwMDAwMDAwMDAwLCJkZWxldGUiOjEyMDAwMDAwMDAwMDAsInVwZGF0ZSI6MTIwMDAwMDAwMDAwMH19",
          "dependencies": [
            "oci_core_network_security_group.ingress_controller",
            "oci_core_network_security_group.pod_network_security_group",
            "oci_core_vcn.generated_oci_core_vcn"
          ]
        }
      ]
    },
    {
      "mode": "managed",
      "type": "oci_core_network_security_group_security_rule",
      "name": "kubeAPI_server_Node_10250",
      "provider": "provider[\"registry.terraform.io/hashicorp/oci\"]",
      "instances": [
        {
          "schema_version": 0,
          "attributes": {
            "description": "allow 10250 to Node Network",
            "destination": "ocid1.networksecuritygroup.oc1.us-sanjose-1.aaaaaaaaa3pbvbqmhpchgvdddt2bb5643sgwty5hmwpvkiarcwmekfard5xa",
            "destination_type": "NETWORK_SECURITY_GROUP",
            "direction": "EGRESS",
            "icmp_options": [],
            "id": "F99713",
            "is_valid": true,
            "network_security_group_id": "ocid1.networksecuritygroup.oc1.us-sanjose-1.aaaaaaaacomvtpwugajtzk4vxbtsdemaxbxmhk7oj2haovmsv7s7rrsemg5a",
            "protocol": "6",
            "source": null,
            "source_type": "",
            "stateless": false,
            "tcp_options": [
              {
                "destination_port_range": [
                  {
                    "max": 10250,
                    "min": 10250
                  }
                ],
                "source_port_range": []
              }
            ],
            "time_created": "2023-05-11 07:04:54.386 +0000 UTC",
            "timeouts": null,
            "udp_options": []
          },
          "sensitive_attributes": [],
          "private": "eyJlMmJmYjczMC1lY2FhLTExZTYtOGY4OC0zNDM2M2JjN2M0YzAiOnsiY3JlYXRlIjoxMjAwMDAwMDAwMDAwLCJkZWxldGUiOjEyMDAwMDAwMDAwMDAsInVwZGF0ZSI6MTIwMDAwMDAwMDAwMH19",
          "dependencies": [
            "oci_core_network_security_group.KubeAPI_server_security_group",
            "oci_core_network_security_group.virtual_node_network_security_group",
            "oci_core_vcn.generated_oci_core_vcn"
          ]
        }
      ]
    },
    {
      "mode": "managed",
      "type": "oci_core_network_security_group_security_rule",
      "name": "kubeAPI_server_POD_ALL",
      "provider": "provider[\"registry.terraform.io/hashicorp/oci\"]",
      "instances": [
        {
          "schema_version": 0,
          "attributes": {
            "description": "allow all to POD Network",
            "destination": "ocid1.networksecuritygroup.oc1.us-sanjose-1.aaaaaaaakhgit2odcuynq7k2agcgwarlhkh4exlguo452cm2zswxet3oarka",
            "destination_type": "NETWORK_SECURITY_GROUP",
            "direction": "EGRESS",
            "icmp_options": [],
            "id": "18F5FB",
            "is_valid": true,
            "network_security_group_id": "ocid1.networksecuritygroup.oc1.us-sanjose-1.aaaaaaaacomvtpwugajtzk4vxbtsdemaxbxmhk7oj2haovmsv7s7rrsemg5a",
            "protocol": "6",
            "source": null,
            "source_type": "",
            "stateless": false,
            "tcp_options": [],
            "time_created": "2023-05-11 07:04:54.857 +0000 UTC",
            "timeouts": null,
            "udp_options": []
          },
          "sensitive_attributes": [],
          "private": "eyJlMmJmYjczMC1lY2FhLTExZTYtOGY4OC0zNDM2M2JjN2M0YzAiOnsiY3JlYXRlIjoxMjAwMDAwMDAwMDAwLCJkZWxldGUiOjEyMDAwMDAwMDAwMDAsInVwZGF0ZSI6MTIwMDAwMDAwMDAwMH19",
          "dependencies": [
            "oci_core_network_security_group.KubeAPI_server_security_group",
            "oci_core_network_security_group.pod_network_security_group",
            "oci_core_vcn.generated_oci_core_vcn"
          ]
        }
      ]
    },
    {
      "mode": "managed",
      "type": "oci_core_network_security_group_security_rule",
      "name": "kubeAPI_server_ingress_TCP_6443",
      "provider": "provider[\"registry.terraform.io/hashicorp/oci\"]",
      "instances": [
        {
          "schema_version": 0,
          "attributes": {
            "description": "allow KubeAPI ingress TCP 6443",
            "destination": null,
            "destination_type": "",
            "direction": "INGRESS",
            "icmp_options": [],
            "id": "A45E67",
            "is_valid": true,
            "network_security_group_id": "ocid1.networksecuritygroup.oc1.us-sanjose-1.aaaaaaaacomvtpwugajtzk4vxbtsdemaxbxmhk7oj2haovmsv7s7rrsemg5a",
            "protocol": "6",
            "source": "0.0.0.0/0",
            "source_type": "CIDR_BLOCK",
            "stateless": false,
            "tcp_options": [
              {
                "destination_port_range": [
                  {
                    "max": 6443,
                    "min": 6443
                  }
                ],
                "source_port_range": []
              }
            ],
            "time_created": "2023-05-11 07:04:55.2 +0000 UTC",
            "timeouts": null,
            "udp_options": []
          },
          "sensitive_attributes": [],
          "private": "eyJlMmJmYjczMC1lY2FhLTExZTYtOGY4OC0zNDM2M2JjN2M0YzAiOnsiY3JlYXRlIjoxMjAwMDAwMDAwMDAwLCJkZWxldGUiOjEyMDAwMDAwMDAwMDAsInVwZGF0ZSI6MTIwMDAwMDAwMDAwMH19",
          "dependencies": [
            "oci_core_network_security_group.KubeAPI_server_security_group",
            "oci_core_vcn.generated_oci_core_vcn"
          ]
        }
      ]
    },
    {
      "mode": "managed",
      "type": "oci_core_network_security_group_security_rule",
      "name": "kubeAPI_server_ingress_TCP_6443_node",
      "provider": "provider[\"registry.terraform.io/hashicorp/oci\"]",
      "instances": [
        {
          "schema_version": 0,
          "attributes": {
            "description": "allow KubeAPI ingress TCP 6443",
            "destination": null,
            "destination_type": "",
            "direction": "INGRESS",
            "icmp_options": [],
            "id": "7C1A1C",
            "is_valid": true,
            "network_security_group_id": "ocid1.networksecuritygroup.oc1.us-sanjose-1.aaaaaaaacomvtpwugajtzk4vxbtsdemaxbxmhk7oj2haovmsv7s7rrsemg5a",
            "protocol": "6",
            "source": "ocid1.networksecuritygroup.oc1.us-sanjose-1.aaaaaaaaa3pbvbqmhpchgvdddt2bb5643sgwty5hmwpvkiarcwmekfard5xa",
            "source_type": "NETWORK_SECURITY_GROUP",
            "stateless": false,
            "tcp_options": [
              {
                "destination_port_range": [
                  {
                    "max": 6443,
                    "min": 6443
                  }
                ],
                "source_port_range": []
              }
            ],
            "time_created": "2023-05-11 07:04:53.146 +0000 UTC",
            "timeouts": null,
            "udp_options": []
          },
          "sensitive_attributes": [],
          "private": "eyJlMmJmYjczMC1lY2FhLTExZTYtOGY4OC0zNDM2M2JjN2M0YzAiOnsiY3JlYXRlIjoxMjAwMDAwMDAwMDAwLCJkZWxldGUiOjEyMDAwMDAwMDAwMDAsInVwZGF0ZSI6MTIwMDAwMDAwMDAwMH19",
          "dependencies": [
            "oci_core_network_security_group.KubeAPI_server_security_group",
            "oci_core_network_security_group.virtual_node_network_security_group",
            "oci_core_vcn.generated_oci_core_vcn"
          ]
        }
      ]
    },
    {
      "mode": "managed",
      "type": "oci_core_network_security_group_security_rule",
      "name": "kubeAPI_server_ingress_TCP_6443_pod",
      "provider": "provider[\"registry.terraform.io/hashicorp/oci\"]",
      "instances": [
        {
          "schema_version": 0,
          "attributes": {
            "description": "allow KubeAPI ingress TCP 6443",
            "destination": null,
            "destination_type": "",
            "direction": "INGRESS",
            "icmp_options": [],
            "id": "CD9514",
            "is_valid": true,
            "network_security_group_id": "ocid1.networksecuritygroup.oc1.us-sanjose-1.aaaaaaaacomvtpwugajtzk4vxbtsdemaxbxmhk7oj2haovmsv7s7rrsemg5a",
            "protocol": "6",
            "source": "ocid1.networksecuritygroup.oc1.us-sanjose-1.aaaaaaaakhgit2odcuynq7k2agcgwarlhkh4exlguo452cm2zswxet3oarka",
            "source_type": "NETWORK_SECURITY_GROUP",
            "stateless": false,
            "tcp_options": [
              {
                "destination_port_range": [
                  {
                    "max": 6443,
                    "min": 6443
                  }
                ],
                "source_port_range": []
              }
            ],
            "time_created": "2023-05-11 07:05:03.232 +0000 UTC",
            "timeouts": null,
            "udp_options": []
          },
          "sensitive_attributes": [],
          "private": "eyJlMmJmYjczMC1lY2FhLTExZTYtOGY4OC0zNDM2M2JjN2M0YzAiOnsiY3JlYXRlIjoxMjAwMDAwMDAwMDAwLCJkZWxldGUiOjEyMDAwMDAwMDAwMDAsInVwZGF0ZSI6MTIwMDAwMDAwMDAwMH19",
          "dependencies": [
            "oci_core_network_security_group.KubeAPI_server_security_group",
            "oci_core_network_security_group.pod_network_security_group",
            "oci_core_vcn.generated_oci_core_vcn"
          ]
        }
      ]
    },
    {
      "mode": "managed",
      "type": "oci_core_network_security_group_security_rule",
      "name": "kubeAPI_server_node_12250",
      "provider": "provider[\"registry.terraform.io/hashicorp/oci\"]",
      "instances": [
        {
          "schema_version": 0,
          "attributes": {
            "description": "allow node security group TCP 12250",
            "destination": null,
            "destination_type": "",
            "direction": "INGRESS",
            "icmp_options": [],
            "id": "9F044A",
            "is_valid": true,
            "network_security_group_id": "ocid1.networksecuritygroup.oc1.us-sanjose-1.aaaaaaaacomvtpwugajtzk4vxbtsdemaxbxmhk7oj2haovmsv7s7rrsemg5a",
            "protocol": "6",
            "source": "ocid1.networksecuritygroup.oc1.us-sanjose-1.aaaaaaaaa3pbvbqmhpchgvdddt2bb5643sgwty5hmwpvkiarcwmekfard5xa",
            "source_type": "NETWORK_SECURITY_GROUP",
            "stateless": false,
            "tcp_options": [
              {
                "destination_port_range": [
                  {
                    "max": 12250,
                    "min": 12250
                  }
                ],
                "source_port_range": []
              }
            ],
            "time_created": "2023-05-11 07:04:54.583 +0000 UTC",
            "timeouts": null,
            "udp_options": []
          },
          "sensitive_attributes": [],
          "private": "eyJlMmJmYjczMC1lY2FhLTExZTYtOGY4OC0zNDM2M2JjN2M0YzAiOnsiY3JlYXRlIjoxMjAwMDAwMDAwMDAwLCJkZWxldGUiOjEyMDAwMDAwMDAwMDAsInVwZGF0ZSI6MTIwMDAwMDAwMDAwMH19",
          "dependencies": [
            "oci_core_network_security_group.KubeAPI_server_security_group",
            "oci_core_network_security_group.virtual_node_network_security_group",
            "oci_core_vcn.generated_oci_core_vcn"
          ]
        }
      ]
    },
    {
      "mode": "managed",
      "type": "oci_core_network_security_group_security_rule",
      "name": "kubeAPI_server_node_12250_icmp_node",
      "provider": "provider[\"registry.terraform.io/hashicorp/oci\"]",
      "instances": [
        {
          "schema_version": 0,
          "attributes": {
            "description": "allow node security group ICMP",
            "destination": null,
            "destination_type": "",
            "direction": "INGRESS",
            "icmp_options": [],
            "id": "B13697",
            "is_valid": true,
            "network_security_group_id": "ocid1.networksecuritygroup.oc1.us-sanjose-1.aaaaaaaacomvtpwugajtzk4vxbtsdemaxbxmhk7oj2haovmsv7s7rrsemg5a",
            "protocol": "1",
            "source": "ocid1.networksecuritygroup.oc1.us-sanjose-1.aaaaaaaaa3pbvbqmhpchgvdddt2bb5643sgwty5hmwpvkiarcwmekfard5xa",
            "source_type": "NETWORK_SECURITY_GROUP",
            "stateless": false,
            "tcp_options": [],
            "time_created": "2023-05-11 07:04:53.023 +0000 UTC",
            "timeouts": null,
            "udp_options": []
          },
          "sensitive_attributes": [],
          "private": "eyJlMmJmYjczMC1lY2FhLTExZTYtOGY4OC0zNDM2M2JjN2M0YzAiOnsiY3JlYXRlIjoxMjAwMDAwMDAwMDAwLCJkZWxldGUiOjEyMDAwMDAwMDAwMDAsInVwZGF0ZSI6MTIwMDAwMDAwMDAwMH19",
          "dependencies": [
            "oci_core_network_security_group.KubeAPI_server_security_group",
            "oci_core_network_security_group.virtual_node_network_security_group",
            "oci_core_vcn.generated_oci_core_vcn"
          ]
        }
      ]
    },
    {
      "mode": "managed",
      "type": "oci_core_network_security_group_security_rule",
      "name": "kubeAPI_server_pod_12250",
      "provider": "provider[\"registry.terraform.io/hashicorp/oci\"]",
      "instances": [
        {
          "schema_version": 0,
          "attributes": {
            "description": "allow pod security group TCP 12250",
            "destination": null,
            "destination_type": "",
            "direction": "INGRESS",
            "icmp_options": [],
            "id": "C1D318",
            "is_valid": true,
            "network_security_group_id": "ocid1.networksecuritygroup.oc1.us-sanjose-1.aaaaaaaacomvtpwugajtzk4vxbtsdemaxbxmhk7oj2haovmsv7s7rrsemg5a",
            "protocol": "6",
            "source": "ocid1.networksecuritygroup.oc1.us-sanjose-1.aaaaaaaakhgit2odcuynq7k2agcgwarlhkh4exlguo452cm2zswxet3oarka",
            "source_type": "NETWORK_SECURITY_GROUP",
            "stateless": false,
            "tcp_options": [
              {
                "destination_port_range": [
                  {
                    "max": 12250,
                    "min": 12250
                  }
                ],
                "source_port_range": []
              }
            ],
            "time_created": "2023-05-11 07:04:54.95 +0000 UTC",
            "timeouts": null,
            "udp_options": []
          },
          "sensitive_attributes": [],
          "private": "eyJlMmJmYjczMC1lY2FhLTExZTYtOGY4OC0zNDM2M2JjN2M0YzAiOnsiY3JlYXRlIjoxMjAwMDAwMDAwMDAwLCJkZWxldGUiOjEyMDAwMDAwMDAwMDAsInVwZGF0ZSI6MTIwMDAwMDAwMDAwMH19",
          "dependencies": [
            "oci_core_network_security_group.KubeAPI_server_security_group",
            "oci_core_network_security_group.pod_network_security_group",
            "oci_core_vcn.generated_oci_core_vcn"
          ]
        }
      ]
    },
    {
      "mode": "managed",
      "type": "oci_core_network_security_group_security_rule",
      "name": "kubeAPI_server_pod_12250_icmp_pod",
      "provider": "provider[\"registry.terraform.io/hashicorp/oci\"]",
      "instances": [
        {
          "schema_version": 0,
          "attributes": {
            "description": "allow pod security group ICMP",
            "destination": null,
            "destination_type": "",
            "direction": "INGRESS",
            "icmp_options": [],
            "id": "38109C",
            "is_valid": true,
            "network_security_group_id": "ocid1.networksecuritygroup.oc1.us-sanjose-1.aaaaaaaacomvtpwugajtzk4vxbtsdemaxbxmhk7oj2haovmsv7s7rrsemg5a",
            "protocol": "1",
            "source": "ocid1.networksecuritygroup.oc1.us-sanjose-1.aaaaaaaakhgit2odcuynq7k2agcgwarlhkh4exlguo452cm2zswxet3oarka",
            "source_type": "NETWORK_SECURITY_GROUP",
            "stateless": false,
            "tcp_options": [],
            "time_created": "2023-05-11 07:04:55.407 +0000 UTC",
            "timeouts": null,
            "udp_options": []
          },
          "sensitive_attributes": [],
          "private": "eyJlMmJmYjczMC1lY2FhLTExZTYtOGY4OC0zNDM2M2JjN2M0YzAiOnsiY3JlYXRlIjoxMjAwMDAwMDAwMDAwLCJkZWxldGUiOjEyMDAwMDAwMDAwMDAsInVwZGF0ZSI6MTIwMDAwMDAwMDAwMH19",
          "dependencies": [
            "oci_core_network_security_group.KubeAPI_server_security_group",
            "oci_core_network_security_group.pod_network_security_group",
            "oci_core_vcn.generated_oci_core_vcn"
          ]
        }
      ]
    },
    {
      "mode": "managed",
      "type": "oci_core_network_security_group_security_rule",
      "name": "lb_network_pod_network",
      "provider": "provider[\"registry.terraform.io/hashicorp/oci\"]",
      "instances": [
        {
          "schema_version": 0,
          "attributes": {
            "description": "allow all from Kubernetes API",
            "destination": null,
            "destination_type": "",
            "direction": "INGRESS",
            "icmp_options": [],
            "id": "2D0E06",
            "is_valid": true,
            "network_security_group_id": "ocid1.networksecuritygroup.oc1.us-sanjose-1.aaaaaaaakhgit2odcuynq7k2agcgwarlhkh4exlguo452cm2zswxet3oarka",
            "protocol": "all",
            "source": "ocid1.networksecuritygroup.oc1.us-sanjose-1.aaaaaaaacomvtpwugajtzk4vxbtsdemaxbxmhk7oj2haovmsv7s7rrsemg5a",
            "source_type": "NETWORK_SECURITY_GROUP",
            "stateless": false,
            "tcp_options": [],
            "time_created": "2023-05-11 07:04:59.748 +0000 UTC",
            "timeouts": null,
            "udp_options": []
          },
          "sensitive_attributes": [],
          "private": "eyJlMmJmYjczMC1lY2FhLTExZTYtOGY4OC0zNDM2M2JjN2M0YzAiOnsiY3JlYXRlIjoxMjAwMDAwMDAwMDAwLCJkZWxldGUiOjEyMDAwMDAwMDAwMDAsInVwZGF0ZSI6MTIwMDAwMDAwMDAwMH19",
          "dependencies": [
            "oci_core_network_security_group.KubeAPI_server_security_group",
            "oci_core_network_security_group.pod_network_security_group",
            "oci_core_vcn.generated_oci_core_vcn"
          ]
        }
      ]
    },
    {
      "mode": "managed",
      "type": "oci_core_network_security_group_security_rule",
      "name": "pod_network_egress",
      "provider": "provider[\"registry.terraform.io/hashicorp/oci\"]",
      "instances": [
        {
          "schema_version": 0,
          "attributes": {
            "description": "allow all outbound traffic",
            "destination": "0.0.0.0/0",
            "destination_type": "CIDR_BLOCK",
            "direction": "EGRESS",
            "icmp_options": [],
            "id": "CB9B0B",
            "is_valid": true,
            "network_security_group_id": "ocid1.networksecuritygroup.oc1.us-sanjose-1.aaaaaaaakhgit2odcuynq7k2agcgwarlhkh4exlguo452cm2zswxet3oarka",
            "protocol": "all",
            "source": null,
            "source_type": "",
            "stateless": false,
            "tcp_options": [],
            "time_created": "2023-05-11 07:04:53.447 +0000 UTC",
            "timeouts": null,
            "udp_options": []
          },
          "sensitive_attributes": [],
          "private": "eyJlMmJmYjczMC1lY2FhLTExZTYtOGY4OC0zNDM2M2JjN2M0YzAiOnsiY3JlYXRlIjoxMjAwMDAwMDAwMDAwLCJkZWxldGUiOjEyMDAwMDAwMDAwMDAsInVwZGF0ZSI6MTIwMDAwMDAwMDAwMH19",
          "dependencies": [
            "oci_core_network_security_group.pod_network_security_group",
            "oci_core_vcn.generated_oci_core_vcn"
          ]
        }
      ]
    },
    {
      "mode": "managed",
      "type": "oci_core_network_security_group_security_rule",
      "name": "pod_to_virtual_network1",
      "provider": "provider[\"registry.terraform.io/hashicorp/oci\"]",
      "instances": [
        {
          "schema_version": 0,
          "attributes": {
            "description": "allow TCP 10250 from Pod Network",
            "destination": null,
            "destination_type": "",
            "direction": "INGRESS",
            "icmp_options": [],
            "id": "34F1A7",
            "is_valid": true,
            "network_security_group_id": "ocid1.networksecuritygroup.oc1.us-sanjose-1.aaaaaaaaa3pbvbqmhpchgvdddt2bb5643sgwty5hmwpvkiarcwmekfard5xa",
            "protocol": "6",
            "source": "ocid1.networksecuritygroup.oc1.us-sanjose-1.aaaaaaaakhgit2odcuynq7k2agcgwarlhkh4exlguo452cm2zswxet3oarka",
            "source_type": "NETWORK_SECURITY_GROUP",
            "stateless": false,
            "tcp_options": [
              {
                "destination_port_range": [
                  {
                    "max": 10250,
                    "min": 10250
                  }
                ],
                "source_port_range": []
              }
            ],
            "time_created": "2023-05-11 07:05:02.172 +0000 UTC",
            "timeouts": null,
            "udp_options": []
          },
          "sensitive_attributes": [],
          "private": "eyJlMmJmYjczMC1lY2FhLTExZTYtOGY4OC0zNDM2M2JjN2M0YzAiOnsiY3JlYXRlIjoxMjAwMDAwMDAwMDAwLCJkZWxldGUiOjEyMDAwMDAwMDAwMDAsInVwZGF0ZSI6MTIwMDAwMDAwMDAwMH19",
          "dependencies": [
            "oci_core_network_security_group.pod_network_security_group",
            "oci_core_network_security_group.virtual_node_network_security_group",
            "oci_core_vcn.generated_oci_core_vcn"
          ]
        }
      ]
    },
    {
      "mode": "managed",
      "type": "oci_core_network_security_group_security_rule",
      "name": "svc_lb_pod_network_ingress1",
      "provider": "provider[\"registry.terraform.io/hashicorp/oci\"]",
      "instances": [
        {
          "schema_version": 0,
          "attributes": {
            "description": "allow TCP 10256",
            "destination": null,
            "destination_type": "",
            "direction": "INGRESS",
            "icmp_options": [],
            "id": "DDB359",
            "is_valid": true,
            "network_security_group_id": "ocid1.networksecuritygroup.oc1.us-sanjose-1.aaaaaaaakhgit2odcuynq7k2agcgwarlhkh4exlguo452cm2zswxet3oarka",
            "protocol": "6",
            "source": "ocid1.networksecuritygroup.oc1.us-sanjose-1.aaaaaaaa5gagv33biiyjmol3zr6nidvt33dbyjj63i7s5fpgrsrhblue2zra",
            "source_type": "NETWORK_SECURITY_GROUP",
            "stateless": false,
            "tcp_options": [
              {
                "destination_port_range": [
                  {
                    "max": 10256,
                    "min": 10256
                  }
                ],
                "source_port_range": []
              }
            ],
            "time_created": "2023-05-11 07:04:56.272 +0000 UTC",
            "timeouts": null,
            "udp_options": []
          },
          "sensitive_attributes": [],
          "private": "eyJlMmJmYjczMC1lY2FhLTExZTYtOGY4OC0zNDM2M2JjN2M0YzAiOnsiY3JlYXRlIjoxMjAwMDAwMDAwMDAwLCJkZWxldGUiOjEyMDAwMDAwMDAwMDAsInVwZGF0ZSI6MTIwMDAwMDAwMDAwMH19",
          "dependencies": [
            "oci_core_network_security_group.ingress_controller",
            "oci_core_network_security_group.pod_network_security_group",
            "oci_core_vcn.generated_oci_core_vcn"
          ]
        }
      ]
    },
    {
      "mode": "managed",
      "type": "oci_core_network_security_group_security_rule",
      "name": "svc_network_pod_network_ingress",
      "provider": "provider[\"registry.terraform.io/hashicorp/oci\"]",
      "instances": [
        {
          "schema_version": 0,
          "attributes": {
            "description": "allow Highport Access",
            "destination": null,
            "destination_type": "",
            "direction": "INGRESS",
            "icmp_options": [],
            "id": "B6EF5A",
            "is_valid": true,
            "network_security_group_id": "ocid1.networksecuritygroup.oc1.us-sanjose-1.aaaaaaaakhgit2odcuynq7k2agcgwarlhkh4exlguo452cm2zswxet3oarka",
            "protocol": "6",
            "source": "ocid1.networksecuritygroup.oc1.us-sanjose-1.aaaaaaaa5gagv33biiyjmol3zr6nidvt33dbyjj63i7s5fpgrsrhblue2zra",
            "source_type": "NETWORK_SECURITY_GROUP",
            "stateless": false,
            "tcp_options": [
              {
                "destination_port_range": [
                  {
                    "max": 32767,
                    "min": 30000
                  }
                ],
                "source_port_range": []
              }
            ],
            "time_created": "2023-05-11 07:04:56.912 +0000 UTC",
            "timeouts": null,
            "udp_options": []
          },
          "sensitive_attributes": [],
          "private": "eyJlMmJmYjczMC1lY2FhLTExZTYtOGY4OC0zNDM2M2JjN2M0YzAiOnsiY3JlYXRlIjoxMjAwMDAwMDAwMDAwLCJkZWxldGUiOjEyMDAwMDAwMDAwMDAsInVwZGF0ZSI6MTIwMDAwMDAwMDAwMH19",
          "dependencies": [
            "oci_core_network_security_group.ingress_controller",
            "oci_core_network_security_group.pod_network_security_group",
            "oci_core_vcn.generated_oci_core_vcn"
          ]
        }
      ]
    },
    {
      "mode": "managed",
      "type": "oci_core_network_security_group_security_rule",
      "name": "virtual_node__network_egress_api_server1",
      "provider": "provider[\"registry.terraform.io/hashicorp/oci\"]",
      "instances": [
        {
          "schema_version": 0,
          "attributes": {
            "description": "allow api server TCP 6443",
            "destination": "ocid1.networksecuritygroup.oc1.us-sanjose-1.aaaaaaaacomvtpwugajtzk4vxbtsdemaxbxmhk7oj2haovmsv7s7rrsemg5a",
            "destination_type": "NETWORK_SECURITY_GROUP",
            "direction": "EGRESS",
            "icmp_options": [],
            "id": "2E5A31",
            "is_valid": true,
            "network_security_group_id": "ocid1.networksecuritygroup.oc1.us-sanjose-1.aaaaaaaaa3pbvbqmhpchgvdddt2bb5643sgwty5hmwpvkiarcwmekfard5xa",
            "protocol": "6",
            "source": null,
            "source_type": "",
            "stateless": false,
            "tcp_options": [
              {
                "destination_port_range": [
                  {
                    "max": 6443,
                    "min": 6443
                  }
                ],
                "source_port_range": []
              }
            ],
            "time_created": "2023-05-11 07:04:53.366 +0000 UTC",
            "timeouts": null,
            "udp_options": []
          },
          "sensitive_attributes": [],
          "private": "eyJlMmJmYjczMC1lY2FhLTExZTYtOGY4OC0zNDM2M2JjN2M0YzAiOnsiY3JlYXRlIjoxMjAwMDAwMDAwMDAwLCJkZWxldGUiOjEyMDAwMDAwMDAwMDAsInVwZGF0ZSI6MTIwMDAwMDAwMDAwMH19",
          "dependencies": [
            "oci_core_network_security_group.KubeAPI_server_security_group",
            "oci_core_network_security_group.virtual_node_network_security_group",
            "oci_core_vcn.generated_oci_core_vcn"
          ]
        }
      ]
    },
    {
      "mode": "managed",
      "type": "oci_core_network_security_group_security_rule",
      "name": "virtual_node__network_egress_api_server2",
      "provider": "provider[\"registry.terraform.io/hashicorp/oci\"]",
      "instances": [
        {
          "schema_version": 0,
          "attributes": {
            "description": "allow egress api server TCP 12250",
            "destination": "ocid1.networksecuritygroup.oc1.us-sanjose-1.aaaaaaaacomvtpwugajtzk4vxbtsdemaxbxmhk7oj2haovmsv7s7rrsemg5a",
            "destination_type": "NETWORK_SECURITY_GROUP",
            "direction": "EGRESS",
            "icmp_options": [],
            "id": "8947E7",
            "is_valid": true,
            "network_security_group_id": "ocid1.networksecuritygroup.oc1.us-sanjose-1.aaaaaaaaa3pbvbqmhpchgvdddt2bb5643sgwty5hmwpvkiarcwmekfard5xa",
            "protocol": "6",
            "source": null,
            "source_type": "",
            "stateless": false,
            "tcp_options": [
              {
                "destination_port_range": [
                  {
                    "max": 12250,
                    "min": 12250
                  }
                ],
                "source_port_range": []
              }
            ],
            "time_created": "2023-05-11 07:04:53.23 +0000 UTC",
            "timeouts": null,
            "udp_options": []
          },
          "sensitive_attributes": [],
          "private": "eyJlMmJmYjczMC1lY2FhLTExZTYtOGY4OC0zNDM2M2JjN2M0YzAiOnsiY3JlYXRlIjoxMjAwMDAwMDAwMDAwLCJkZWxldGUiOjEyMDAwMDAwMDAwMDAsInVwZGF0ZSI6MTIwMDAwMDAwMDAwMH19",
          "dependencies": [
            "oci_core_network_security_group.KubeAPI_server_security_group",
            "oci_core_network_security_group.virtual_node_network_security_group",
            "oci_core_vcn.generated_oci_core_vcn"
          ]
        }
      ]
    },
    {
      "mode": "managed",
      "type": "oci_core_network_security_group_security_rule",
      "name": "virtual_node__network_egress_api_server3",
      "provider": "provider[\"registry.terraform.io/hashicorp/oci\"]",
      "instances": [
        {
          "schema_version": 0,
          "attributes": {
            "description": "allow api server ICMP",
            "destination": "ocid1.networksecuritygroup.oc1.us-sanjose-1.aaaaaaaacomvtpwugajtzk4vxbtsdemaxbxmhk7oj2haovmsv7s7rrsemg5a",
            "destination_type": "NETWORK_SECURITY_GROUP",
            "direction": "EGRESS",
            "icmp_options": [],
            "id": "BC50D6",
            "is_valid": true,
            "network_security_group_id": "ocid1.networksecuritygroup.oc1.us-sanjose-1.aaaaaaaaa3pbvbqmhpchgvdddt2bb5643sgwty5hmwpvkiarcwmekfard5xa",
            "protocol": "1",
            "source": null,
            "source_type": "",
            "stateless": false,
            "tcp_options": [],
            "time_created": "2023-05-11 07:04:53.069 +0000 UTC",
            "timeouts": null,
            "udp_options": []
          },
          "sensitive_attributes": [],
          "private": "eyJlMmJmYjczMC1lY2FhLTExZTYtOGY4OC0zNDM2M2JjN2M0YzAiOnsiY3JlYXRlIjoxMjAwMDAwMDAwMDAwLCJkZWxldGUiOjEyMDAwMDAwMDAwMDAsInVwZGF0ZSI6MTIwMDAwMDAwMDAwMH19",
          "dependencies": [
            "oci_core_network_security_group.KubeAPI_server_security_group",
            "oci_core_network_security_group.virtual_node_network_security_group",
            "oci_core_vcn.generated_oci_core_vcn"
          ]
        }
      ]
    },
    {
      "mode": "managed",
      "type": "oci_core_route_table",
      "name": "generated_oci_core_route_table",
      "provider": "provider[\"registry.terraform.io/hashicorp/oci\"]",
      "instances": [
        {
          "schema_version": 0,
          "attributes": {
            "compartment_id": "ocid1.compartment.oc1..aaaaaaaaucuuv3bavrptzr563nq5bpo55t7lk5p4zvr25n77i54jl2eykhbq",
            "defined_tags": {
              "Oracle-Tags.CreatedBy": "identitycloudservice/chiping.hwang@oracle.com",
              "Oracle-Tags.CreatedOn": "2023-05-11T07:04:54.970Z",
              "ops.CreatedBy": "identitycloudservice/chiping.hwang@oracle.com",
              "ops.CreationDate": "2023-05-11T07:04:54.970Z"
            },
            "display_name": "oke-private-routetable-demo-cluster",
            "freeform_tags": {},
            "id": "ocid1.routetable.oc1.us-sanjose-1.aaaaaaaahxlk5zkxiq4myssmrfuotxxvlbgdbzgzytj5r4ituhcy5ywlcgnq",
            "route_rules": [
              {
                "cidr_block": "",
                "description": "traffic to OCI services",
                "destination": "all-sjc-services-in-oracle-services-network",
                "destination_type": "SERVICE_CIDR_BLOCK",
                "network_entity_id": "ocid1.servicegateway.oc1.us-sanjose-1.aaaaaaaatbyavgmipkf5rrkk775twgvj6m2y5xwuglfz6nqmqcnf36kkpf4q",
                "route_type": ""
              },
              {
                "cidr_block": "",
                "description": "traffic to the internet",
                "destination": "0.0.0.0/0",
                "destination_type": "CIDR_BLOCK",
                "network_entity_id": "ocid1.natgateway.oc1.us-sanjose-1.aaaaaaaaxzzfia7m6zkkzakta3qaswurzp5ok37d7msxliybcpcknc4dh24a",
                "route_type": ""
              }
            ],
            "state": "AVAILABLE",
            "time_created": "2023-05-11 07:04:55.21 +0000 UTC",
            "timeouts": null,
            "vcn_id": "ocid1.vcn.oc1.us-sanjose-1.amaaaaaanlc5nbyadffes45kbyukft6dsdt36hux3hgc3gf3rcrht5ywqdtq"
          },
          "sensitive_attributes": [],
          "private": "eyJlMmJmYjczMC1lY2FhLTExZTYtOGY4OC0zNDM2M2JjN2M0YzAiOnsiY3JlYXRlIjoxMjAwMDAwMDAwMDAwLCJkZWxldGUiOjEyMDAwMDAwMDAwMDAsInVwZGF0ZSI6MTIwMDAwMDAwMDAwMH19",
          "dependencies": [
            "data.oci_core_services.all_oci_services",
            "oci_core_nat_gateway.generated_oci_core_nat_gateway",
            "oci_core_service_gateway.generated_oci_core_service_gateway",
            "oci_core_vcn.generated_oci_core_vcn"
          ]
        }
      ]
    },
    {
      "mode": "managed",
      "type": "oci_core_service_gateway",
      "name": "generated_oci_core_service_gateway",
      "provider": "provider[\"registry.terraform.io/hashicorp/oci\"]",
      "instances": [
        {
          "schema_version": 0,
          "attributes": {
            "block_traffic": false,
            "compartment_id": "ocid1.compartment.oc1..aaaaaaaaucuuv3bavrptzr563nq5bpo55t7lk5p4zvr25n77i54jl2eykhbq",
            "defined_tags": {
              "Oracle-Tags.CreatedBy": "identitycloudservice/chiping.hwang@oracle.com",
              "Oracle-Tags.CreatedOn": "2023-05-11T07:04:51.497Z",
              "ops.CreatedBy": "identitycloudservice/chiping.hwang@oracle.com",
              "ops.CreationDate": "2023-05-11T07:04:51.497Z"
            },
            "display_name": "oke-sgw-cluster",
            "freeform_tags": {},
            "id": "ocid1.servicegateway.oc1.us-sanjose-1.aaaaaaaatbyavgmipkf5rrkk775twgvj6m2y5xwuglfz6nqmqcnf36kkpf4q",
            "route_table_id": null,
            "services": [
              {
                "service_id": "ocid1.service.oc1.us-sanjose-1.aaaaaaaa7w72lnqlnse4zc5vubcjv6mhsooz3jlaazcbzq7hnzih26qqiw6a",
                "service_name": "All SJC Services In Oracle Services Network"
              }
            ],
            "state": "AVAILABLE",
            "time_created": "2023-05-11 07:04:52.076 +0000 UTC",
            "timeouts": null,
            "vcn_id": "ocid1.vcn.oc1.us-sanjose-1.amaaaaaanlc5nbyadffes45kbyukft6dsdt36hux3hgc3gf3rcrht5ywqdtq"
          },
          "sensitive_attributes": [],
          "private": "eyJlMmJmYjczMC1lY2FhLTExZTYtOGY4OC0zNDM2M2JjN2M0YzAiOnsiY3JlYXRlIjoxMjAwMDAwMDAwMDAwLCJkZWxldGUiOjEyMDAwMDAwMDAwMDAsInVwZGF0ZSI6MTIwMDAwMDAwMDAwMH19",
          "dependencies": [
            "data.oci_core_services.all_oci_services",
            "oci_core_vcn.generated_oci_core_vcn"
          ]
        }
      ]
    },
    {
      "mode": "managed",
      "type": "oci_core_subnet",
      "name": "kubernetes_api_endpoint_subnet",
      "provider": "provider[\"registry.terraform.io/hashicorp/oci\"]",
      "instances": [
        {
          "schema_version": 0,
          "attributes": {
            "availability_domain": null,
            "cidr_block": "10.0.0.0/28",
            "compartment_id": "ocid1.compartment.oc1..aaaaaaaaucuuv3bavrptzr563nq5bpo55t7lk5p4zvr25n77i54jl2eykhbq",
            "defined_tags": {
              "Oracle-Tags.CreatedBy": "identitycloudservice/chiping.hwang@oracle.com",
              "Oracle-Tags.CreatedOn": "2023-05-11T07:04:55.844Z",
              "ops.CreatedBy": "identitycloudservice/chiping.hwang@oracle.com",
              "ops.CreationDate": "2023-05-11T07:04:55.844Z"
            },
            "dhcp_options_id": "ocid1.dhcpoptions.oc1.us-sanjose-1.aaaaaaaa2ovndqipk2ztqodyggwpvzm5z3cpok47kxhbif5bpwfeyp63hlxa",
            "display_name": "oke-k8sApi-server-subnet",
            "dns_label": null,
            "freeform_tags": {},
            "id": "ocid1.subnet.oc1.us-sanjose-1.aaaaaaaave6cpnz3surdmfwxygqehef2gwz5z6d5l4fmqoooejl4gg6pmdsa",
            "ipv6cidr_block": null,
            "ipv6cidr_blocks": [],
            "ipv6virtual_router_ip": null,
            "prohibit_internet_ingress": false,
            "prohibit_public_ip_on_vnic": false,
            "route_table_id": "ocid1.routetable.oc1.us-sanjose-1.aaaaaaaanzivihefdvfm35d4yfpk72nc7p6aucmbs6r2g5pyrwfea4hide3q",
            "security_list_ids": [
              "ocid1.securitylist.oc1.us-sanjose-1.aaaaaaaajzkh6ldjdxzeqfqd6pycxlv5ididp4yuyotckhhd2g7hcsjixioq"
            ],
            "state": "AVAILABLE",
            "subnet_domain_name": null,
            "time_created": "2023-05-11 07:04:55.981 +0000 UTC",
            "timeouts": null,
            "vcn_id": "ocid1.vcn.oc1.us-sanjose-1.amaaaaaanlc5nbyadffes45kbyukft6dsdt36hux3hgc3gf3rcrht5ywqdtq",
            "virtual_router_ip": "10.0.0.1",
            "virtual_router_mac": "00:00:17:F5:0B:EF"
          },
          "sensitive_attributes": [],
          "private": "eyJlMmJmYjczMC1lY2FhLTExZTYtOGY4OC0zNDM2M2JjN2M0YzAiOnsiY3JlYXRlIjoxMjAwMDAwMDAwMDAwLCJkZWxldGUiOjEyMDAwMDAwMDAwMDAsInVwZGF0ZSI6MTIwMDAwMDAwMDAwMH19",
          "dependencies": [
            "oci_core_default_route_table.generated_oci_core_default_route_table",
            "oci_core_internet_gateway.generated_oci_core_internet_gateway",
            "oci_core_vcn.generated_oci_core_vcn"
          ]
        }
      ]
    },
    {
      "mode": "managed",
      "type": "oci_core_subnet",
      "name": "node_subnet",
      "provider": "provider[\"registry.terraform.io/hashicorp/oci\"]",
      "instances": [
        {
          "schema_version": 0,
          "attributes": {
            "availability_domain": null,
            "cidr_block": "10.0.10.0/24",
            "compartment_id": "ocid1.compartment.oc1..aaaaaaaaucuuv3bavrptzr563nq5bpo55t7lk5p4zvr25n77i54jl2eykhbq",
            "defined_tags": {
              "Oracle-Tags.CreatedBy": "identitycloudservice/chiping.hwang@oracle.com",
              "Oracle-Tags.CreatedOn": "2023-05-11T07:04:57.105Z",
              "ops.CreatedBy": "identitycloudservice/chiping.hwang@oracle.com",
              "ops.CreationDate": "2023-05-11T07:04:57.105Z"
            },
            "dhcp_options_id": "ocid1.dhcpoptions.oc1.us-sanjose-1.aaaaaaaa2ovndqipk2ztqodyggwpvzm5z3cpok47kxhbif5bpwfeyp63hlxa",
            "display_name": "oke-node-subnet",
            "dns_label": null,
            "freeform_tags": {},
            "id": "ocid1.subnet.oc1.us-sanjose-1.aaaaaaaa25icd37xhzqvtclug3j77iqhudccsxeyt6zbdy2rtely3adov7mq",
            "ipv6cidr_block": null,
            "ipv6cidr_blocks": [],
            "ipv6virtual_router_ip": null,
            "prohibit_internet_ingress": true,
            "prohibit_public_ip_on_vnic": true,
            "route_table_id": "ocid1.routetable.oc1.us-sanjose-1.aaaaaaaahxlk5zkxiq4myssmrfuotxxvlbgdbzgzytj5r4ituhcy5ywlcgnq",
            "security_list_ids": [
              "ocid1.securitylist.oc1.us-sanjose-1.aaaaaaaajzkh6ldjdxzeqfqd6pycxlv5ididp4yuyotckhhd2g7hcsjixioq"
            ],
            "state": "AVAILABLE",
            "subnet_domain_name": null,
            "time_created": "2023-05-11 07:04:57.463 +0000 UTC",
            "timeouts": null,
            "vcn_id": "ocid1.vcn.oc1.us-sanjose-1.amaaaaaanlc5nbyadffes45kbyukft6dsdt36hux3hgc3gf3rcrht5ywqdtq",
            "virtual_router_ip": "10.0.10.1",
            "virtual_router_mac": "00:00:17:F5:0B:EF"
          },
          "sensitive_attributes": [],
          "private": "eyJlMmJmYjczMC1lY2FhLTExZTYtOGY4OC0zNDM2M2JjN2M0YzAiOnsiY3JlYXRlIjoxMjAwMDAwMDAwMDAwLCJkZWxldGUiOjEyMDAwMDAwMDAwMDAsInVwZGF0ZSI6MTIwMDAwMDAwMDAwMH19",
          "dependencies": [
            "data.oci_core_services.all_oci_services",
            "oci_core_nat_gateway.generated_oci_core_nat_gateway",
            "oci_core_route_table.generated_oci_core_route_table",
            "oci_core_service_gateway.generated_oci_core_service_gateway",
            "oci_core_vcn.generated_oci_core_vcn"
          ]
        }
      ]
    },
    {
      "mode": "managed",
      "type": "oci_core_subnet",
      "name": "pod_subnet",
      "provider": "provider[\"registry.terraform.io/hashicorp/oci\"]",
      "instances": [
        {
          "schema_version": 0,
          "attributes": {
            "availability_domain": null,
            "cidr_block": "10.0.11.0/24",
            "compartment_id": "ocid1.compartment.oc1..aaaaaaaaucuuv3bavrptzr563nq5bpo55t7lk5p4zvr25n77i54jl2eykhbq",
            "defined_tags": {
              "Oracle-Tags.CreatedBy": "identitycloudservice/chiping.hwang@oracle.com",
              "Oracle-Tags.CreatedOn": "2023-05-11T07:04:56.631Z",
              "ops.CreatedBy": "identitycloudservice/chiping.hwang@oracle.com",
              "ops.CreationDate": "2023-05-11T07:04:56.631Z"
            },
            "dhcp_options_id": "ocid1.dhcpoptions.oc1.us-sanjose-1.aaaaaaaa2ovndqipk2ztqodyggwpvzm5z3cpok47kxhbif5bpwfeyp63hlxa",
            "display_name": "oke-pod-subnet",
            "dns_label": null,
            "freeform_tags": {},
            "id": "ocid1.subnet.oc1.us-sanjose-1.aaaaaaaakqqq6gdmctsvuxeamsnlckshhuu25gs37wiha7jvgumj7ufn7e3a",
            "ipv6cidr_block": null,
            "ipv6cidr_blocks": [],
            "ipv6virtual_router_ip": null,
            "prohibit_internet_ingress": true,
            "prohibit_public_ip_on_vnic": true,
            "route_table_id": "ocid1.routetable.oc1.us-sanjose-1.aaaaaaaahxlk5zkxiq4myssmrfuotxxvlbgdbzgzytj5r4ituhcy5ywlcgnq",
            "security_list_ids": [
              "ocid1.securitylist.oc1.us-sanjose-1.aaaaaaaajzkh6ldjdxzeqfqd6pycxlv5ididp4yuyotckhhd2g7hcsjixioq"
            ],
            "state": "AVAILABLE",
            "subnet_domain_name": null,
            "time_created": "2023-05-11 07:04:56.95 +0000 UTC",
            "timeouts": null,
            "vcn_id": "ocid1.vcn.oc1.us-sanjose-1.amaaaaaanlc5nbyadffes45kbyukft6dsdt36hux3hgc3gf3rcrht5ywqdtq",
            "virtual_router_ip": "10.0.11.1",
            "virtual_router_mac": "00:00:17:F5:0B:EF"
          },
          "sensitive_attributes": [],
          "private": "eyJlMmJmYjczMC1lY2FhLTExZTYtOGY4OC0zNDM2M2JjN2M0YzAiOnsiY3JlYXRlIjoxMjAwMDAwMDAwMDAwLCJkZWxldGUiOjEyMDAwMDAwMDAwMDAsInVwZGF0ZSI6MTIwMDAwMDAwMDAwMH19",
          "dependencies": [
            "data.oci_core_services.all_oci_services",
            "oci_core_nat_gateway.generated_oci_core_nat_gateway",
            "oci_core_route_table.generated_oci_core_route_table",
            "oci_core_service_gateway.generated_oci_core_service_gateway",
            "oci_core_vcn.generated_oci_core_vcn"
          ]
        }
      ]
    },
    {
      "mode": "managed",
      "type": "oci_core_subnet",
      "name": "service_lb_subnet",
      "provider": "provider[\"registry.terraform.io/hashicorp/oci\"]",
      "instances": [
        {
          "schema_version": 0,
          "attributes": {
            "availability_domain": null,
            "cidr_block": "10.0.20.0/24",
            "compartment_id": "ocid1.compartment.oc1..aaaaaaaaucuuv3bavrptzr563nq5bpo55t7lk5p4zvr25n77i54jl2eykhbq",
            "defined_tags": {
              "Oracle-Tags.CreatedBy": "identitycloudservice/chiping.hwang@oracle.com",
              "Oracle-Tags.CreatedOn": "2023-05-11T07:04:56.266Z",
              "ops.CreatedBy": "identitycloudservice/chiping.hwang@oracle.com",
              "ops.CreationDate": "2023-05-11T07:04:56.266Z"
            },
            "dhcp_options_id": "ocid1.dhcpoptions.oc1.us-sanjose-1.aaaaaaaa2ovndqipk2ztqodyggwpvzm5z3cpok47kxhbif5bpwfeyp63hlxa",
            "display_name": "oke-svclb-subnet",
            "dns_label": null,
            "freeform_tags": {},
            "id": "ocid1.subnet.oc1.us-sanjose-1.aaaaaaaakx73n6kufrtctoadri2iqz3dtw5oxlsmtkdadkeg3tpyqu2bpm2q",
            "ipv6cidr_block": null,
            "ipv6cidr_blocks": [],
            "ipv6virtual_router_ip": null,
            "prohibit_internet_ingress": true,
            "prohibit_public_ip_on_vnic": true,
            "route_table_id": "ocid1.routetable.oc1.us-sanjose-1.aaaaaaaanzivihefdvfm35d4yfpk72nc7p6aucmbs6r2g5pyrwfea4hide3q",
            "security_list_ids": [
              "ocid1.securitylist.oc1.us-sanjose-1.aaaaaaaajzkh6ldjdxzeqfqd6pycxlv5ididp4yuyotckhhd2g7hcsjixioq"
            ],
            "state": "AVAILABLE",
            "subnet_domain_name": null,
            "time_created": "2023-05-11 07:04:56.611 +0000 UTC",
            "timeouts": null,
            "vcn_id": "ocid1.vcn.oc1.us-sanjose-1.amaaaaaanlc5nbyadffes45kbyukft6dsdt36hux3hgc3gf3rcrht5ywqdtq",
            "virtual_router_ip": "10.0.20.1",
            "virtual_router_mac": "00:00:17:F5:0B:EF"
          },
          "sensitive_attributes": [],
          "private": "eyJlMmJmYjczMC1lY2FhLTExZTYtOGY4OC0zNDM2M2JjN2M0YzAiOnsiY3JlYXRlIjoxMjAwMDAwMDAwMDAwLCJkZWxldGUiOjEyMDAwMDAwMDAwMDAsInVwZGF0ZSI6MTIwMDAwMDAwMDAwMH19",
          "dependencies": [
            "oci_core_default_route_table.generated_oci_core_default_route_table",
            "oci_core_internet_gateway.generated_oci_core_internet_gateway",
            "oci_core_vcn.generated_oci_core_vcn"
          ]
        }
      ]
    },
    {
      "mode": "managed",
      "type": "oci_core_vcn",
      "name": "generated_oci_core_vcn",
      "provider": "provider[\"registry.terraform.io/hashicorp/oci\"]",
      "instances": [
        {
          "schema_version": 0,
          "attributes": {
            "byoipv6cidr_blocks": [],
            "byoipv6cidr_details": null,
            "cidr_block": "10.0.0.0/16",
            "cidr_blocks": [
              "10.0.0.0/16"
            ],
            "compartment_id": "ocid1.compartment.oc1..aaaaaaaaucuuv3bavrptzr563nq5bpo55t7lk5p4zvr25n77i54jl2eykhbq",
            "default_dhcp_options_id": "ocid1.dhcpoptions.oc1.us-sanjose-1.aaaaaaaa2ovndqipk2ztqodyggwpvzm5z3cpok47kxhbif5bpwfeyp63hlxa",
            "default_route_table_id": "ocid1.routetable.oc1.us-sanjose-1.aaaaaaaanzivihefdvfm35d4yfpk72nc7p6aucmbs6r2g5pyrwfea4hide3q",
            "default_security_list_id": "ocid1.securitylist.oc1.us-sanjose-1.aaaaaaaajzkh6ldjdxzeqfqd6pycxlv5ididp4yuyotckhhd2g7hcsjixioq",
            "defined_tags": {
              "Oracle-Tags.CreatedBy": "identitycloudservice/chiping.hwang@oracle.com",
              "Oracle-Tags.CreatedOn": "2023-05-11T07:04:50.586Z",
              "ops.CreatedBy": "identitycloudservice/chiping.hwang@oracle.com",
              "ops.CreationDate": "2023-05-11T07:04:50.586Z"
            },
            "display_name": "oke-vcn-cluster",
            "dns_label": null,
            "freeform_tags": {},
            "id": "ocid1.vcn.oc1.us-sanjose-1.amaaaaaanlc5nbyadffes45kbyukft6dsdt36hux3hgc3gf3rcrht5ywqdtq",
            "ipv6cidr_blocks": [],
            "ipv6private_cidr_blocks": [],
            "is_ipv6enabled": false,
            "is_oracle_gua_allocation_enabled": null,
            "state": "AVAILABLE",
            "time_created": "2023-05-11 07:04:50.707 +0000 UTC",
            "timeouts": null,
            "vcn_domain_name": null
          },
          "sensitive_attributes": [],
          "private": "eyJlMmJmYjczMC1lY2FhLTExZTYtOGY4OC0zNDM2M2JjN2M0YzAiOnsiY3JlYXRlIjoxMjAwMDAwMDAwMDAwLCJkZWxldGUiOjEyMDAwMDAwMDAwMDAsInVwZGF0ZSI6MTIwMDAwMDAwMDAwMH19"
        }
      ]
    },
    {
      "mode": "managed",
      "type": "oci_identity_tag",
      "name": "blog_virtual_node",
      "provider": "provider[\"registry.terraform.io/hashicorp/oci\"].home",
      "instances": [
        {
          "schema_version": 0,
          "attributes": {
            "defined_tags": {
              "Oracle-Tags.CreatedBy": "identitycloudservice/chiping.hwang@oracle.com",
              "Oracle-Tags.CreatedOn": "2023-05-11T07:05:02.448Z",
              "ops.CreatedBy": "identitycloudservice/chiping.hwang@oracle.com",
              "ops.CreationDate": "2023-05-11T07:05:02.448Z"
            },
            "description": "blog OKE Virtual Nodes",
            "freeform_tags": {},
            "id": "ocid1.tagdefinition.oc1..aaaaaaaaoqnclmdtasjjb5g5lzwdyggii366ieokyim2w5tonqrsmmhqaava",
            "is_cost_tracking": false,
            "is_retired": false,
            "name": "release",
            "state": "ACTIVE",
            "tag_namespace_id": "ocid1.tagnamespace.oc1..aaaaaaaaiqa6pquymamfbkhjv4qktcm6brysispux2rzhprk7fdjoybdubaq",
            "time_created": "2023-05-11 07:05:02.488 +0000 UTC",
            "timeouts": null,
            "validator": [
              {
                "validator_type": "ENUM",
                "values": [
                  "release",
                  "1.0.1"
                ]
              }
            ]
          },
          "sensitive_attributes": [],
          "private": "eyJlMmJmYjczMC1lY2FhLTExZTYtOGY4OC0zNDM2M2JjN2M0YzAiOnsiY3JlYXRlIjo5MDAwMDAwMDAwMDAsImRlbGV0ZSI6NDMyMDAwMDAwMDAwMDAsInVwZGF0ZSI6OTAwMDAwMDAwMDAwfX0=",
          "dependencies": [
            "data.oci_identity_regions.regions",
            "data.oci_identity_tenancy.tenancy",
            "oci_identity_tag_namespace.blog_virtual_node",
            "random_id.tag"
          ]
        }
      ]
    },
    {
      "mode": "managed",
      "type": "oci_identity_tag_namespace",
      "name": "blog_virtual_node",
      "provider": "provider[\"registry.terraform.io/hashicorp/oci\"].home",
      "instances": [
        {
          "schema_version": 0,
          "attributes": {
            "compartment_id": "ocid1.compartment.oc1..aaaaaaaaucuuv3bavrptzr563nq5bpo55t7lk5p4zvr25n77i54jl2eykhbq",
            "defined_tags": {
              "Oracle-Tags.CreatedBy": "identitycloudservice/chiping.hwang@oracle.com",
              "Oracle-Tags.CreatedOn": "2023-05-11T07:04:51.395Z",
              "ops.CreatedBy": "identitycloudservice/chiping.hwang@oracle.com",
              "ops.CreationDate": "2023-05-11T07:04:51.395Z"
            },
            "description": "blog_virtual_node_TagNamespace",
            "freeform_tags": {},
            "id": "ocid1.tagnamespace.oc1..aaaaaaaaiqa6pquymamfbkhjv4qktcm6brysispux2rzhprk7fdjoybdubaq",
            "is_retired": false,
            "name": "blog_virtual_node\\deploy-microservices-b486",
            "state": "ACTIVE",
            "time_created": "2023-05-11 07:04:51.466 +0000 UTC",
            "timeouts": null
          },
          "sensitive_attributes": [],
          "private": "eyJlMmJmYjczMC1lY2FhLTExZTYtOGY4OC0zNDM2M2JjN2M0YzAiOnsiY3JlYXRlIjoxMjAwMDAwMDAwMDAwLCJkZWxldGUiOjEyMDAwMDAwMDAwMDAsInVwZGF0ZSI6MTIwMDAwMDAwMDAwMH19",
          "dependencies": [
            "data.oci_identity_regions.regions",
            "data.oci_identity_tenancy.tenancy",
            "random_id.tag"
          ]
        }
      ]
    },
    {
      "mode": "managed",
      "type": "random_id",
      "name": "tag",
      "provider": "provider[\"registry.terraform.io/hashicorp/random\"]",
      "instances": [
        {
          "schema_version": 0,
          "attributes": {
            "b64_std": "tIY=",
            "b64_url": "tIY",
            "byte_length": 2,
            "dec": "46214",
            "hex": "b486",
            "id": "tIY",
            "keepers": null,
            "prefix": null
          },
          "sensitive_attributes": []
        }
      ]
    },
    {
      "mode": "managed",
      "type": "time_sleep",
      "name": "wait_1min_demo",
      "provider": "provider[\"registry.terraform.io/hashicorp/time\"]",
      "instances": [
        {
          "index_key": 0,
          "schema_version": 0,
          "attributes": {
            "create_duration": "30s",
            "destroy_duration": null,
            "id": "2023-05-11T07:17:18Z",
            "triggers": null
          },
          "sensitive_attributes": [],
          "dependencies": [
            "data.oci_containerengine_cluster_kube_config.virtual_cluster_kube_config",
            "data.oci_core_services.all_oci_services",
            "data.oci_identity_availability_domains.ad",
            "data.oci_identity_fault_domains.fd",
            "local_file.kubeconfig",
            "oci_containerengine_cluster.generated_oci_containerengine_cluster",
            "oci_containerengine_virtual_node_pool.create_node_pool_details0",
            "oci_core_default_route_table.generated_oci_core_default_route_table",
            "oci_core_internet_gateway.generated_oci_core_internet_gateway",
            "oci_core_nat_gateway.generated_oci_core_nat_gateway",
            "oci_core_network_security_group.KubeAPI_server_security_group",
            "oci_core_network_security_group.pod_network_security_group",
            "oci_core_network_security_group.virtual_node_network_security_group",
            "oci_core_route_table.generated_oci_core_route_table",
            "oci_core_service_gateway.generated_oci_core_service_gateway",
            "oci_core_subnet.kubernetes_api_endpoint_subnet",
            "oci_core_subnet.node_subnet",
            "oci_core_subnet.pod_subnet",
            "oci_core_subnet.service_lb_subnet",
            "oci_core_vcn.generated_oci_core_vcn"
          ]
        }
      ]
    },
    {
      "mode": "managed",
      "type": "time_sleep",
      "name": "wait_1min_demo2",
      "provider": "provider[\"registry.terraform.io/hashicorp/time\"]",
      "instances": [
        {
          "index_key": 0,
          "schema_version": 0,
          "attributes": {
            "create_duration": "20s",
            "destroy_duration": null,
            "id": "2023-05-11T07:17:08Z",
            "triggers": null
          },
          "sensitive_attributes": [],
          "dependencies": [
            "data.oci_containerengine_cluster_kube_config.virtual_cluster_kube_config",
            "data.oci_core_services.all_oci_services",
            "data.oci_identity_availability_domains.ad",
            "data.oci_identity_fault_domains.fd",
            "local_file.kubeconfig",
            "oci_containerengine_cluster.generated_oci_containerengine_cluster",
            "oci_containerengine_virtual_node_pool.create_node_pool_details0",
            "oci_core_default_route_table.generated_oci_core_default_route_table",
            "oci_core_internet_gateway.generated_oci_core_internet_gateway",
            "oci_core_nat_gateway.generated_oci_core_nat_gateway",
            "oci_core_network_security_group.KubeAPI_server_security_group",
            "oci_core_network_security_group.pod_network_security_group",
            "oci_core_network_security_group.virtual_node_network_security_group",
            "oci_core_route_table.generated_oci_core_route_table",
            "oci_core_service_gateway.generated_oci_core_service_gateway",
            "oci_core_subnet.kubernetes_api_endpoint_subnet",
            "oci_core_subnet.node_subnet",
            "oci_core_subnet.pod_subnet",
            "oci_core_subnet.service_lb_subnet",
            "oci_core_vcn.generated_oci_core_vcn"
          ]
        }
      ]
    },
    {
      "mode": "managed",
      "type": "time_sleep",
      "name": "wait_1min_demo3",
      "provider": "provider[\"registry.terraform.io/hashicorp/time\"]",
      "instances": [
        {
          "index_key": 0,
          "schema_version": 0,
          "attributes": {
            "create_duration": "20s",
            "destroy_duration": null,
            "id": "2023-05-11T07:17:31Z",
            "triggers": null
          },
          "sensitive_attributes": [],
          "dependencies": [
            "data.oci_containerengine_cluster_kube_config.virtual_cluster_kube_config",
            "data.oci_core_services.all_oci_services",
            "data.oci_identity_availability_domains.ad",
            "data.oci_identity_fault_domains.fd",
            "local_file.kubeconfig",
            "null_resource.create_ingress_controller",
            "oci_containerengine_cluster.generated_oci_containerengine_cluster",
            "oci_containerengine_virtual_node_pool.create_node_pool_details0",
            "oci_core_default_route_table.generated_oci_core_default_route_table",
            "oci_core_internet_gateway.generated_oci_core_internet_gateway",
            "oci_core_nat_gateway.generated_oci_core_nat_gateway",
            "oci_core_network_security_group.KubeAPI_server_security_group",
            "oci_core_network_security_group.pod_network_security_group",
            "oci_core_network_security_group.virtual_node_network_security_group",
            "oci_core_route_table.generated_oci_core_route_table",
            "oci_core_service_gateway.generated_oci_core_service_gateway",
            "oci_core_subnet.kubernetes_api_endpoint_subnet",
            "oci_core_subnet.node_subnet",
            "oci_core_subnet.pod_subnet",
            "oci_core_subnet.service_lb_subnet",
            "oci_core_vcn.generated_oci_core_vcn",
            "time_sleep.wait_1min_demo2"
          ]
        }
      ]
    }
  ],
  "check_results": null
}
