{
  "version": 4,
  "terraform_version": "1.4.6",
  "serial": 333,
  "lineage": "cf1e7a2d-2eed-7643-23ad-902d0ef6a43b",
  "outputs": {
    "ingress_controller_ip_address": {
      "value": "kubectl -n default get svc ingress-nginx",
      "type": "string"
    },
    "kube_config": {
      "value": "oci ce cluster create-kubeconfig --cluster-id ocid1.cluster.oc1.us-sanjose-1.aaaaaaaao4tasb5ykbmup7iwzllb4kdlgo3iwqsced4yvsu35ctbgb4udtoq --file $HOME/.kube/config --region us-sanjose-1 --token-version 2.0.0  --kube-endpoint PUBLIC_ENDPOINT",
      "type": "string"
    }
  },
  "resources": [
    {
      "mode": "data",
      "type": "oci_containerengine_cluster_kube_config",
      "name": "virtual_cluster_kube_config",
      "provider": "provider[\"registry.terraform.io/hashicorp/oci\"]",
      "instances": [
        {
          "schema_version": 0,
          "attributes": {
            "cluster_id": "ocid1.cluster.oc1.us-sanjose-1.aaaaaaaao4tasb5ykbmup7iwzllb4kdlgo3iwqsced4yvsu35ctbgb4udtoq",
            "content": "---\napiVersion: v1\nkind: \"\"\nclusters:\n- name: cluster-ctbgb4udtoq\n  cluster:\n    server: https://192.9.133.151:6443\n    certificate-authority-data: LS0tLS1CRUdJTiBDRVJUSUZJQ0FURS0tLS0tCk1JSURpRENDQW5DZ0F3SUJBZ0lRRnJkN2p0Rm1nZXhLRkNqYklrbnFSREFOQmdrcWhraUc5dzBCQVFzRkFEQmUKTVE4d0RRWURWUVFEREFaTE9ITWdRMEV4Q3pBSkJnTlZCQVlUQWxWVE1ROHdEUVlEVlFRSERBWkJkWE4wYVc0eApEekFOQmdOVkJBb01Cazl5WVdOc1pURU1NQW9HQTFVRUN3d0RUMk5wTVE0d0RBWURWUVFJREFWVVpYaGhjekFlCkZ3MHlNekExTVRFd01ESTRNamxhRncweU9EQTFNVEV3TURJNE1qbGFNRjR4RHpBTkJnTlZCQU1NQmtzNGN5QkQKUVRFTE1Ba0dBMVVFQmhNQ1ZWTXhEekFOQmdOVkJBY01Ca0YxYzNScGJqRVBNQTBHQTFVRUNnd0dUM0poWTJ4bApNUXd3Q2dZRFZRUUxEQU5QWTJreERqQU1CZ05WQkFnTUJWUmxlR0Z6TUlJQklqQU5CZ2txaGtpRzl3MEJBUUVGCkFBT0NBUThBTUlJQkNnS0NBUUVBbVRUNW5Wd3dUNUZMdkxraDZ3VUJPbTlSMXZhTldtNFlKUVozSVRjUlFIRVcKOWpYZnN0UGRUbVRTckVVa2JoTi9VYSs3eHI3TG53eEh1K0E2L1VFMlMzN0JBWXBocjhnamRoNjZqd1NKeHVTVgp1NktFTllubWVvZDR2WFlXcVdnSmJoNFFVNnI0WmhwOHhoME5paGtVWk5XMVJsUmNFbjFlWVFhU1FkcDZ3Ry9NClhDUndkSjI3TkpOQlpWVHpidUlBVWhVWHJOY0ZTTCs4ZitUZWJSVDZmc3VyVDBNWXY2RG9XcThhWWN3RmwvU1AKdEk1MHBMVmdkT1QzVEZHNW9hL2FDT2w3a1RocEdQb2hWTUs5RHVSMWJTNnlNeW9DQ1htcDZnS3NnQ2gwUWZwbApFQTFNSlh4ckRYWndpM3I2UjhIRkMxZ3QwUVByMDBXU2NZcnFBMm5lbFFJREFRQUJvMEl3UURBUEJnTlZIUk1CCkFmOEVCVEFEQVFIL01BNEdBMVVkRHdFQi93UUVBd0lCQmpBZEJnTlZIUTRFRmdRVTFWR1hPWStseGpveTZWS2MKQnIyd3JYY283Qkl3RFFZSktvWklodmNOQVFFTEJRQURnZ0VCQUdyYzVJVG9hQUdHNm54L21Xa3ROSWJjNmpMZwp4dHpSUElDSFp5VldtUWhNN2Z2K2RnRlg2VURlMTlJdi9zY2docXB3V2c0NStmanJFaXJ6OFZ4d1lZSDF4MU1QCjNOWkdwbllPRUMyc2xmTmoxZEM2eWw0QzM3OXJYa3lQZU1Ndng2QThLNStUdlRYRWdxUVljS3pjRWxSQzFQMFYKS1RRT1dlOUZPSmtOZStzZlV0VWVvVlZ1MXpOTlQyaUpTWk9yS1dJUGVScnlqeTB5MVROMk4wWUQwbTc3NWhJSQpkZXJOQ2JjdktSRE1EQ2cweE1FZ2NMYlplU3AzSTQvSXBlcHlSNzQyYW9QQU1FMTBDeDRjQXlkakI2N2J0a3lHCkdiNmxoZUdOMExQRUlBUDk2L21TMVh2SE1BbjNEVUVncCtTQ3FaQ1FLRCtmc2VOazY1dlpwcE03dTUwPQotLS0tLUVORCBDRVJUSUZJQ0FURS0tLS0tCg==\nusers:\n- name: user-ctbgb4udtoq\n  user:\n    exec:\n      apiVersion: client.authentication.k8s.io/v1beta1\n      command: oci\n      args:\n      - ce\n      - cluster\n      - generate-token\n      - --cluster-id\n      - ocid1.cluster.oc1.us-sanjose-1.aaaaaaaao4tasb5ykbmup7iwzllb4kdlgo3iwqsced4yvsu35ctbgb4udtoq\n      - --region\n      - us-sanjose-1\n      env: []\ncontexts:\n- name: context-ctbgb4udtoq\n  context:\n    cluster: cluster-ctbgb4udtoq\n    user: user-ctbgb4udtoq\ncurrent-context: context-ctbgb4udtoq\n",
            "endpoint": null,
            "expiration": null,
            "id": "ContainerengineClusterKubeConfigDataSource-1735463038",
            "token_version": null
          },
          "sensitive_attributes": []
        }
      ]
    },
    {
      "mode": "data",
      "type": "oci_core_services",
      "name": "all_oci_services",
      "provider": "provider[\"registry.terraform.io/hashicorp/oci\"]",
      "instances": [
        {
          "schema_version": 0,
          "attributes": {
            "filter": [
              {
                "name": "name",
                "regex": true,
                "values": [
                  "All .* Services In Oracle Services Network"
                ]
              }
            ],
            "id": "CoreServicesDataSource-0",
            "services": [
              {
                "cidr_block": "all-sjc-services-in-oracle-services-network",
                "description": "All SJC Services In Oracle Services Network",
                "id": "ocid1.service.oc1.us-sanjose-1.aaaaaaaa7w72lnqlnse4zc5vubcjv6mhsooz3jlaazcbzq7hnzih26qqiw6a",
                "name": "All SJC Services In Oracle Services Network"
              }
            ]
          },
          "sensitive_attributes": []
        }
      ]
    },
    {
      "mode": "data",
      "type": "oci_identity_availability_domains",
      "name": "ad",
      "provider": "provider[\"registry.terraform.io/hashicorp/oci\"]",
      "instances": [
        {
          "schema_version": 0,
          "attributes": {
            "availability_domains": [
              {
                "compartment_id": "ocid1.compartment.oc1..aaaaaaaaucuuv3bavrptzr563nq5bpo55t7lk5p4zvr25n77i54jl2eykhbq",
                "id": "ocid1.availabilitydomain.oc1..aaaaaaaavi2wyd6rjjffu5nzgb3gjq4thy46k7sgw5ibh7mu5sq5fyie6t5a",
                "name": "GrCh:US-SANJOSE-1-AD-1"
              }
            ],
            "compartment_id": "ocid1.compartment.oc1..aaaaaaaaucuuv3bavrptzr563nq5bpo55t7lk5p4zvr25n77i54jl2eykhbq",
            "filter": null,
            "id": "IdentityAvailabilityDomainsDataSource-2362254492"
          },
          "sensitive_attributes": []
        }
      ]
    },
    {
      "mode": "data",
      "type": "oci_identity_fault_domains",
      "name": "fd",
      "provider": "provider[\"registry.terraform.io/hashicorp/oci\"]",
      "instances": [
        {
          "schema_version": 0,
          "attributes": {
            "availability_domain": "GrCh:US-SANJOSE-1-AD-1",
            "compartment_id": "ocid1.compartment.oc1..aaaaaaaaucuuv3bavrptzr563nq5bpo55t7lk5p4zvr25n77i54jl2eykhbq",
            "fault_domains": [
              {
                "availability_domain": "GrCh:US-SANJOSE-1-AD-1",
                "compartment_id": "ocid1.compartment.oc1..aaaaaaaaucuuv3bavrptzr563nq5bpo55t7lk5p4zvr25n77i54jl2eykhbq",
                "id": "ocid1.faultdomain.oc1..aaaaaaaahilcl635hoipqctsp4ibkcmpjxevkbgis7peqphenpdae3xqkeea",
                "name": "FAULT-DOMAIN-1"
              },
              {
                "availability_domain": "GrCh:US-SANJOSE-1-AD-1",
                "compartment_id": "ocid1.compartment.oc1..aaaaaaaaucuuv3bavrptzr563nq5bpo55t7lk5p4zvr25n77i54jl2eykhbq",
                "id": "ocid1.faultdomain.oc1..aaaaaaaahkpsumawtrmel6gbqljrl5fuegz24xptcnaurlpvfyilndxdi5ka",
                "name": "FAULT-DOMAIN-2"
              },
              {
                "availability_domain": "GrCh:US-SANJOSE-1-AD-1",
                "compartment_id": "ocid1.compartment.oc1..aaaaaaaaucuuv3bavrptzr563nq5bpo55t7lk5p4zvr25n77i54jl2eykhbq",
                "id": "ocid1.faultdomain.oc1..aaaaaaaak7pkiolu2kvebtzthouikybvz3y5dkd7en7zhewytx3lmi7nsj4q",
                "name": "FAULT-DOMAIN-3"
              }
            ],
            "filter": null,
            "id": "IdentityFaultDomainsDataSource-3183530206"
          },
          "sensitive_attributes": []
        }
      ]
    },
    {
      "mode": "data",
      "type": "oci_identity_regions",
      "name": "regions",
      "provider": "provider[\"registry.terraform.io/hashicorp/oci\"]",
      "instances": [
        {
          "schema_version": 0,
          "attributes": {
            "filter": null,
            "id": "IdentityRegionsDataSource-0",
            "regions": [
              {
                "key": "AMS",
                "name": "eu-amsterdam-1"
              },
              {
                "key": "ARN",
                "name": "eu-stockholm-1"
              },
              {
                "key": "AUH",
                "name": "me-abudhabi-1"
              },
              {
                "key": "BOM",
                "name": "ap-mumbai-1"
              },
              {
                "key": "CDG",
                "name": "eu-paris-1"
              },
              {
                "key": "CWL",
                "name": "uk-cardiff-1"
              },
              {
                "key": "DXB",
                "name": "me-dubai-1"
              },
              {
                "key": "FRA",
                "name": "eu-frankfurt-1"
              },
              {
                "key": "GRU",
                "name": "sa-saopaulo-1"
              },
              {
                "key": "HYD",
                "name": "ap-hyderabad-1"
              },
              {
                "key": "IAD",
                "name": "us-ashburn-1"
              },
              {
                "key": "ICN",
                "name": "ap-seoul-1"
              },
              {
                "key": "JED",
                "name": "me-jeddah-1"
              },
              {
                "key": "JNB",
                "name": "af-johannesburg-1"
              },
              {
                "key": "KIX",
                "name": "ap-osaka-1"
              },
              {
                "key": "LHR",
                "name": "uk-london-1"
              },
              {
                "key": "LIN",
                "name": "eu-milan-1"
              },
              {
                "key": "MAD",
                "name": "eu-madrid-1"
              },
              {
                "key": "MEL",
                "name": "ap-melbourne-1"
              },
              {
                "key": "MRS",
                "name": "eu-marseille-1"
              },
              {
                "key": "MTZ",
                "name": "il-jerusalem-1"
              },
              {
                "key": "NRT",
                "name": "ap-tokyo-1"
              },
              {
                "key": "ORD",
                "name": "us-chicago-1"
              },
              {
                "key": "PHX",
                "name": "us-phoenix-1"
              },
              {
                "key": "QRO",
                "name": "mx-queretaro-1"
              },
              {
                "key": "SCL",
                "name": "sa-santiago-1"
              },
              {
                "key": "SIN",
                "name": "ap-singapore-1"
              },
              {
                "key": "SJC",
                "name": "us-sanjose-1"
              },
              {
                "key": "SYD",
                "name": "ap-sydney-1"
              },
              {
                "key": "VCP",
                "name": "sa-vinhedo-1"
              },
              {
                "key": "YNY",
                "name": "ap-chuncheon-1"
              },
              {
                "key": "YUL",
                "name": "ca-montreal-1"
              },
              {
                "key": "YYZ",
                "name": "ca-toronto-1"
              },
              {
                "key": "ZRH",
                "name": "eu-zurich-1"
              }
            ]
          },
          "sensitive_attributes": []
        }
      ]
    },
    {
      "mode": "data",
      "type": "oci_identity_tenancy",
      "name": "tenancy",
      "provider": "provider[\"registry.terraform.io/hashicorp/oci\"]",
      "instances": [
        {
          "schema_version": 0,
          "attributes": {
            "defined_tags": {
              "OracleInternalReserved.CostCenter": "202235",
              "OracleInternalReserved.OwnerEmail": "joseph.malek@oracle.com",
              "OracleInternalReserved.ServiceType": "IaaS",
              "OracleInternalReserved.UsageType": "development-qa-test"
            },
            "description": "ociobenablement",
            "freeform_tags": {},
            "home_region_key": "IAD",
            "id": "ocid1.tenancy.oc1..aaaaaaaajznex5attydtrmrgudwayqu7kn4krasw2ct4h4pwz7nwbfxoyd4q",
            "name": "ociobenablement",
            "tenancy_id": "ocid1.tenancy.oc1..aaaaaaaajznex5attydtrmrgudwayqu7kn4krasw2ct4h4pwz7nwbfxoyd4q",
            "upi_idcs_compatibility_layer_endpoint": null
          },
          "sensitive_attributes": []
        }
      ]
    },
    {
      "mode": "managed",
      "type": "local_file",
      "name": "kubeconfig",
      "provider": "provider[\"registry.terraform.io/hashicorp/local\"]",
      "instances": [
        {
          "schema_version": 0,
          "attributes": {
            "content": "---\napiVersion: v1\nkind: \"\"\nclusters:\n- name: cluster-ctbgb4udtoq\n  cluster:\n    server: https://192.9.133.151:6443\n    certificate-authority-data: LS0tLS1CRUdJTiBDRVJUSUZJQ0FURS0tLS0tCk1JSURpRENDQW5DZ0F3SUJBZ0lRRnJkN2p0Rm1nZXhLRkNqYklrbnFSREFOQmdrcWhraUc5dzBCQVFzRkFEQmUKTVE4d0RRWURWUVFEREFaTE9ITWdRMEV4Q3pBSkJnTlZCQVlUQWxWVE1ROHdEUVlEVlFRSERBWkJkWE4wYVc0eApEekFOQmdOVkJBb01Cazl5WVdOc1pURU1NQW9HQTFVRUN3d0RUMk5wTVE0d0RBWURWUVFJREFWVVpYaGhjekFlCkZ3MHlNekExTVRFd01ESTRNamxhRncweU9EQTFNVEV3TURJNE1qbGFNRjR4RHpBTkJnTlZCQU1NQmtzNGN5QkQKUVRFTE1Ba0dBMVVFQmhNQ1ZWTXhEekFOQmdOVkJBY01Ca0YxYzNScGJqRVBNQTBHQTFVRUNnd0dUM0poWTJ4bApNUXd3Q2dZRFZRUUxEQU5QWTJreERqQU1CZ05WQkFnTUJWUmxlR0Z6TUlJQklqQU5CZ2txaGtpRzl3MEJBUUVGCkFBT0NBUThBTUlJQkNnS0NBUUVBbVRUNW5Wd3dUNUZMdkxraDZ3VUJPbTlSMXZhTldtNFlKUVozSVRjUlFIRVcKOWpYZnN0UGRUbVRTckVVa2JoTi9VYSs3eHI3TG53eEh1K0E2L1VFMlMzN0JBWXBocjhnamRoNjZqd1NKeHVTVgp1NktFTllubWVvZDR2WFlXcVdnSmJoNFFVNnI0WmhwOHhoME5paGtVWk5XMVJsUmNFbjFlWVFhU1FkcDZ3Ry9NClhDUndkSjI3TkpOQlpWVHpidUlBVWhVWHJOY0ZTTCs4ZitUZWJSVDZmc3VyVDBNWXY2RG9XcThhWWN3RmwvU1AKdEk1MHBMVmdkT1QzVEZHNW9hL2FDT2w3a1RocEdQb2hWTUs5RHVSMWJTNnlNeW9DQ1htcDZnS3NnQ2gwUWZwbApFQTFNSlh4ckRYWndpM3I2UjhIRkMxZ3QwUVByMDBXU2NZcnFBMm5lbFFJREFRQUJvMEl3UURBUEJnTlZIUk1CCkFmOEVCVEFEQVFIL01BNEdBMVVkRHdFQi93UUVBd0lCQmpBZEJnTlZIUTRFRmdRVTFWR1hPWStseGpveTZWS2MKQnIyd3JYY283Qkl3RFFZSktvWklodmNOQVFFTEJRQURnZ0VCQUdyYzVJVG9hQUdHNm54L21Xa3ROSWJjNmpMZwp4dHpSUElDSFp5VldtUWhNN2Z2K2RnRlg2VURlMTlJdi9zY2docXB3V2c0NStmanJFaXJ6OFZ4d1lZSDF4MU1QCjNOWkdwbllPRUMyc2xmTmoxZEM2eWw0QzM3OXJYa3lQZU1Ndng2QThLNStUdlRYRWdxUVljS3pjRWxSQzFQMFYKS1RRT1dlOUZPSmtOZStzZlV0VWVvVlZ1MXpOTlQyaUpTWk9yS1dJUGVScnlqeTB5MVROMk4wWUQwbTc3NWhJSQpkZXJOQ2JjdktSRE1EQ2cweE1FZ2NMYlplU3AzSTQvSXBlcHlSNzQyYW9QQU1FMTBDeDRjQXlkakI2N2J0a3lHCkdiNmxoZUdOMExQRUlBUDk2L21TMVh2SE1BbjNEVUVncCtTQ3FaQ1FLRCtmc2VOazY1dlpwcE03dTUwPQotLS0tLUVORCBDRVJUSUZJQ0FURS0tLS0tCg==\nusers:\n- name: user-ctbgb4udtoq\n  user:\n    exec:\n      apiVersion: client.authentication.k8s.io/v1beta1\n      command: oci\n      args:\n      - ce\n      - cluster\n      - generate-token\n      - --cluster-id\n      - ocid1.cluster.oc1.us-sanjose-1.aaaaaaaao4tasb5ykbmup7iwzllb4kdlgo3iwqsced4yvsu35ctbgb4udtoq\n      - --region\n      - us-sanjose-1\n      env: []\ncontexts:\n- name: context-ctbgb4udtoq\n  context:\n    cluster: cluster-ctbgb4udtoq\n    user: user-ctbgb4udtoq\ncurrent-context: context-ctbgb4udtoq\n",
            "content_base64": null,
            "content_base64sha256": "KOMe0XLUtuMOyGB/aetYSXyJUrqCuT+ALM2zfw3VR/M=",
            "content_base64sha512": "ZbuDo2wQxXApXZJinqxSu3LHMUsHtrfn5PWHBrKnwA3MPdTgbDZDeO1Vx2IlvPX/S+VyqV3q7JDMro1zy7uDng==",
            "content_md5": "fab5ede0a201ccf94912cfe0b1ba904b",
            "content_sha1": "c4493dcf15fefeac6b4e085e91a227139b2a1c3b",
            "content_sha256": "28e31ed172d4b6e30ec8607f69eb58497c8952ba82b93f802ccdb37f0dd547f3",
            "content_sha512": "65bb83a36c10c570295d92629eac52bb72c7314b07b6b7e7e4f58706b2a7c00dcc3dd4e06c364378ed55c76225bcf5ff4be572a95deaec90ccae8d73cbbb839e",
            "directory_permission": "0777",
            "file_permission": "0777",
            "filename": "/tmp/kubeconfig",
            "id": "c4493dcf15fefeac6b4e085e91a227139b2a1c3b",
            "sensitive_content": null,
            "source": null
          },
          "sensitive_attributes": [],
          "dependencies": [
            "data.oci_containerengine_cluster_kube_config.virtual_cluster_kube_config",
            "data.oci_core_services.all_oci_services",
            "data.oci_identity_availability_domains.ad",
            "data.oci_identity_fault_domains.fd",
            "oci_containerengine_cluster.generated_oci_containerengine_cluster",
            "oci_containerengine_virtual_node_pool.create_node_pool_details0",
            "oci_core_default_route_table.generated_oci_core_default_route_table",
            "oci_core_internet_gateway.generated_oci_core_internet_gateway",
            "oci_core_nat_gateway.generated_oci_core_nat_gateway",
            "oci_core_network_security_group.KubeAPI_server_security_group",
            "oci_core_network_security_group.pod_network_security_group",
            "oci_core_network_security_group.virtual_node_network_security_group",
            "oci_core_route_table.generated_oci_core_route_table",
            "oci_core_service_gateway.generated_oci_core_service_gateway",
            "oci_core_subnet.kubernetes_api_endpoint_subnet",
            "oci_core_subnet.node_subnet",
            "oci_core_subnet.pod_subnet",
            "oci_core_subnet.service_lb_subnet",
            "oci_core_vcn.generated_oci_core_vcn"
          ]
        }
      ]
    },
    {
      "mode": "managed",
      "type": "null_resource",
      "name": "create_ingress_controller",
      "provider": "provider[\"registry.terraform.io/hashicorp/null\"]",
      "instances": [
        {
          "index_key": 0,
          "schema_version": 0,
          "attributes": {
            "id": "2945342988978081470",
            "triggers": null
          },
          "sensitive_attributes": [],
          "dependencies": [
            "data.oci_containerengine_cluster_kube_config.virtual_cluster_kube_config",
            "data.oci_core_services.all_oci_services",
            "data.oci_identity_availability_domains.ad",
            "data.oci_identity_fault_domains.fd",
            "local_file.kubeconfig",
            "oci_containerengine_cluster.generated_oci_containerengine_cluster",
            "oci_containerengine_virtual_node_pool.create_node_pool_details0",
            "oci_core_default_route_table.generated_oci_core_default_route_table",
            "oci_core_internet_gateway.generated_oci_core_internet_gateway",
            "oci_core_nat_gateway.generated_oci_core_nat_gateway",
            "oci_core_network_security_group.KubeAPI_server_security_group",
            "oci_core_network_security_group.pod_network_security_group",
            "oci_core_network_security_group.virtual_node_network_security_group",
            "oci_core_route_table.generated_oci_core_route_table",
            "oci_core_service_gateway.generated_oci_core_service_gateway",
            "oci_core_subnet.kubernetes_api_endpoint_subnet",
            "oci_core_subnet.node_subnet",
            "oci_core_subnet.pod_subnet",
            "oci_core_subnet.service_lb_subnet",
            "oci_core_vcn.generated_oci_core_vcn",
            "time_sleep.wait_1min_demo2"
          ]
        }
      ]
    },
    {
      "mode": "managed",
      "type": "null_resource",
      "name": "create_metrics_server",
      "provider": "provider[\"registry.terraform.io/hashicorp/null\"]",
      "instances": [
        {
          "index_key": 0,
          "schema_version": 0,
          "attributes": {
            "id": "4000409455977917765",
            "triggers": null
          },
          "sensitive_attributes": [],
          "dependencies": [
            "data.oci_containerengine_cluster_kube_config.virtual_cluster_kube_config",
            "data.oci_core_services.all_oci_services",
            "data.oci_identity_availability_domains.ad",
            "data.oci_identity_fault_domains.fd",
            "local_file.kubeconfig",
            "oci_containerengine_cluster.generated_oci_containerengine_cluster",
            "oci_containerengine_virtual_node_pool.create_node_pool_details0",
            "oci_core_default_route_table.generated_oci_core_default_route_table",
            "oci_core_internet_gateway.generated_oci_core_internet_gateway",
            "oci_core_nat_gateway.generated_oci_core_nat_gateway",
            "oci_core_network_security_group.KubeAPI_server_security_group",
            "oci_core_network_security_group.pod_network_security_group",
            "oci_core_network_security_group.virtual_node_network_security_group",
            "oci_core_route_table.generated_oci_core_route_table",
            "oci_core_service_gateway.generated_oci_core_service_gateway",
            "oci_core_subnet.kubernetes_api_endpoint_subnet",
            "oci_core_subnet.node_subnet",
            "oci_core_subnet.pod_subnet",
            "oci_core_subnet.service_lb_subnet",
            "oci_core_vcn.generated_oci_core_vcn",
            "time_sleep.wait_1min_demo"
          ]
        }
      ]
    },
    {
      "mode": "managed",
      "type": "oci_containerengine_cluster",
      "name": "generated_oci_containerengine_cluster",
      "provider": "provider[\"registry.terraform.io/hashicorp/oci\"]",
      "instances": [
        {
          "schema_version": 0,
          "attributes": {
            "available_kubernetes_upgrades": [
              "v1.26.2"
            ],
            "cluster_pod_network_options": [
              {
                "cni_type": "OCI_VCN_IP_NATIVE"
              }
            ],
            "compartment_id": "ocid1.compartment.oc1..aaaaaaaaucuuv3bavrptzr563nq5bpo55t7lk5p4zvr25n77i54jl2eykhbq",
            "defined_tags": {
              "Oracle-Tags.CreatedBy": "identitycloudservice/chiping.hwang@oracle.com",
              "Oracle-Tags.CreatedOn": "2023-05-11T00:28:13.814Z",
              "ops.CreatedBy": "identitycloudservice/chiping.hwang@oracle.com",
              "ops.CreationDate": "2023-05-11T00:28:13.814Z"
            },
            "endpoint_config": [
              {
                "is_public_ip_enabled": true,
                "nsg_ids": [
                  "ocid1.networksecuritygroup.oc1.us-sanjose-1.aaaaaaaaxahoopa2evvjroz4rxrlllhmxgb36a5pziurawppz4xwfphhs66q"
                ],
                "subnet_id": "ocid1.subnet.oc1.us-sanjose-1.aaaaaaaa5gbz6dp7qsgo67syvmi2cwksqyrrthkxrqsmnnexo3xaiuu57ppq"
              }
            ],
            "endpoints": [
              {
                "kubernetes": "",
                "private_endpoint": "10.0.0.5:6443",
                "public_endpoint": "192.9.133.151:6443",
                "vcn_hostname_endpoint": ""
              }
            ],
            "freeform_tags": {
              "OKEclusterName": "oke-cluster"
            },
            "id": "ocid1.cluster.oc1.us-sanjose-1.aaaaaaaao4tasb5ykbmup7iwzllb4kdlgo3iwqsced4yvsu35ctbgb4udtoq",
            "image_policy_config": [
              {
                "is_policy_enabled": false,
                "key_details": []
              }
            ],
            "kms_key_id": null,
            "kubernetes_version": "v1.25.4",
            "lifecycle_details": null,
            "metadata": [
              {
                "created_by_user_id": "ocid1.user.oc1..aaaaaaaao7mct2dugqn6ymsm2mncrthv2q2zcbh7emcgwmckswmaiboiargq",
                "created_by_work_request_id": "ocid1.clustersworkrequest.oc1.us-sanjose-1.aaaaaaaagykdr4iphd6rh6npmuefgd5q4pqfmanewiypllb5wwz6l7hudbwa",
                "deleted_by_user_id": "",
                "deleted_by_work_request_id": "",
                "time_created": "2023-05-11 00:28:14 +0000 UTC",
                "time_deleted": "",
                "time_updated": "",
                "updated_by_user_id": "",
                "updated_by_work_request_id": ""
              }
            ],
            "name": "oke-cluster-virtual-nodes",
            "options": [
              {
                "add_ons": [
                  {
                    "is_kubernetes_dashboard_enabled": false,
                    "is_tiller_enabled": false
                  }
                ],
                "admission_controller_options": [
                  {
                    "is_pod_security_policy_enabled": false
                  }
                ],
                "kubernetes_network_config": [
                  {
                    "pods_cidr": "10.244.0.0/16",
                    "services_cidr": "10.96.0.0/16"
                  }
                ],
                "persistent_volume_config": [
                  {
                    "defined_tags": {},
                    "freeform_tags": {
                      "OKEclusterName": "oke-cluster"
                    }
                  }
                ],
                "service_lb_config": [
                  {
                    "defined_tags": {},
                    "freeform_tags": {
                      "OKEclusterName": "oke-cluster"
                    }
                  }
                ],
                "service_lb_subnet_ids": [
                  "ocid1.subnet.oc1.us-sanjose-1.aaaaaaaatcgcrdy7bfdgr5oj2qyguotf532it2ihzepuxjunjqhiq36zenoq"
                ]
              }
            ],
            "state": "ACTIVE",
            "timeouts": null,
            "type": "ENHANCED_CLUSTER",
            "vcn_id": "ocid1.vcn.oc1.us-sanjose-1.amaaaaaanlc5nbya6cyrdnhhuciz2va26gzilvl57sa5bimghmoii6mkoiea"
          },
          "sensitive_attributes": [],
          "private": "eyJlMmJmYjczMC1lY2FhLTExZTYtOGY4OC0zNDM2M2JjN2M0YzAiOnsiY3JlYXRlIjozNjAwMDAwMDAwMDAwLCJkZWxldGUiOjM2MDAwMDAwMDAwMDAsInVwZGF0ZSI6MzYwMDAwMDAwMDAwMH19",
          "dependencies": [
            "oci_core_default_route_table.generated_oci_core_default_route_table",
            "oci_core_internet_gateway.generated_oci_core_internet_gateway",
            "oci_core_network_security_group.KubeAPI_server_security_group",
            "oci_core_subnet.kubernetes_api_endpoint_subnet",
            "oci_core_subnet.service_lb_subnet",
            "oci_core_vcn.generated_oci_core_vcn"
          ]
        }
      ]
    },
    {
      "mode": "managed",
      "type": "oci_containerengine_virtual_node_pool",
      "name": "create_node_pool_details0",
      "provider": "provider[\"registry.terraform.io/hashicorp/oci\"]",
      "instances": [
        {
          "schema_version": 0,
          "attributes": {
            "cluster_id": "ocid1.cluster.oc1.us-sanjose-1.aaaaaaaao4tasb5ykbmup7iwzllb4kdlgo3iwqsced4yvsu35ctbgb4udtoq",
            "compartment_id": "ocid1.compartment.oc1..aaaaaaaaucuuv3bavrptzr563nq5bpo55t7lk5p4zvr25n77i54jl2eykhbq",
            "defined_tags": {
              "Oracle-Tags.CreatedBy": "identitycloudservice/chiping.hwang@oracle.com",
              "Oracle-Tags.CreatedOn": "2023-05-11T00:38:57.500Z",
              "ops.CreatedBy": "identitycloudservice/chiping.hwang@oracle.com",
              "ops.CreationDate": "2023-05-11T00:38:57.500Z"
            },
            "display_name": "Oke_virtual_node",
            "freeform_tags": {
              "OKEnodePoolName": "pool1"
            },
            "id": "ocid1.virtualnodepool.oc1.us-sanjose-1.amaaaaaanlc5nbyan5t4ij5uo4wxaukh32lupqnwal25q3dua7ckuxzyp6ca",
            "initial_virtual_node_labels": [],
            "kubernetes_version": "v1.25.4",
            "lifecycle_details": null,
            "nsg_ids": [
              "ocid1.networksecuritygroup.oc1.us-sanjose-1.aaaaaaaapkwm3jmxvvnoly4xwy5r4k6kbwhb3xekeegx3k4ylxqwkmgabbua"
            ],
            "placement_configurations": [
              {
                "availability_domain": "GrCh:US-SANJOSE-1-AD-1",
                "fault_domain": [
                  "FAULT-DOMAIN-1"
                ],
                "subnet_id": "ocid1.subnet.oc1.us-sanjose-1.aaaaaaaa7lnovkblxdc43htwrj3ggvchmjm333mkei33xqmpt2y3dpilkfrq"
              }
            ],
            "pod_configuration": [
              {
                "nsg_ids": [
                  "ocid1.networksecuritygroup.oc1.us-sanjose-1.aaaaaaaafylt6qkiwna23a4cl6cv7y3trfavkeoav7ch3cp2d6exdlpmhutq"
                ],
                "shape": "Pod.Standard.E4.Flex",
                "subnet_id": "ocid1.subnet.oc1.us-sanjose-1.aaaaaaaayw6vewredwdbzukkhlf26peodsj5y5qybqb424qfntjb4yj5ueqa"
              }
            ],
            "size": 3,
            "state": "ACTIVE",
            "system_tags": {},
            "taints": [],
            "time_created": "2023-05-11 00:38:57 +0000 UTC",
            "time_updated": "2023-05-11 00:38:57 +0000 UTC",
            "timeouts": null,
            "virtual_node_tags": [
              {
                "defined_tags": {},
                "freeform_tags": {}
              }
            ]
          },
          "sensitive_attributes": [],
          "private": "eyJlMmJmYjczMC1lY2FhLTExZTYtOGY4OC0zNDM2M2JjN2M0YzAiOnsiY3JlYXRlIjoxMjAwMDAwMDAwMDAwLCJkZWxldGUiOjEyMDAwMDAwMDAwMDAsInVwZGF0ZSI6MTIwMDAwMDAwMDAwMH19",
          "dependencies": [
            "data.oci_core_services.all_oci_services",
            "data.oci_identity_availability_domains.ad",
            "data.oci_identity_fault_domains.fd",
            "oci_containerengine_cluster.generated_oci_containerengine_cluster",
            "oci_core_default_route_table.generated_oci_core_default_route_table",
            "oci_core_internet_gateway.generated_oci_core_internet_gateway",
            "oci_core_nat_gateway.generated_oci_core_nat_gateway",
            "oci_core_network_security_group.KubeAPI_server_security_group",
            "oci_core_network_security_group.pod_network_security_group",
            "oci_core_network_security_group.virtual_node_network_security_group",
            "oci_core_route_table.generated_oci_core_route_table",
            "oci_core_service_gateway.generated_oci_core_service_gateway",
            "oci_core_subnet.kubernetes_api_endpoint_subnet",
            "oci_core_subnet.node_subnet",
            "oci_core_subnet.pod_subnet",
            "oci_core_subnet.service_lb_subnet",
            "oci_core_vcn.generated_oci_core_vcn"
          ]
        }
      ]
    },
    {
      "mode": "managed",
      "type": "oci_core_default_route_table",
      "name": "generated_oci_core_default_route_table",
      "provider": "provider[\"registry.terraform.io/hashicorp/oci\"]",
      "instances": [
        {
          "schema_version": 0,
          "attributes": {
            "compartment_id": "ocid1.compartment.oc1..aaaaaaaaucuuv3bavrptzr563nq5bpo55t7lk5p4zvr25n77i54jl2eykhbq",
            "defined_tags": {
              "Oracle-Tags.CreatedBy": "identitycloudservice/chiping.hwang@oracle.com",
              "Oracle-Tags.CreatedOn": "2023-05-11T00:28:06.055Z",
              "ops.CreatedBy": "identitycloudservice/chiping.hwang@oracle.com",
              "ops.CreationDate": "2023-05-11T00:28:06.055Z"
            },
            "display_name": "oke-public-routetable",
            "freeform_tags": {},
            "id": "ocid1.routetable.oc1.us-sanjose-1.aaaaaaaaqkvolt4k76f4zydztdweolsnhskparpi2ah5crrcofwcmneclkuq",
            "manage_default_resource_id": "ocid1.routetable.oc1.us-sanjose-1.aaaaaaaaqkvolt4k76f4zydztdweolsnhskparpi2ah5crrcofwcmneclkuq",
            "route_rules": [
              {
                "cidr_block": "",
                "description": "traffic to/from internet",
                "destination": "0.0.0.0/0",
                "destination_type": "CIDR_BLOCK",
                "network_entity_id": "ocid1.internetgateway.oc1.us-sanjose-1.aaaaaaaal5mixht3upyoffatxzdngg3fxry24helt4qm5foubnqbgu5lsppq",
                "route_type": ""
              }
            ],
            "state": "AVAILABLE",
            "time_created": "2023-05-11 00:28:06.133 +0000 UTC",
            "timeouts": null
          },
          "sensitive_attributes": [],
          "private": "eyJlMmJmYjczMC1lY2FhLTExZTYtOGY4OC0zNDM2M2JjN2M0YzAiOnsiY3JlYXRlIjoxMjAwMDAwMDAwMDAwLCJkZWxldGUiOjEyMDAwMDAwMDAwMDAsInVwZGF0ZSI6MTIwMDAwMDAwMDAwMH19",
          "dependencies": [
            "oci_core_internet_gateway.generated_oci_core_internet_gateway",
            "oci_core_vcn.generated_oci_core_vcn"
          ]
        }
      ]
    },
    {
      "mode": "managed",
      "type": "oci_core_internet_gateway",
      "name": "generated_oci_core_internet_gateway",
      "provider": "provider[\"registry.terraform.io/hashicorp/oci\"]",
      "instances": [
        {
          "schema_version": 0,
          "attributes": {
            "compartment_id": "ocid1.compartment.oc1..aaaaaaaaucuuv3bavrptzr563nq5bpo55t7lk5p4zvr25n77i54jl2eykhbq",
            "defined_tags": {
              "Oracle-Tags.CreatedBy": "identitycloudservice/chiping.hwang@oracle.com",
              "Oracle-Tags.CreatedOn": "2023-05-11T00:28:07.012Z",
              "ops.CreatedBy": "identitycloudservice/chiping.hwang@oracle.com",
              "ops.CreationDate": "2023-05-11T00:28:07.012Z"
            },
            "display_name": "oke-igw-cluster",
            "enabled": true,
            "freeform_tags": {},
            "id": "ocid1.internetgateway.oc1.us-sanjose-1.aaaaaaaal5mixht3upyoffatxzdngg3fxry24helt4qm5foubnqbgu5lsppq",
            "route_table_id": null,
            "state": "AVAILABLE",
            "time_created": "2023-05-11 00:28:07.089 +0000 UTC",
            "timeouts": null,
            "vcn_id": "ocid1.vcn.oc1.us-sanjose-1.amaaaaaanlc5nbya6cyrdnhhuciz2va26gzilvl57sa5bimghmoii6mkoiea"
          },
          "sensitive_attributes": [],
          "private": "eyJlMmJmYjczMC1lY2FhLTExZTYtOGY4OC0zNDM2M2JjN2M0YzAiOnsiY3JlYXRlIjoxMjAwMDAwMDAwMDAwLCJkZWxldGUiOjEyMDAwMDAwMDAwMDAsInVwZGF0ZSI6MTIwMDAwMDAwMDAwMH19",
          "dependencies": [
            "oci_core_vcn.generated_oci_core_vcn"
          ]
        }
      ]
    },
    {
      "mode": "managed",
      "type": "oci_core_nat_gateway",
      "name": "generated_oci_core_nat_gateway",
      "provider": "provider[\"registry.terraform.io/hashicorp/oci\"]",
      "instances": [
        {
          "schema_version": 0,
          "attributes": {
            "block_traffic": false,
            "compartment_id": "ocid1.compartment.oc1..aaaaaaaaucuuv3bavrptzr563nq5bpo55t7lk5p4zvr25n77i54jl2eykhbq",
            "defined_tags": {
              "Oracle-Tags.CreatedBy": "identitycloudservice/chiping.hwang@oracle.com",
              "Oracle-Tags.CreatedOn": "2023-05-11T00:28:06.988Z",
              "ops.CreatedBy": "identitycloudservice/chiping.hwang@oracle.com",
              "ops.CreationDate": "2023-05-11T00:28:06.988Z"
            },
            "display_name": "oke-ngw-cluster",
            "freeform_tags": {},
            "id": "ocid1.natgateway.oc1.us-sanjose-1.aaaaaaaadsgumoi2r5n62g6mlkm426h7tgm7d56meg7i2ym3b2rha3dy6u7a",
            "nat_ip": "155.248.211.23",
            "public_ip_id": "ocid1.publicip.oc1.us-sanjose-1.aaaaaaaapcl3vztitjzxq6odmdofnbh22nwcsql4kmwz4fdyefxqadmmdzia",
            "route_table_id": null,
            "state": "AVAILABLE",
            "time_created": "2023-05-11 00:28:07.344 +0000 UTC",
            "timeouts": null,
            "vcn_id": "ocid1.vcn.oc1.us-sanjose-1.amaaaaaanlc5nbya6cyrdnhhuciz2va26gzilvl57sa5bimghmoii6mkoiea"
          },
          "sensitive_attributes": [],
          "private": "eyJlMmJmYjczMC1lY2FhLTExZTYtOGY4OC0zNDM2M2JjN2M0YzAiOnsiY3JlYXRlIjoxMjAwMDAwMDAwMDAwLCJkZWxldGUiOjEyMDAwMDAwMDAwMDAsInVwZGF0ZSI6MTIwMDAwMDAwMDAwMH19",
          "dependencies": [
            "oci_core_vcn.generated_oci_core_vcn"
          ]
        }
      ]
    },
    {
      "mode": "managed",
      "type": "oci_core_network_security_group",
      "name": "KubeAPI_server_security_group",
      "provider": "provider[\"registry.terraform.io/hashicorp/oci\"]",
      "instances": [
        {
          "schema_version": 0,
          "attributes": {
            "compartment_id": "ocid1.compartment.oc1..aaaaaaaaucuuv3bavrptzr563nq5bpo55t7lk5p4zvr25n77i54jl2eykhbq",
            "defined_tags": {
              "Oracle-Tags.CreatedBy": "identitycloudservice/chiping.hwang@oracle.com",
              "Oracle-Tags.CreatedOn": "2023-05-11T00:28:06.893Z",
              "ops.CreatedBy": "identitycloudservice/chiping.hwang@oracle.com",
              "ops.CreationDate": "2023-05-11T00:28:06.892Z"
            },
            "display_name": "kubeAPI_Server_security_group",
            "freeform_tags": {},
            "id": "ocid1.networksecuritygroup.oc1.us-sanjose-1.aaaaaaaaxahoopa2evvjroz4rxrlllhmxgb36a5pziurawppz4xwfphhs66q",
            "state": "AVAILABLE",
            "time_created": "2023-05-11 00:28:07.125 +0000 UTC",
            "timeouts": null,
            "vcn_id": "ocid1.vcn.oc1.us-sanjose-1.amaaaaaanlc5nbya6cyrdnhhuciz2va26gzilvl57sa5bimghmoii6mkoiea"
          },
          "sensitive_attributes": [],
          "private": "eyJlMmJmYjczMC1lY2FhLTExZTYtOGY4OC0zNDM2M2JjN2M0YzAiOnsiY3JlYXRlIjoxMjAwMDAwMDAwMDAwLCJkZWxldGUiOjEyMDAwMDAwMDAwMDAsInVwZGF0ZSI6MTIwMDAwMDAwMDAwMH19",
          "dependencies": [
            "oci_core_vcn.generated_oci_core_vcn"
          ]
        }
      ]
    },
    {
      "mode": "managed",
      "type": "oci_core_network_security_group",
      "name": "pod_network_security_group",
      "provider": "provider[\"registry.terraform.io/hashicorp/oci\"]",
      "instances": [
        {
          "schema_version": 0,
          "attributes": {
            "compartment_id": "ocid1.compartment.oc1..aaaaaaaaucuuv3bavrptzr563nq5bpo55t7lk5p4zvr25n77i54jl2eykhbq",
            "defined_tags": {
              "Oracle-Tags.CreatedBy": "identitycloudservice/chiping.hwang@oracle.com",
              "Oracle-Tags.CreatedOn": "2023-05-11T00:28:07.002Z",
              "ops.CreatedBy": "identitycloudservice/chiping.hwang@oracle.com",
              "ops.CreationDate": "2023-05-11T00:28:07.002Z"
            },
            "display_name": "pod_network_security_group",
            "freeform_tags": {},
            "id": "ocid1.networksecuritygroup.oc1.us-sanjose-1.aaaaaaaafylt6qkiwna23a4cl6cv7y3trfavkeoav7ch3cp2d6exdlpmhutq",
            "state": "AVAILABLE",
            "time_created": "2023-05-11 00:28:07.255 +0000 UTC",
            "timeouts": null,
            "vcn_id": "ocid1.vcn.oc1.us-sanjose-1.amaaaaaanlc5nbya6cyrdnhhuciz2va26gzilvl57sa5bimghmoii6mkoiea"
          },
          "sensitive_attributes": [],
          "private": "eyJlMmJmYjczMC1lY2FhLTExZTYtOGY4OC0zNDM2M2JjN2M0YzAiOnsiY3JlYXRlIjoxMjAwMDAwMDAwMDAwLCJkZWxldGUiOjEyMDAwMDAwMDAwMDAsInVwZGF0ZSI6MTIwMDAwMDAwMDAwMH19",
          "dependencies": [
            "oci_core_vcn.generated_oci_core_vcn"
          ]
        }
      ]
    },
    {
      "mode": "managed",
      "type": "oci_core_network_security_group",
      "name": "virtual_node_network_security_group",
      "provider": "provider[\"registry.terraform.io/hashicorp/oci\"]",
      "instances": [
        {
          "schema_version": 0,
          "attributes": {
            "compartment_id": "ocid1.compartment.oc1..aaaaaaaaucuuv3bavrptzr563nq5bpo55t7lk5p4zvr25n77i54jl2eykhbq",
            "defined_tags": {
              "Oracle-Tags.CreatedBy": "identitycloudservice/chiping.hwang@oracle.com",
              "Oracle-Tags.CreatedOn": "2023-05-11T00:28:06.987Z",
              "ops.CreatedBy": "identitycloudservice/chiping.hwang@oracle.com",
              "ops.CreationDate": "2023-05-11T00:28:06.987Z"
            },
            "display_name": "Virtual_node_security_group",
            "freeform_tags": {},
            "id": "ocid1.networksecuritygroup.oc1.us-sanjose-1.aaaaaaaapkwm3jmxvvnoly4xwy5r4k6kbwhb3xekeegx3k4ylxqwkmgabbua",
            "state": "AVAILABLE",
            "time_created": "2023-05-11 00:28:07.137 +0000 UTC",
            "timeouts": null,
            "vcn_id": "ocid1.vcn.oc1.us-sanjose-1.amaaaaaanlc5nbya6cyrdnhhuciz2va26gzilvl57sa5bimghmoii6mkoiea"
          },
          "sensitive_attributes": [],
          "private": "eyJlMmJmYjczMC1lY2FhLTExZTYtOGY4OC0zNDM2M2JjN2M0YzAiOnsiY3JlYXRlIjoxMjAwMDAwMDAwMDAwLCJkZWxldGUiOjEyMDAwMDAwMDAwMDAsInVwZGF0ZSI6MTIwMDAwMDAwMDAwMH19",
          "dependencies": [
            "oci_core_vcn.generated_oci_core_vcn"
          ]
        }
      ]
    },
    {
      "mode": "managed",
      "type": "oci_core_network_security_group_security_rule",
      "name": "OCI_Services",
      "provider": "provider[\"registry.terraform.io/hashicorp/oci\"]",
      "instances": [
        {
          "schema_version": 0,
          "attributes": {
            "description": "allow to OCI services",
            "destination": "all-sjc-services-in-oracle-services-network",
            "destination_type": "SERVICE_CIDR_BLOCK",
            "direction": "EGRESS",
            "icmp_options": [],
            "id": "AC4013",
            "is_valid": true,
            "network_security_group_id": "ocid1.networksecuritygroup.oc1.us-sanjose-1.aaaaaaaapkwm3jmxvvnoly4xwy5r4k6kbwhb3xekeegx3k4ylxqwkmgabbua",
            "protocol": "all",
            "source": null,
            "source_type": "",
            "stateless": false,
            "tcp_options": [],
            "time_created": "2023-05-11 00:28:07.98 +0000 UTC",
            "timeouts": null,
            "udp_options": []
          },
          "sensitive_attributes": [],
          "private": "eyJlMmJmYjczMC1lY2FhLTExZTYtOGY4OC0zNDM2M2JjN2M0YzAiOnsiY3JlYXRlIjoxMjAwMDAwMDAwMDAwLCJkZWxldGUiOjEyMDAwMDAwMDAwMDAsInVwZGF0ZSI6MTIwMDAwMDAwMDAwMH19",
          "dependencies": [
            "data.oci_core_services.all_oci_services",
            "oci_core_network_security_group.virtual_node_network_security_group",
            "oci_core_vcn.generated_oci_core_vcn"
          ]
        }
      ]
    },
    {
      "mode": "managed",
      "type": "oci_core_network_security_group_security_rule",
      "name": "api_network_pod_network",
      "provider": "provider[\"registry.terraform.io/hashicorp/oci\"]",
      "instances": [
        {
          "schema_version": 0,
          "attributes": {
            "description": "allow all from Pod Network",
            "destination": null,
            "destination_type": "",
            "direction": "INGRESS",
            "icmp_options": [],
            "id": "A21431",
            "is_valid": true,
            "network_security_group_id": "ocid1.networksecuritygroup.oc1.us-sanjose-1.aaaaaaaafylt6qkiwna23a4cl6cv7y3trfavkeoav7ch3cp2d6exdlpmhutq",
            "protocol": "all",
            "source": "ocid1.networksecuritygroup.oc1.us-sanjose-1.aaaaaaaafylt6qkiwna23a4cl6cv7y3trfavkeoav7ch3cp2d6exdlpmhutq",
            "source_type": "NETWORK_SECURITY_GROUP",
            "stateless": false,
            "tcp_options": [],
            "time_created": "2023-05-11 00:28:10.489 +0000 UTC",
            "timeouts": null,
            "udp_options": []
          },
          "sensitive_attributes": [],
          "private": "eyJlMmJmYjczMC1lY2FhLTExZTYtOGY4OC0zNDM2M2JjN2M0YzAiOnsiY3JlYXRlIjoxMjAwMDAwMDAwMDAwLCJkZWxldGUiOjEyMDAwMDAwMDAwMDAsInVwZGF0ZSI6MTIwMDAwMDAwMDAwMH19",
          "dependencies": [
            "oci_core_network_security_group.pod_network_security_group",
            "oci_core_vcn.generated_oci_core_vcn"
          ]
        }
      ]
    },
    {
      "mode": "managed",
      "type": "oci_core_network_security_group_security_rule",
      "name": "api_network_virtual_network1",
      "provider": "provider[\"registry.terraform.io/hashicorp/oci\"]",
      "instances": [
        {
          "schema_version": 0,
          "attributes": {
            "description": "allow TCP 10250 from Pod Network",
            "destination": null,
            "destination_type": "",
            "direction": "INGRESS",
            "icmp_options": [],
            "id": "7D49D6",
            "is_valid": true,
            "network_security_group_id": "ocid1.networksecuritygroup.oc1.us-sanjose-1.aaaaaaaapkwm3jmxvvnoly4xwy5r4k6kbwhb3xekeegx3k4ylxqwkmgabbua",
            "protocol": "6",
            "source": "ocid1.networksecuritygroup.oc1.us-sanjose-1.aaaaaaaaxahoopa2evvjroz4rxrlllhmxgb36a5pziurawppz4xwfphhs66q",
            "source_type": "NETWORK_SECURITY_GROUP",
            "stateless": false,
            "tcp_options": [
              {
                "destination_port_range": [
                  {
                    "max": 10250,
                    "min": 10250
                  }
                ],
                "source_port_range": []
              }
            ],
            "time_created": "2023-05-11 00:28:08.31 +0000 UTC",
            "timeouts": null,
            "udp_options": []
          },
          "sensitive_attributes": [],
          "private": "eyJlMmJmYjczMC1lY2FhLTExZTYtOGY4OC0zNDM2M2JjN2M0YzAiOnsiY3JlYXRlIjoxMjAwMDAwMDAwMDAwLCJkZWxldGUiOjEyMDAwMDAwMDAwMDAsInVwZGF0ZSI6MTIwMDAwMDAwMDAwMH19",
          "dependencies": [
            "oci_core_network_security_group.KubeAPI_server_security_group",
            "oci_core_network_security_group.virtual_node_network_security_group",
            "oci_core_vcn.generated_oci_core_vcn"
          ]
        }
      ]
    },
    {
      "mode": "managed",
      "type": "oci_core_network_security_group_security_rule",
      "name": "api_network_virtual_network_icmp",
      "provider": "provider[\"registry.terraform.io/hashicorp/oci\"]",
      "instances": [
        {
          "schema_version": 0,
          "attributes": {
            "description": "allow icmp from kube API Network",
            "destination": null,
            "destination_type": "",
            "direction": "INGRESS",
            "icmp_options": [],
            "id": "4AE01A",
            "is_valid": true,
            "network_security_group_id": "ocid1.networksecuritygroup.oc1.us-sanjose-1.aaaaaaaapkwm3jmxvvnoly4xwy5r4k6kbwhb3xekeegx3k4ylxqwkmgabbua",
            "protocol": "1",
            "source": "ocid1.networksecuritygroup.oc1.us-sanjose-1.aaaaaaaaxahoopa2evvjroz4rxrlllhmxgb36a5pziurawppz4xwfphhs66q",
            "source_type": "NETWORK_SECURITY_GROUP",
            "stateless": false,
            "tcp_options": [],
            "time_created": "2023-05-11 00:28:08.578 +0000 UTC",
            "timeouts": null,
            "udp_options": []
          },
          "sensitive_attributes": [],
          "private": "eyJlMmJmYjczMC1lY2FhLTExZTYtOGY4OC0zNDM2M2JjN2M0YzAiOnsiY3JlYXRlIjoxMjAwMDAwMDAwMDAwLCJkZWxldGUiOjEyMDAwMDAwMDAwMDAsInVwZGF0ZSI6MTIwMDAwMDAwMDAwMH19",
          "dependencies": [
            "oci_core_network_security_group.KubeAPI_server_security_group",
            "oci_core_network_security_group.virtual_node_network_security_group",
            "oci_core_vcn.generated_oci_core_vcn"
          ]
        }
      ]
    },
    {
      "mode": "managed",
      "type": "oci_core_network_security_group_security_rule",
      "name": "kubeAPI_server_Node_10250",
      "provider": "provider[\"registry.terraform.io/hashicorp/oci\"]",
      "instances": [
        {
          "schema_version": 0,
          "attributes": {
            "description": "allow 10250 to Node Network",
            "destination": "ocid1.networksecuritygroup.oc1.us-sanjose-1.aaaaaaaapkwm3jmxvvnoly4xwy5r4k6kbwhb3xekeegx3k4ylxqwkmgabbua",
            "destination_type": "NETWORK_SECURITY_GROUP",
            "direction": "EGRESS",
            "icmp_options": [],
            "id": "34EEE4",
            "is_valid": true,
            "network_security_group_id": "ocid1.networksecuritygroup.oc1.us-sanjose-1.aaaaaaaaxahoopa2evvjroz4rxrlllhmxgb36a5pziurawppz4xwfphhs66q",
            "protocol": "6",
            "source": null,
            "source_type": "",
            "stateless": false,
            "tcp_options": [
              {
                "destination_port_range": [
                  {
                    "max": 10250,
                    "min": 10250
                  }
                ],
                "source_port_range": []
              }
            ],
            "time_created": "2023-05-11 00:28:08.276 +0000 UTC",
            "timeouts": null,
            "udp_options": []
          },
          "sensitive_attributes": [],
          "private": "eyJlMmJmYjczMC1lY2FhLTExZTYtOGY4OC0zNDM2M2JjN2M0YzAiOnsiY3JlYXRlIjoxMjAwMDAwMDAwMDAwLCJkZWxldGUiOjEyMDAwMDAwMDAwMDAsInVwZGF0ZSI6MTIwMDAwMDAwMDAwMH19",
          "dependencies": [
            "oci_core_network_security_group.KubeAPI_server_security_group",
            "oci_core_network_security_group.virtual_node_network_security_group",
            "oci_core_vcn.generated_oci_core_vcn"
          ]
        }
      ]
    },
    {
      "mode": "managed",
      "type": "oci_core_network_security_group_security_rule",
      "name": "kubeAPI_server_POD_ALL",
      "provider": "provider[\"registry.terraform.io/hashicorp/oci\"]",
      "instances": [
        {
          "schema_version": 0,
          "attributes": {
            "description": "allow all to POD Network",
            "destination": "ocid1.networksecuritygroup.oc1.us-sanjose-1.aaaaaaaafylt6qkiwna23a4cl6cv7y3trfavkeoav7ch3cp2d6exdlpmhutq",
            "destination_type": "NETWORK_SECURITY_GROUP",
            "direction": "EGRESS",
            "icmp_options": [],
            "id": "5DE57A",
            "is_valid": true,
            "network_security_group_id": "ocid1.networksecuritygroup.oc1.us-sanjose-1.aaaaaaaaxahoopa2evvjroz4rxrlllhmxgb36a5pziurawppz4xwfphhs66q",
            "protocol": "6",
            "source": null,
            "source_type": "",
            "stateless": false,
            "tcp_options": [],
            "time_created": "2023-05-11 00:28:10.368 +0000 UTC",
            "timeouts": null,
            "udp_options": []
          },
          "sensitive_attributes": [],
          "private": "eyJlMmJmYjczMC1lY2FhLTExZTYtOGY4OC0zNDM2M2JjN2M0YzAiOnsiY3JlYXRlIjoxMjAwMDAwMDAwMDAwLCJkZWxldGUiOjEyMDAwMDAwMDAwMDAsInVwZGF0ZSI6MTIwMDAwMDAwMDAwMH19",
          "dependencies": [
            "oci_core_network_security_group.KubeAPI_server_security_group",
            "oci_core_network_security_group.pod_network_security_group",
            "oci_core_vcn.generated_oci_core_vcn"
          ]
        }
      ]
    },
    {
      "mode": "managed",
      "type": "oci_core_network_security_group_security_rule",
      "name": "kubeAPI_server_ingress_TCP_6443",
      "provider": "provider[\"registry.terraform.io/hashicorp/oci\"]",
      "instances": [
        {
          "schema_version": 0,
          "attributes": {
            "description": "allow KubeAPI ingress TCP 6443",
            "destination": null,
            "destination_type": "",
            "direction": "INGRESS",
            "icmp_options": [],
            "id": "36801C",
            "is_valid": true,
            "network_security_group_id": "ocid1.networksecuritygroup.oc1.us-sanjose-1.aaaaaaaaxahoopa2evvjroz4rxrlllhmxgb36a5pziurawppz4xwfphhs66q",
            "protocol": "6",
            "source": "0.0.0.0/0",
            "source_type": "CIDR_BLOCK",
            "stateless": false,
            "tcp_options": [
              {
                "destination_port_range": [
                  {
                    "max": 6443,
                    "min": 6443
                  }
                ],
                "source_port_range": []
              }
            ],
            "time_created": "2023-05-11 00:28:07.734 +0000 UTC",
            "timeouts": null,
            "udp_options": []
          },
          "sensitive_attributes": [],
          "private": "eyJlMmJmYjczMC1lY2FhLTExZTYtOGY4OC0zNDM2M2JjN2M0YzAiOnsiY3JlYXRlIjoxMjAwMDAwMDAwMDAwLCJkZWxldGUiOjEyMDAwMDAwMDAwMDAsInVwZGF0ZSI6MTIwMDAwMDAwMDAwMH19",
          "dependencies": [
            "oci_core_network_security_group.KubeAPI_server_security_group",
            "oci_core_vcn.generated_oci_core_vcn"
          ]
        }
      ]
    },
    {
      "mode": "managed",
      "type": "oci_core_network_security_group_security_rule",
      "name": "kubeAPI_server_ingress_TCP_6443_node",
      "provider": "provider[\"registry.terraform.io/hashicorp/oci\"]",
      "instances": [
        {
          "schema_version": 0,
          "attributes": {
            "description": "allow KubeAPI ingress TCP 6443",
            "destination": null,
            "destination_type": "",
            "direction": "INGRESS",
            "icmp_options": [],
            "id": "92E8E6",
            "is_valid": true,
            "network_security_group_id": "ocid1.networksecuritygroup.oc1.us-sanjose-1.aaaaaaaaxahoopa2evvjroz4rxrlllhmxgb36a5pziurawppz4xwfphhs66q",
            "protocol": "6",
            "source": "ocid1.networksecuritygroup.oc1.us-sanjose-1.aaaaaaaapkwm3jmxvvnoly4xwy5r4k6kbwhb3xekeegx3k4ylxqwkmgabbua",
            "source_type": "NETWORK_SECURITY_GROUP",
            "stateless": false,
            "tcp_options": [
              {
                "destination_port_range": [
                  {
                    "max": 6443,
                    "min": 6443
                  }
                ],
                "source_port_range": []
              }
            ],
            "time_created": "2023-05-11 00:28:15.705 +0000 UTC",
            "timeouts": null,
            "udp_options": []
          },
          "sensitive_attributes": [],
          "private": "eyJlMmJmYjczMC1lY2FhLTExZTYtOGY4OC0zNDM2M2JjN2M0YzAiOnsiY3JlYXRlIjoxMjAwMDAwMDAwMDAwLCJkZWxldGUiOjEyMDAwMDAwMDAwMDAsInVwZGF0ZSI6MTIwMDAwMDAwMDAwMH19",
          "dependencies": [
            "oci_core_network_security_group.KubeAPI_server_security_group",
            "oci_core_network_security_group.virtual_node_network_security_group",
            "oci_core_vcn.generated_oci_core_vcn"
          ]
        }
      ]
    },
    {
      "mode": "managed",
      "type": "oci_core_network_security_group_security_rule",
      "name": "kubeAPI_server_ingress_TCP_6443_pod",
      "provider": "provider[\"registry.terraform.io/hashicorp/oci\"]",
      "instances": [
        {
          "schema_version": 0,
          "attributes": {
            "description": "allow KubeAPI ingress TCP 6443",
            "destination": null,
            "destination_type": "",
            "direction": "INGRESS",
            "icmp_options": [],
            "id": "BC57A5",
            "is_valid": true,
            "network_security_group_id": "ocid1.networksecuritygroup.oc1.us-sanjose-1.aaaaaaaaxahoopa2evvjroz4rxrlllhmxgb36a5pziurawppz4xwfphhs66q",
            "protocol": "6",
            "source": "ocid1.networksecuritygroup.oc1.us-sanjose-1.aaaaaaaafylt6qkiwna23a4cl6cv7y3trfavkeoav7ch3cp2d6exdlpmhutq",
            "source_type": "NETWORK_SECURITY_GROUP",
            "stateless": false,
            "tcp_options": [
              {
                "destination_port_range": [
                  {
                    "max": 6443,
                    "min": 6443
                  }
                ],
                "source_port_range": []
              }
            ],
            "time_created": "2023-05-11 00:28:11.23 +0000 UTC",
            "timeouts": null,
            "udp_options": []
          },
          "sensitive_attributes": [],
          "private": "eyJlMmJmYjczMC1lY2FhLTExZTYtOGY4OC0zNDM2M2JjN2M0YzAiOnsiY3JlYXRlIjoxMjAwMDAwMDAwMDAwLCJkZWxldGUiOjEyMDAwMDAwMDAwMDAsInVwZGF0ZSI6MTIwMDAwMDAwMDAwMH19",
          "dependencies": [
            "oci_core_network_security_group.KubeAPI_server_security_group",
            "oci_core_network_security_group.pod_network_security_group",
            "oci_core_vcn.generated_oci_core_vcn"
          ]
        }
      ]
    },
    {
      "mode": "managed",
      "type": "oci_core_network_security_group_security_rule",
      "name": "kubeAPI_server_node_12250",
      "provider": "provider[\"registry.terraform.io/hashicorp/oci\"]",
      "instances": [
        {
          "schema_version": 0,
          "attributes": {
            "description": "allow node security group TCP 12250",
            "destination": null,
            "destination_type": "",
            "direction": "INGRESS",
            "icmp_options": [],
            "id": "C6D6FC",
            "is_valid": true,
            "network_security_group_id": "ocid1.networksecuritygroup.oc1.us-sanjose-1.aaaaaaaaxahoopa2evvjroz4rxrlllhmxgb36a5pziurawppz4xwfphhs66q",
            "protocol": "6",
            "source": "ocid1.networksecuritygroup.oc1.us-sanjose-1.aaaaaaaapkwm3jmxvvnoly4xwy5r4k6kbwhb3xekeegx3k4ylxqwkmgabbua",
            "source_type": "NETWORK_SECURITY_GROUP",
            "stateless": false,
            "tcp_options": [
              {
                "destination_port_range": [
                  {
                    "max": 12250,
                    "min": 12250
                  }
                ],
                "source_port_range": []
              }
            ],
            "time_created": "2023-05-11 00:28:10.553 +0000 UTC",
            "timeouts": null,
            "udp_options": []
          },
          "sensitive_attributes": [],
          "private": "eyJlMmJmYjczMC1lY2FhLTExZTYtOGY4OC0zNDM2M2JjN2M0YzAiOnsiY3JlYXRlIjoxMjAwMDAwMDAwMDAwLCJkZWxldGUiOjEyMDAwMDAwMDAwMDAsInVwZGF0ZSI6MTIwMDAwMDAwMDAwMH19",
          "dependencies": [
            "oci_core_network_security_group.KubeAPI_server_security_group",
            "oci_core_network_security_group.virtual_node_network_security_group",
            "oci_core_vcn.generated_oci_core_vcn"
          ]
        }
      ]
    },
    {
      "mode": "managed",
      "type": "oci_core_network_security_group_security_rule",
      "name": "kubeAPI_server_node_12250_icmp_node",
      "provider": "provider[\"registry.terraform.io/hashicorp/oci\"]",
      "instances": [
        {
          "schema_version": 0,
          "attributes": {
            "description": "allow node security group ICMP",
            "destination": null,
            "destination_type": "",
            "direction": "INGRESS",
            "icmp_options": [],
            "id": "647ABB",
            "is_valid": true,
            "network_security_group_id": "ocid1.networksecuritygroup.oc1.us-sanjose-1.aaaaaaaaxahoopa2evvjroz4rxrlllhmxgb36a5pziurawppz4xwfphhs66q",
            "protocol": "1",
            "source": "ocid1.networksecuritygroup.oc1.us-sanjose-1.aaaaaaaapkwm3jmxvvnoly4xwy5r4k6kbwhb3xekeegx3k4ylxqwkmgabbua",
            "source_type": "NETWORK_SECURITY_GROUP",
            "stateless": false,
            "tcp_options": [],
            "time_created": "2023-05-11 00:28:08.108 +0000 UTC",
            "timeouts": null,
            "udp_options": []
          },
          "sensitive_attributes": [],
          "private": "eyJlMmJmYjczMC1lY2FhLTExZTYtOGY4OC0zNDM2M2JjN2M0YzAiOnsiY3JlYXRlIjoxMjAwMDAwMDAwMDAwLCJkZWxldGUiOjEyMDAwMDAwMDAwMDAsInVwZGF0ZSI6MTIwMDAwMDAwMDAwMH19",
          "dependencies": [
            "oci_core_network_security_group.KubeAPI_server_security_group",
            "oci_core_network_security_group.virtual_node_network_security_group",
            "oci_core_vcn.generated_oci_core_vcn"
          ]
        }
      ]
    },
    {
      "mode": "managed",
      "type": "oci_core_network_security_group_security_rule",
      "name": "kubeAPI_server_pod_12250",
      "provider": "provider[\"registry.terraform.io/hashicorp/oci\"]",
      "instances": [
        {
          "schema_version": 0,
          "attributes": {
            "description": "allow pod security group TCP 12250",
            "destination": null,
            "destination_type": "",
            "direction": "INGRESS",
            "icmp_options": [],
            "id": "BDB98C",
            "is_valid": true,
            "network_security_group_id": "ocid1.networksecuritygroup.oc1.us-sanjose-1.aaaaaaaaxahoopa2evvjroz4rxrlllhmxgb36a5pziurawppz4xwfphhs66q",
            "protocol": "6",
            "source": "ocid1.networksecuritygroup.oc1.us-sanjose-1.aaaaaaaafylt6qkiwna23a4cl6cv7y3trfavkeoav7ch3cp2d6exdlpmhutq",
            "source_type": "NETWORK_SECURITY_GROUP",
            "stateless": false,
            "tcp_options": [
              {
                "destination_port_range": [
                  {
                    "max": 12250,
                    "min": 12250
                  }
                ],
                "source_port_range": []
              }
            ],
            "time_created": "2023-05-11 00:28:08.69 +0000 UTC",
            "timeouts": null,
            "udp_options": []
          },
          "sensitive_attributes": [],
          "private": "eyJlMmJmYjczMC1lY2FhLTExZTYtOGY4OC0zNDM2M2JjN2M0YzAiOnsiY3JlYXRlIjoxMjAwMDAwMDAwMDAwLCJkZWxldGUiOjEyMDAwMDAwMDAwMDAsInVwZGF0ZSI6MTIwMDAwMDAwMDAwMH19",
          "dependencies": [
            "oci_core_network_security_group.KubeAPI_server_security_group",
            "oci_core_network_security_group.pod_network_security_group",
            "oci_core_vcn.generated_oci_core_vcn"
          ]
        }
      ]
    },
    {
      "mode": "managed",
      "type": "oci_core_network_security_group_security_rule",
      "name": "kubeAPI_server_pod_12250_icmp_pod",
      "provider": "provider[\"registry.terraform.io/hashicorp/oci\"]",
      "instances": [
        {
          "schema_version": 0,
          "attributes": {
            "description": "allow pod security group ICMP",
            "destination": null,
            "destination_type": "",
            "direction": "INGRESS",
            "icmp_options": [],
            "id": "3B5518",
            "is_valid": true,
            "network_security_group_id": "ocid1.networksecuritygroup.oc1.us-sanjose-1.aaaaaaaaxahoopa2evvjroz4rxrlllhmxgb36a5pziurawppz4xwfphhs66q",
            "protocol": "1",
            "source": "ocid1.networksecuritygroup.oc1.us-sanjose-1.aaaaaaaafylt6qkiwna23a4cl6cv7y3trfavkeoav7ch3cp2d6exdlpmhutq",
            "source_type": "NETWORK_SECURITY_GROUP",
            "stateless": false,
            "tcp_options": [],
            "time_created": "2023-05-11 00:28:09.364 +0000 UTC",
            "timeouts": null,
            "udp_options": []
          },
          "sensitive_attributes": [],
          "private": "eyJlMmJmYjczMC1lY2FhLTExZTYtOGY4OC0zNDM2M2JjN2M0YzAiOnsiY3JlYXRlIjoxMjAwMDAwMDAwMDAwLCJkZWxldGUiOjEyMDAwMDAwMDAwMDAsInVwZGF0ZSI6MTIwMDAwMDAwMDAwMH19",
          "dependencies": [
            "oci_core_network_security_group.KubeAPI_server_security_group",
            "oci_core_network_security_group.pod_network_security_group",
            "oci_core_vcn.generated_oci_core_vcn"
          ]
        }
      ]
    },
    {
      "mode": "managed",
      "type": "oci_core_network_security_group_security_rule",
      "name": "lb_network_pod_network",
      "provider": "provider[\"registry.terraform.io/hashicorp/oci\"]",
      "instances": [
        {
          "schema_version": 0,
          "attributes": {
            "description": "allow all from Kubernetes API",
            "destination": null,
            "destination_type": "",
            "direction": "INGRESS",
            "icmp_options": [],
            "id": "1DD63E",
            "is_valid": true,
            "network_security_group_id": "ocid1.networksecuritygroup.oc1.us-sanjose-1.aaaaaaaafylt6qkiwna23a4cl6cv7y3trfavkeoav7ch3cp2d6exdlpmhutq",
            "protocol": "all",
            "source": "ocid1.networksecuritygroup.oc1.us-sanjose-1.aaaaaaaaxahoopa2evvjroz4rxrlllhmxgb36a5pziurawppz4xwfphhs66q",
            "source_type": "NETWORK_SECURITY_GROUP",
            "stateless": false,
            "tcp_options": [],
            "time_created": "2023-05-11 00:28:09.042 +0000 UTC",
            "timeouts": null,
            "udp_options": []
          },
          "sensitive_attributes": [],
          "private": "eyJlMmJmYjczMC1lY2FhLTExZTYtOGY4OC0zNDM2M2JjN2M0YzAiOnsiY3JlYXRlIjoxMjAwMDAwMDAwMDAwLCJkZWxldGUiOjEyMDAwMDAwMDAwMDAsInVwZGF0ZSI6MTIwMDAwMDAwMDAwMH19",
          "dependencies": [
            "oci_core_network_security_group.KubeAPI_server_security_group",
            "oci_core_network_security_group.pod_network_security_group",
            "oci_core_vcn.generated_oci_core_vcn"
          ]
        }
      ]
    },
    {
      "mode": "managed",
      "type": "oci_core_network_security_group_security_rule",
      "name": "pod_network_egress",
      "provider": "provider[\"registry.terraform.io/hashicorp/oci\"]",
      "instances": [
        {
          "schema_version": 0,
          "attributes": {
            "description": "allow all outbound traffic",
            "destination": "0.0.0.0/0",
            "destination_type": "CIDR_BLOCK",
            "direction": "EGRESS",
            "icmp_options": [],
            "id": "C3ED7D",
            "is_valid": true,
            "network_security_group_id": "ocid1.networksecuritygroup.oc1.us-sanjose-1.aaaaaaaafylt6qkiwna23a4cl6cv7y3trfavkeoav7ch3cp2d6exdlpmhutq",
            "protocol": "all",
            "source": null,
            "source_type": "",
            "stateless": false,
            "tcp_options": [],
            "time_created": "2023-05-11 00:28:08.847 +0000 UTC",
            "timeouts": null,
            "udp_options": []
          },
          "sensitive_attributes": [],
          "private": "eyJlMmJmYjczMC1lY2FhLTExZTYtOGY4OC0zNDM2M2JjN2M0YzAiOnsiY3JlYXRlIjoxMjAwMDAwMDAwMDAwLCJkZWxldGUiOjEyMDAwMDAwMDAwMDAsInVwZGF0ZSI6MTIwMDAwMDAwMDAwMH19",
          "dependencies": [
            "oci_core_network_security_group.pod_network_security_group",
            "oci_core_vcn.generated_oci_core_vcn"
          ]
        }
      ]
    },
    {
      "mode": "managed",
      "type": "oci_core_network_security_group_security_rule",
      "name": "pod_to_virtual_network1",
      "provider": "provider[\"registry.terraform.io/hashicorp/oci\"]",
      "instances": [
        {
          "schema_version": 0,
          "attributes": {
            "description": "allow TCP 10250 from Pod Network",
            "destination": null,
            "destination_type": "",
            "direction": "INGRESS",
            "icmp_options": [],
            "id": "6EE4DF",
            "is_valid": true,
            "network_security_group_id": "ocid1.networksecuritygroup.oc1.us-sanjose-1.aaaaaaaapkwm3jmxvvnoly4xwy5r4k6kbwhb3xekeegx3k4ylxqwkmgabbua",
            "protocol": "6",
            "source": "ocid1.networksecuritygroup.oc1.us-sanjose-1.aaaaaaaafylt6qkiwna23a4cl6cv7y3trfavkeoav7ch3cp2d6exdlpmhutq",
            "source_type": "NETWORK_SECURITY_GROUP",
            "stateless": false,
            "tcp_options": [
              {
                "destination_port_range": [
                  {
                    "max": 10250,
                    "min": 10250
                  }
                ],
                "source_port_range": []
              }
            ],
            "time_created": "2023-05-11 00:28:09.219 +0000 UTC",
            "timeouts": null,
            "udp_options": []
          },
          "sensitive_attributes": [],
          "private": "eyJlMmJmYjczMC1lY2FhLTExZTYtOGY4OC0zNDM2M2JjN2M0YzAiOnsiY3JlYXRlIjoxMjAwMDAwMDAwMDAwLCJkZWxldGUiOjEyMDAwMDAwMDAwMDAsInVwZGF0ZSI6MTIwMDAwMDAwMDAwMH19",
          "dependencies": [
            "oci_core_network_security_group.pod_network_security_group",
            "oci_core_network_security_group.virtual_node_network_security_group",
            "oci_core_vcn.generated_oci_core_vcn"
          ]
        }
      ]
    },
    {
      "mode": "managed",
      "type": "oci_core_network_security_group_security_rule",
      "name": "svc_lb_pod_network_ingress1",
      "provider": "provider[\"registry.terraform.io/hashicorp/oci\"]",
      "instances": [
        {
          "schema_version": 0,
          "attributes": {
            "description": "allow TCP 10256",
            "destination": null,
            "destination_type": "",
            "direction": "INGRESS",
            "icmp_options": [],
            "id": "0A95D7",
            "is_valid": true,
            "network_security_group_id": "ocid1.networksecuritygroup.oc1.us-sanjose-1.aaaaaaaafylt6qkiwna23a4cl6cv7y3trfavkeoav7ch3cp2d6exdlpmhutq",
            "protocol": "6",
            "source": "10.0.20.0/24",
            "source_type": "CIDR_BLOCK",
            "stateless": false,
            "tcp_options": [
              {
                "destination_port_range": [
                  {
                    "max": 10256,
                    "min": 10256
                  }
                ],
                "source_port_range": []
              }
            ],
            "time_created": "2023-05-11 00:28:13.859 +0000 UTC",
            "timeouts": null,
            "udp_options": []
          },
          "sensitive_attributes": [],
          "private": "eyJlMmJmYjczMC1lY2FhLTExZTYtOGY4OC0zNDM2M2JjN2M0YzAiOnsiY3JlYXRlIjoxMjAwMDAwMDAwMDAwLCJkZWxldGUiOjEyMDAwMDAwMDAwMDAsInVwZGF0ZSI6MTIwMDAwMDAwMDAwMH19",
          "dependencies": [
            "oci_core_default_route_table.generated_oci_core_default_route_table",
            "oci_core_internet_gateway.generated_oci_core_internet_gateway",
            "oci_core_network_security_group.pod_network_security_group",
            "oci_core_subnet.service_lb_subnet",
            "oci_core_vcn.generated_oci_core_vcn"
          ]
        }
      ]
    },
    {
      "mode": "managed",
      "type": "oci_core_network_security_group_security_rule",
      "name": "svc_network_pod_network_ingress",
      "provider": "provider[\"registry.terraform.io/hashicorp/oci\"]",
      "instances": [
        {
          "schema_version": 0,
          "attributes": {
            "description": "allow Highport Access",
            "destination": null,
            "destination_type": "",
            "direction": "INGRESS",
            "icmp_options": [],
            "id": "EAD691",
            "is_valid": true,
            "network_security_group_id": "ocid1.networksecuritygroup.oc1.us-sanjose-1.aaaaaaaafylt6qkiwna23a4cl6cv7y3trfavkeoav7ch3cp2d6exdlpmhutq",
            "protocol": "6",
            "source": "10.0.20.0/24",
            "source_type": "CIDR_BLOCK",
            "stateless": false,
            "tcp_options": [
              {
                "destination_port_range": [
                  {
                    "max": 32767,
                    "min": 30000
                  }
                ],
                "source_port_range": []
              }
            ],
            "time_created": "2023-05-11 00:28:13.682 +0000 UTC",
            "timeouts": null,
            "udp_options": []
          },
          "sensitive_attributes": [],
          "private": "eyJlMmJmYjczMC1lY2FhLTExZTYtOGY4OC0zNDM2M2JjN2M0YzAiOnsiY3JlYXRlIjoxMjAwMDAwMDAwMDAwLCJkZWxldGUiOjEyMDAwMDAwMDAwMDAsInVwZGF0ZSI6MTIwMDAwMDAwMDAwMH19",
          "dependencies": [
            "oci_core_default_route_table.generated_oci_core_default_route_table",
            "oci_core_internet_gateway.generated_oci_core_internet_gateway",
            "oci_core_network_security_group.pod_network_security_group",
            "oci_core_subnet.service_lb_subnet",
            "oci_core_vcn.generated_oci_core_vcn"
          ]
        }
      ]
    },
    {
      "mode": "managed",
      "type": "oci_core_network_security_group_security_rule",
      "name": "virtual_node__network_egress_api_server1",
      "provider": "provider[\"registry.terraform.io/hashicorp/oci\"]",
      "instances": [
        {
          "schema_version": 0,
          "attributes": {
            "description": "allow api server TCP 6443",
            "destination": "ocid1.networksecuritygroup.oc1.us-sanjose-1.aaaaaaaaxahoopa2evvjroz4rxrlllhmxgb36a5pziurawppz4xwfphhs66q",
            "destination_type": "NETWORK_SECURITY_GROUP",
            "direction": "EGRESS",
            "icmp_options": [],
            "id": "06FF3C",
            "is_valid": true,
            "network_security_group_id": "ocid1.networksecuritygroup.oc1.us-sanjose-1.aaaaaaaapkwm3jmxvvnoly4xwy5r4k6kbwhb3xekeegx3k4ylxqwkmgabbua",
            "protocol": "6",
            "source": null,
            "source_type": "",
            "stateless": false,
            "tcp_options": [
              {
                "destination_port_range": [
                  {
                    "max": 6443,
                    "min": 6443
                  }
                ],
                "source_port_range": []
              }
            ],
            "time_created": "2023-05-11 00:28:08.428 +0000 UTC",
            "timeouts": null,
            "udp_options": []
          },
          "sensitive_attributes": [],
          "private": "eyJlMmJmYjczMC1lY2FhLTExZTYtOGY4OC0zNDM2M2JjN2M0YzAiOnsiY3JlYXRlIjoxMjAwMDAwMDAwMDAwLCJkZWxldGUiOjEyMDAwMDAwMDAwMDAsInVwZGF0ZSI6MTIwMDAwMDAwMDAwMH19",
          "dependencies": [
            "oci_core_network_security_group.KubeAPI_server_security_group",
            "oci_core_network_security_group.virtual_node_network_security_group",
            "oci_core_vcn.generated_oci_core_vcn"
          ]
        }
      ]
    },
    {
      "mode": "managed",
      "type": "oci_core_network_security_group_security_rule",
      "name": "virtual_node__network_egress_api_server2",
      "provider": "provider[\"registry.terraform.io/hashicorp/oci\"]",
      "instances": [
        {
          "schema_version": 0,
          "attributes": {
            "description": "allow egress api server TCP 12250",
            "destination": "ocid1.networksecuritygroup.oc1.us-sanjose-1.aaaaaaaaxahoopa2evvjroz4rxrlllhmxgb36a5pziurawppz4xwfphhs66q",
            "destination_type": "NETWORK_SECURITY_GROUP",
            "direction": "EGRESS",
            "icmp_options": [],
            "id": "027DF1",
            "is_valid": true,
            "network_security_group_id": "ocid1.networksecuritygroup.oc1.us-sanjose-1.aaaaaaaapkwm3jmxvvnoly4xwy5r4k6kbwhb3xekeegx3k4ylxqwkmgabbua",
            "protocol": "6",
            "source": null,
            "source_type": "",
            "stateless": false,
            "tcp_options": [
              {
                "destination_port_range": [
                  {
                    "max": 12250,
                    "min": 12250
                  }
                ],
                "source_port_range": []
              }
            ],
            "time_created": "2023-05-11 00:28:17.767 +0000 UTC",
            "timeouts": null,
            "udp_options": []
          },
          "sensitive_attributes": [],
          "private": "eyJlMmJmYjczMC1lY2FhLTExZTYtOGY4OC0zNDM2M2JjN2M0YzAiOnsiY3JlYXRlIjoxMjAwMDAwMDAwMDAwLCJkZWxldGUiOjEyMDAwMDAwMDAwMDAsInVwZGF0ZSI6MTIwMDAwMDAwMDAwMH19",
          "dependencies": [
            "oci_core_network_security_group.KubeAPI_server_security_group",
            "oci_core_network_security_group.virtual_node_network_security_group",
            "oci_core_vcn.generated_oci_core_vcn"
          ]
        }
      ]
    },
    {
      "mode": "managed",
      "type": "oci_core_network_security_group_security_rule",
      "name": "virtual_node__network_egress_api_server3",
      "provider": "provider[\"registry.terraform.io/hashicorp/oci\"]",
      "instances": [
        {
          "schema_version": 0,
          "attributes": {
            "description": "allow api server ICMP",
            "destination": "ocid1.networksecuritygroup.oc1.us-sanjose-1.aaaaaaaaxahoopa2evvjroz4rxrlllhmxgb36a5pziurawppz4xwfphhs66q",
            "destination_type": "NETWORK_SECURITY_GROUP",
            "direction": "EGRESS",
            "icmp_options": [],
            "id": "1980D8",
            "is_valid": true,
            "network_security_group_id": "ocid1.networksecuritygroup.oc1.us-sanjose-1.aaaaaaaapkwm3jmxvvnoly4xwy5r4k6kbwhb3xekeegx3k4ylxqwkmgabbua",
            "protocol": "1",
            "source": null,
            "source_type": "",
            "stateless": false,
            "tcp_options": [],
            "time_created": "2023-05-11 00:28:08.127 +0000 UTC",
            "timeouts": null,
            "udp_options": []
          },
          "sensitive_attributes": [],
          "private": "eyJlMmJmYjczMC1lY2FhLTExZTYtOGY4OC0zNDM2M2JjN2M0YzAiOnsiY3JlYXRlIjoxMjAwMDAwMDAwMDAwLCJkZWxldGUiOjEyMDAwMDAwMDAwMDAsInVwZGF0ZSI6MTIwMDAwMDAwMDAwMH19",
          "dependencies": [
            "oci_core_network_security_group.KubeAPI_server_security_group",
            "oci_core_network_security_group.virtual_node_network_security_group",
            "oci_core_vcn.generated_oci_core_vcn"
          ]
        }
      ]
    },
    {
      "mode": "managed",
      "type": "oci_core_route_table",
      "name": "generated_oci_core_route_table",
      "provider": "provider[\"registry.terraform.io/hashicorp/oci\"]",
      "instances": [
        {
          "schema_version": 0,
          "attributes": {
            "compartment_id": "ocid1.compartment.oc1..aaaaaaaaucuuv3bavrptzr563nq5bpo55t7lk5p4zvr25n77i54jl2eykhbq",
            "defined_tags": {
              "Oracle-Tags.CreatedBy": "identitycloudservice/chiping.hwang@oracle.com",
              "Oracle-Tags.CreatedOn": "2023-05-11T00:28:09.451Z",
              "ops.CreatedBy": "identitycloudservice/chiping.hwang@oracle.com",
              "ops.CreationDate": "2023-05-11T00:28:09.451Z"
            },
            "display_name": "oke-private-routetable-demo-cluster",
            "freeform_tags": {},
            "id": "ocid1.routetable.oc1.us-sanjose-1.aaaaaaaalv56eudlatp2lvnjrqzhk2skggko6mfk52tp74u2zmjudnviznlq",
            "route_rules": [
              {
                "cidr_block": "",
                "description": "traffic to OCI services",
                "destination": "all-sjc-services-in-oracle-services-network",
                "destination_type": "SERVICE_CIDR_BLOCK",
                "network_entity_id": "ocid1.servicegateway.oc1.us-sanjose-1.aaaaaaaat6fb6pv3fsemdgovzhh2bffajpi4tibh33gtxt2wsfvguamzcdlq",
                "route_type": ""
              },
              {
                "cidr_block": "",
                "description": "traffic to the internet",
                "destination": "0.0.0.0/0",
                "destination_type": "CIDR_BLOCK",
                "network_entity_id": "ocid1.natgateway.oc1.us-sanjose-1.aaaaaaaadsgumoi2r5n62g6mlkm426h7tgm7d56meg7i2ym3b2rha3dy6u7a",
                "route_type": ""
              }
            ],
            "state": "AVAILABLE",
            "time_created": "2023-05-11 00:28:09.491 +0000 UTC",
            "timeouts": null,
            "vcn_id": "ocid1.vcn.oc1.us-sanjose-1.amaaaaaanlc5nbya6cyrdnhhuciz2va26gzilvl57sa5bimghmoii6mkoiea"
          },
          "sensitive_attributes": [],
          "private": "eyJlMmJmYjczMC1lY2FhLTExZTYtOGY4OC0zNDM2M2JjN2M0YzAiOnsiY3JlYXRlIjoxMjAwMDAwMDAwMDAwLCJkZWxldGUiOjEyMDAwMDAwMDAwMDAsInVwZGF0ZSI6MTIwMDAwMDAwMDAwMH19",
          "dependencies": [
            "data.oci_core_services.all_oci_services",
            "oci_core_nat_gateway.generated_oci_core_nat_gateway",
            "oci_core_service_gateway.generated_oci_core_service_gateway",
            "oci_core_vcn.generated_oci_core_vcn"
          ]
        }
      ]
    },
    {
      "mode": "managed",
      "type": "oci_core_security_list",
      "name": "service_lb_sec_list",
      "provider": "provider[\"registry.terraform.io/hashicorp/oci\"]",
      "instances": [
        {
          "schema_version": 0,
          "attributes": {
            "compartment_id": "ocid1.compartment.oc1..aaaaaaaaucuuv3bavrptzr563nq5bpo55t7lk5p4zvr25n77i54jl2eykhbq",
            "defined_tags": {
              "Oracle-Tags.CreatedBy": "identitycloudservice/chiping.hwang@oracle.com",
              "Oracle-Tags.CreatedOn": "2023-05-11T00:28:12.546Z",
              "ops.CreatedBy": "identitycloudservice/chiping.hwang@oracle.com",
              "ops.CreationDate": "2023-05-11T00:28:12.546Z"
            },
            "display_name": "oke-svclbseclist-cluster",
            "egress_security_rules": [
              {
                "description": "Access to pod network high ports",
                "destination": "10.0.11.0/24",
                "destination_type": "CIDR_BLOCK",
                "icmp_options": [],
                "protocol": "6",
                "stateless": false,
                "tcp_options": [
                  {
                    "max": 32767,
                    "min": 30000,
                    "source_port_range": []
                  }
                ],
                "udp_options": []
              },
              {
                "description": "Access to pod network tcp 10256",
                "destination": "10.0.11.0/24",
                "destination_type": "CIDR_BLOCK",
                "icmp_options": [],
                "protocol": "6",
                "stateless": false,
                "tcp_options": [
                  {
                    "max": 10256,
                    "min": 10256,
                    "source_port_range": []
                  }
                ],
                "udp_options": []
              }
            ],
            "freeform_tags": {},
            "id": "ocid1.securitylist.oc1.us-sanjose-1.aaaaaaaauk3hrqtrcbstdi4h52adibq54viy5sdaiqqzljxjozyd2lhj6j7a",
            "ingress_security_rules": [
              {
                "description": "Access to 443",
                "icmp_options": [],
                "protocol": "6",
                "source": "0.0.0.0/0",
                "source_type": "CIDR_BLOCK",
                "stateless": false,
                "tcp_options": [
                  {
                    "max": 443,
                    "min": 443,
                    "source_port_range": []
                  }
                ],
                "udp_options": []
              },
              {
                "description": "Access to 80",
                "icmp_options": [],
                "protocol": "6",
                "source": "0.0.0.0/0",
                "source_type": "CIDR_BLOCK",
                "stateless": false,
                "tcp_options": [
                  {
                    "max": 80,
                    "min": 80,
                    "source_port_range": []
                  }
                ],
                "udp_options": []
              }
            ],
            "state": "AVAILABLE",
            "time_created": "2023-05-11 00:28:12.574 +0000 UTC",
            "timeouts": null,
            "vcn_id": "ocid1.vcn.oc1.us-sanjose-1.amaaaaaanlc5nbya6cyrdnhhuciz2va26gzilvl57sa5bimghmoii6mkoiea"
          },
          "sensitive_attributes": [],
          "private": "eyJlMmJmYjczMC1lY2FhLTExZTYtOGY4OC0zNDM2M2JjN2M0YzAiOnsiY3JlYXRlIjoxMjAwMDAwMDAwMDAwLCJkZWxldGUiOjEyMDAwMDAwMDAwMDAsInVwZGF0ZSI6MTIwMDAwMDAwMDAwMH19",
          "dependencies": [
            "data.oci_core_services.all_oci_services",
            "oci_core_nat_gateway.generated_oci_core_nat_gateway",
            "oci_core_route_table.generated_oci_core_route_table",
            "oci_core_service_gateway.generated_oci_core_service_gateway",
            "oci_core_subnet.pod_subnet",
            "oci_core_vcn.generated_oci_core_vcn"
          ]
        }
      ]
    },
    {
      "mode": "managed",
      "type": "oci_core_service_gateway",
      "name": "generated_oci_core_service_gateway",
      "provider": "provider[\"registry.terraform.io/hashicorp/oci\"]",
      "instances": [
        {
          "schema_version": 0,
          "attributes": {
            "block_traffic": false,
            "compartment_id": "ocid1.compartment.oc1..aaaaaaaaucuuv3bavrptzr563nq5bpo55t7lk5p4zvr25n77i54jl2eykhbq",
            "defined_tags": {
              "Oracle-Tags.CreatedBy": "identitycloudservice/chiping.hwang@oracle.com",
              "Oracle-Tags.CreatedOn": "2023-05-11T00:28:06.997Z",
              "ops.CreatedBy": "identitycloudservice/chiping.hwang@oracle.com",
              "ops.CreationDate": "2023-05-11T00:28:06.997Z"
            },
            "display_name": "oke-sgw-cluster",
            "freeform_tags": {},
            "id": "ocid1.servicegateway.oc1.us-sanjose-1.aaaaaaaat6fb6pv3fsemdgovzhh2bffajpi4tibh33gtxt2wsfvguamzcdlq",
            "route_table_id": null,
            "services": [
              {
                "service_id": "ocid1.service.oc1.us-sanjose-1.aaaaaaaa7w72lnqlnse4zc5vubcjv6mhsooz3jlaazcbzq7hnzih26qqiw6a",
                "service_name": "All SJC Services In Oracle Services Network"
              }
            ],
            "state": "AVAILABLE",
            "time_created": "2023-05-11 00:28:07.558 +0000 UTC",
            "timeouts": null,
            "vcn_id": "ocid1.vcn.oc1.us-sanjose-1.amaaaaaanlc5nbya6cyrdnhhuciz2va26gzilvl57sa5bimghmoii6mkoiea"
          },
          "sensitive_attributes": [],
          "private": "eyJlMmJmYjczMC1lY2FhLTExZTYtOGY4OC0zNDM2M2JjN2M0YzAiOnsiY3JlYXRlIjoxMjAwMDAwMDAwMDAwLCJkZWxldGUiOjEyMDAwMDAwMDAwMDAsInVwZGF0ZSI6MTIwMDAwMDAwMDAwMH19",
          "dependencies": [
            "data.oci_core_services.all_oci_services",
            "oci_core_vcn.generated_oci_core_vcn"
          ]
        }
      ]
    },
    {
      "mode": "managed",
      "type": "oci_core_subnet",
      "name": "kubernetes_api_endpoint_subnet",
      "provider": "provider[\"registry.terraform.io/hashicorp/oci\"]",
      "instances": [
        {
          "schema_version": 0,
          "attributes": {
            "availability_domain": null,
            "cidr_block": "10.0.0.0/28",
            "compartment_id": "ocid1.compartment.oc1..aaaaaaaaucuuv3bavrptzr563nq5bpo55t7lk5p4zvr25n77i54jl2eykhbq",
            "defined_tags": {
              "Oracle-Tags.CreatedBy": "identitycloudservice/chiping.hwang@oracle.com",
              "Oracle-Tags.CreatedOn": "2023-05-11T00:28:09.659Z",
              "ops.CreatedBy": "identitycloudservice/chiping.hwang@oracle.com",
              "ops.CreationDate": "2023-05-11T00:28:09.659Z"
            },
            "dhcp_options_id": "ocid1.dhcpoptions.oc1.us-sanjose-1.aaaaaaaa2byb2fhmjskx26ti5dufyrpvmmxxitcrpmkahf3wujzyjbs7im7q",
            "display_name": "oke-k8sApi-server-subnet",
            "dns_label": null,
            "freeform_tags": {},
            "id": "ocid1.subnet.oc1.us-sanjose-1.aaaaaaaa5gbz6dp7qsgo67syvmi2cwksqyrrthkxrqsmnnexo3xaiuu57ppq",
            "ipv6cidr_block": null,
            "ipv6cidr_blocks": [],
            "ipv6virtual_router_ip": null,
            "prohibit_internet_ingress": false,
            "prohibit_public_ip_on_vnic": false,
            "route_table_id": "ocid1.routetable.oc1.us-sanjose-1.aaaaaaaaqkvolt4k76f4zydztdweolsnhskparpi2ah5crrcofwcmneclkuq",
            "security_list_ids": [
              "ocid1.securitylist.oc1.us-sanjose-1.aaaaaaaab42hvd2plbz557477ohgev7qdpbheccjrsxx4z4w6ukvw6panbga"
            ],
            "state": "AVAILABLE",
            "subnet_domain_name": null,
            "time_created": "2023-05-11 00:28:09.704 +0000 UTC",
            "timeouts": null,
            "vcn_id": "ocid1.vcn.oc1.us-sanjose-1.amaaaaaanlc5nbya6cyrdnhhuciz2va26gzilvl57sa5bimghmoii6mkoiea",
            "virtual_router_ip": "10.0.0.1",
            "virtual_router_mac": "00:00:17:D1:99:95"
          },
          "sensitive_attributes": [],
          "private": "eyJlMmJmYjczMC1lY2FhLTExZTYtOGY4OC0zNDM2M2JjN2M0YzAiOnsiY3JlYXRlIjoxMjAwMDAwMDAwMDAwLCJkZWxldGUiOjEyMDAwMDAwMDAwMDAsInVwZGF0ZSI6MTIwMDAwMDAwMDAwMH19",
          "dependencies": [
            "oci_core_default_route_table.generated_oci_core_default_route_table",
            "oci_core_internet_gateway.generated_oci_core_internet_gateway",
            "oci_core_vcn.generated_oci_core_vcn"
          ]
        }
      ]
    },
    {
      "mode": "managed",
      "type": "oci_core_subnet",
      "name": "node_subnet",
      "provider": "provider[\"registry.terraform.io/hashicorp/oci\"]",
      "instances": [
        {
          "schema_version": 0,
          "attributes": {
            "availability_domain": null,
            "cidr_block": "10.0.10.0/24",
            "compartment_id": "ocid1.compartment.oc1..aaaaaaaaucuuv3bavrptzr563nq5bpo55t7lk5p4zvr25n77i54jl2eykhbq",
            "defined_tags": {
              "Oracle-Tags.CreatedBy": "identitycloudservice/chiping.hwang@oracle.com",
              "Oracle-Tags.CreatedOn": "2023-05-11T00:28:09.726Z",
              "ops.CreatedBy": "identitycloudservice/chiping.hwang@oracle.com",
              "ops.CreationDate": "2023-05-11T00:28:09.726Z"
            },
            "dhcp_options_id": "ocid1.dhcpoptions.oc1.us-sanjose-1.aaaaaaaa2byb2fhmjskx26ti5dufyrpvmmxxitcrpmkahf3wujzyjbs7im7q",
            "display_name": "oke-node-subnet",
            "dns_label": null,
            "freeform_tags": {},
            "id": "ocid1.subnet.oc1.us-sanjose-1.aaaaaaaa7lnovkblxdc43htwrj3ggvchmjm333mkei33xqmpt2y3dpilkfrq",
            "ipv6cidr_block": null,
            "ipv6cidr_blocks": [],
            "ipv6virtual_router_ip": null,
            "prohibit_internet_ingress": true,
            "prohibit_public_ip_on_vnic": true,
            "route_table_id": "ocid1.routetable.oc1.us-sanjose-1.aaaaaaaalv56eudlatp2lvnjrqzhk2skggko6mfk52tp74u2zmjudnviznlq",
            "security_list_ids": [
              "ocid1.securitylist.oc1.us-sanjose-1.aaaaaaaab42hvd2plbz557477ohgev7qdpbheccjrsxx4z4w6ukvw6panbga"
            ],
            "state": "AVAILABLE",
            "subnet_domain_name": null,
            "time_created": "2023-05-11 00:28:10.063 +0000 UTC",
            "timeouts": null,
            "vcn_id": "ocid1.vcn.oc1.us-sanjose-1.amaaaaaanlc5nbya6cyrdnhhuciz2va26gzilvl57sa5bimghmoii6mkoiea",
            "virtual_router_ip": "10.0.10.1",
            "virtual_router_mac": "00:00:17:D1:99:95"
          },
          "sensitive_attributes": [],
          "private": "eyJlMmJmYjczMC1lY2FhLTExZTYtOGY4OC0zNDM2M2JjN2M0YzAiOnsiY3JlYXRlIjoxMjAwMDAwMDAwMDAwLCJkZWxldGUiOjEyMDAwMDAwMDAwMDAsInVwZGF0ZSI6MTIwMDAwMDAwMDAwMH19",
          "dependencies": [
            "data.oci_core_services.all_oci_services",
            "oci_core_nat_gateway.generated_oci_core_nat_gateway",
            "oci_core_route_table.generated_oci_core_route_table",
            "oci_core_service_gateway.generated_oci_core_service_gateway",
            "oci_core_vcn.generated_oci_core_vcn"
          ]
        }
      ]
    },
    {
      "mode": "managed",
      "type": "oci_core_subnet",
      "name": "pod_subnet",
      "provider": "provider[\"registry.terraform.io/hashicorp/oci\"]",
      "instances": [
        {
          "schema_version": 0,
          "attributes": {
            "availability_domain": null,
            "cidr_block": "10.0.11.0/24",
            "compartment_id": "ocid1.compartment.oc1..aaaaaaaaucuuv3bavrptzr563nq5bpo55t7lk5p4zvr25n77i54jl2eykhbq",
            "defined_tags": {
              "Oracle-Tags.CreatedBy": "identitycloudservice/chiping.hwang@oracle.com",
              "Oracle-Tags.CreatedOn": "2023-05-11T00:28:10.642Z",
              "ops.CreatedBy": "identitycloudservice/chiping.hwang@oracle.com",
              "ops.CreationDate": "2023-05-11T00:28:10.642Z"
            },
            "dhcp_options_id": "ocid1.dhcpoptions.oc1.us-sanjose-1.aaaaaaaa2byb2fhmjskx26ti5dufyrpvmmxxitcrpmkahf3wujzyjbs7im7q",
            "display_name": "oke-pod-subnet",
            "dns_label": null,
            "freeform_tags": {},
            "id": "ocid1.subnet.oc1.us-sanjose-1.aaaaaaaayw6vewredwdbzukkhlf26peodsj5y5qybqb424qfntjb4yj5ueqa",
            "ipv6cidr_block": null,
            "ipv6cidr_blocks": [],
            "ipv6virtual_router_ip": null,
            "prohibit_internet_ingress": true,
            "prohibit_public_ip_on_vnic": true,
            "route_table_id": "ocid1.routetable.oc1.us-sanjose-1.aaaaaaaalv56eudlatp2lvnjrqzhk2skggko6mfk52tp74u2zmjudnviznlq",
            "security_list_ids": [
              "ocid1.securitylist.oc1.us-sanjose-1.aaaaaaaab42hvd2plbz557477ohgev7qdpbheccjrsxx4z4w6ukvw6panbga"
            ],
            "state": "AVAILABLE",
            "subnet_domain_name": null,
            "time_created": "2023-05-11 00:28:10.711 +0000 UTC",
            "timeouts": null,
            "vcn_id": "ocid1.vcn.oc1.us-sanjose-1.amaaaaaanlc5nbya6cyrdnhhuciz2va26gzilvl57sa5bimghmoii6mkoiea",
            "virtual_router_ip": "10.0.11.1",
            "virtual_router_mac": "00:00:17:D1:99:95"
          },
          "sensitive_attributes": [],
          "private": "eyJlMmJmYjczMC1lY2FhLTExZTYtOGY4OC0zNDM2M2JjN2M0YzAiOnsiY3JlYXRlIjoxMjAwMDAwMDAwMDAwLCJkZWxldGUiOjEyMDAwMDAwMDAwMDAsInVwZGF0ZSI6MTIwMDAwMDAwMDAwMH19",
          "dependencies": [
            "data.oci_core_services.all_oci_services",
            "oci_core_nat_gateway.generated_oci_core_nat_gateway",
            "oci_core_route_table.generated_oci_core_route_table",
            "oci_core_service_gateway.generated_oci_core_service_gateway",
            "oci_core_vcn.generated_oci_core_vcn"
          ]
        }
      ]
    },
    {
      "mode": "managed",
      "type": "oci_core_subnet",
      "name": "service_lb_subnet",
      "provider": "provider[\"registry.terraform.io/hashicorp/oci\"]",
      "instances": [
        {
          "schema_version": 0,
          "attributes": {
            "availability_domain": null,
            "cidr_block": "10.0.20.0/24",
            "compartment_id": "ocid1.compartment.oc1..aaaaaaaaucuuv3bavrptzr563nq5bpo55t7lk5p4zvr25n77i54jl2eykhbq",
            "defined_tags": {
              "Oracle-Tags.CreatedBy": "identitycloudservice/chiping.hwang@oracle.com",
              "Oracle-Tags.CreatedOn": "2023-05-11T00:28:09.726Z",
              "ops.CreatedBy": "identitycloudservice/chiping.hwang@oracle.com",
              "ops.CreationDate": "2023-05-11T00:28:09.726Z"
            },
            "dhcp_options_id": "ocid1.dhcpoptions.oc1.us-sanjose-1.aaaaaaaa2byb2fhmjskx26ti5dufyrpvmmxxitcrpmkahf3wujzyjbs7im7q",
            "display_name": "oke-svclb-subnet",
            "dns_label": null,
            "freeform_tags": {},
            "id": "ocid1.subnet.oc1.us-sanjose-1.aaaaaaaatcgcrdy7bfdgr5oj2qyguotf532it2ihzepuxjunjqhiq36zenoq",
            "ipv6cidr_block": null,
            "ipv6cidr_blocks": [],
            "ipv6virtual_router_ip": null,
            "prohibit_internet_ingress": true,
            "prohibit_public_ip_on_vnic": true,
            "route_table_id": "ocid1.routetable.oc1.us-sanjose-1.aaaaaaaaqkvolt4k76f4zydztdweolsnhskparpi2ah5crrcofwcmneclkuq",
            "security_list_ids": [
              "ocid1.securitylist.oc1.us-sanjose-1.aaaaaaaab42hvd2plbz557477ohgev7qdpbheccjrsxx4z4w6ukvw6panbga"
            ],
            "state": "AVAILABLE",
            "subnet_domain_name": null,
            "time_created": "2023-05-11 00:28:12.188 +0000 UTC",
            "timeouts": null,
            "vcn_id": "ocid1.vcn.oc1.us-sanjose-1.amaaaaaanlc5nbya6cyrdnhhuciz2va26gzilvl57sa5bimghmoii6mkoiea",
            "virtual_router_ip": "10.0.20.1",
            "virtual_router_mac": "00:00:17:D1:99:95"
          },
          "sensitive_attributes": [],
          "private": "eyJlMmJmYjczMC1lY2FhLTExZTYtOGY4OC0zNDM2M2JjN2M0YzAiOnsiY3JlYXRlIjoxMjAwMDAwMDAwMDAwLCJkZWxldGUiOjEyMDAwMDAwMDAwMDAsInVwZGF0ZSI6MTIwMDAwMDAwMDAwMH19",
          "dependencies": [
            "oci_core_default_route_table.generated_oci_core_default_route_table",
            "oci_core_internet_gateway.generated_oci_core_internet_gateway",
            "oci_core_vcn.generated_oci_core_vcn"
          ]
        }
      ]
    },
    {
      "mode": "managed",
      "type": "oci_core_vcn",
      "name": "generated_oci_core_vcn",
      "provider": "provider[\"registry.terraform.io/hashicorp/oci\"]",
      "instances": [
        {
          "schema_version": 0,
          "attributes": {
            "byoipv6cidr_blocks": [],
            "byoipv6cidr_details": null,
            "cidr_block": "10.0.0.0/16",
            "cidr_blocks": [
              "10.0.0.0/16"
            ],
            "compartment_id": "ocid1.compartment.oc1..aaaaaaaaucuuv3bavrptzr563nq5bpo55t7lk5p4zvr25n77i54jl2eykhbq",
            "default_dhcp_options_id": "ocid1.dhcpoptions.oc1.us-sanjose-1.aaaaaaaa2byb2fhmjskx26ti5dufyrpvmmxxitcrpmkahf3wujzyjbs7im7q",
            "default_route_table_id": "ocid1.routetable.oc1.us-sanjose-1.aaaaaaaaqkvolt4k76f4zydztdweolsnhskparpi2ah5crrcofwcmneclkuq",
            "default_security_list_id": "ocid1.securitylist.oc1.us-sanjose-1.aaaaaaaab42hvd2plbz557477ohgev7qdpbheccjrsxx4z4w6ukvw6panbga",
            "defined_tags": {
              "Oracle-Tags.CreatedBy": "identitycloudservice/chiping.hwang@oracle.com",
              "Oracle-Tags.CreatedOn": "2023-05-11T00:28:06.055Z",
              "ops.CreatedBy": "identitycloudservice/chiping.hwang@oracle.com",
              "ops.CreationDate": "2023-05-11T00:28:06.055Z"
            },
            "display_name": "oke-vcn-cluster",
            "dns_label": null,
            "freeform_tags": {},
            "id": "ocid1.vcn.oc1.us-sanjose-1.amaaaaaanlc5nbya6cyrdnhhuciz2va26gzilvl57sa5bimghmoii6mkoiea",
            "ipv6cidr_blocks": [],
            "ipv6private_cidr_blocks": [],
            "is_ipv6enabled": false,
            "is_oracle_gua_allocation_enabled": null,
            "state": "AVAILABLE",
            "time_created": "2023-05-11 00:28:06.133 +0000 UTC",
            "timeouts": null,
            "vcn_domain_name": null
          },
          "sensitive_attributes": [],
          "private": "eyJlMmJmYjczMC1lY2FhLTExZTYtOGY4OC0zNDM2M2JjN2M0YzAiOnsiY3JlYXRlIjoxMjAwMDAwMDAwMDAwLCJkZWxldGUiOjEyMDAwMDAwMDAwMDAsInVwZGF0ZSI6MTIwMDAwMDAwMDAwMH19"
        }
      ]
    },
    {
      "mode": "managed",
      "type": "oci_identity_tag",
      "name": "blog_virtual_node",
      "provider": "provider[\"registry.terraform.io/hashicorp/oci\"].home",
      "instances": [
        {
          "schema_version": 0,
          "attributes": {
            "defined_tags": {
              "Oracle-Tags.CreatedBy": "identitycloudservice/chiping.hwang@oracle.com",
              "Oracle-Tags.CreatedOn": "2023-05-11T00:28:17.913Z",
              "ops.CreatedBy": "identitycloudservice/chiping.hwang@oracle.com",
              "ops.CreationDate": "2023-05-11T00:28:17.913Z"
            },
            "description": "blog OKE Virtual Nodes",
            "freeform_tags": {},
            "id": "ocid1.tagdefinition.oc1..aaaaaaaadxduy2g76i6wvhbhkgccbn34f3tomvg7c2j7jfqkr4xmu2brbqza",
            "is_cost_tracking": false,
            "is_retired": false,
            "name": "release",
            "state": "ACTIVE",
            "tag_namespace_id": "ocid1.tagnamespace.oc1..aaaaaaaax2afsb6r2fl3qwuboh7hl7pfklnzra7nx6kssrh6q3hzxhfhcwcq",
            "time_created": "2023-05-11 00:28:17.966 +0000 UTC",
            "timeouts": null,
            "validator": [
              {
                "validator_type": "ENUM",
                "values": [
                  "release",
                  "1.0.1"
                ]
              }
            ]
          },
          "sensitive_attributes": [],
          "private": "eyJlMmJmYjczMC1lY2FhLTExZTYtOGY4OC0zNDM2M2JjN2M0YzAiOnsiY3JlYXRlIjo5MDAwMDAwMDAwMDAsImRlbGV0ZSI6NDMyMDAwMDAwMDAwMDAsInVwZGF0ZSI6OTAwMDAwMDAwMDAwfX0=",
          "dependencies": [
            "data.oci_identity_regions.regions",
            "data.oci_identity_tenancy.tenancy",
            "oci_identity_tag_namespace.blog_virtual_node",
            "random_id.tag"
          ]
        }
      ]
    },
    {
      "mode": "managed",
      "type": "oci_identity_tag_namespace",
      "name": "blog_virtual_node",
      "provider": "provider[\"registry.terraform.io/hashicorp/oci\"].home",
      "instances": [
        {
          "schema_version": 0,
          "attributes": {
            "compartment_id": "ocid1.compartment.oc1..aaaaaaaaucuuv3bavrptzr563nq5bpo55t7lk5p4zvr25n77i54jl2eykhbq",
            "defined_tags": {
              "Oracle-Tags.CreatedBy": "identitycloudservice/chiping.hwang@oracle.com",
              "Oracle-Tags.CreatedOn": "2023-05-11T00:28:06.974Z",
              "ops.CreatedBy": "identitycloudservice/chiping.hwang@oracle.com",
              "ops.CreationDate": "2023-05-11T00:28:06.974Z"
            },
            "description": "blog_virtual_node_TagNamespace",
            "freeform_tags": {},
            "id": "ocid1.tagnamespace.oc1..aaaaaaaax2afsb6r2fl3qwuboh7hl7pfklnzra7nx6kssrh6q3hzxhfhcwcq",
            "is_retired": false,
            "name": "blog_virtual_node\\deploy-microservices-b37d",
            "state": "ACTIVE",
            "time_created": "2023-05-11 00:28:07.128 +0000 UTC",
            "timeouts": null
          },
          "sensitive_attributes": [],
          "private": "eyJlMmJmYjczMC1lY2FhLTExZTYtOGY4OC0zNDM2M2JjN2M0YzAiOnsiY3JlYXRlIjoxMjAwMDAwMDAwMDAwLCJkZWxldGUiOjEyMDAwMDAwMDAwMDAsInVwZGF0ZSI6MTIwMDAwMDAwMDAwMH19",
          "dependencies": [
            "data.oci_identity_regions.regions",
            "data.oci_identity_tenancy.tenancy",
            "random_id.tag"
          ]
        }
      ]
    },
    {
      "mode": "managed",
      "type": "random_id",
      "name": "tag",
      "provider": "provider[\"registry.terraform.io/hashicorp/random\"]",
      "instances": [
        {
          "schema_version": 0,
          "attributes": {
            "b64_std": "s30=",
            "b64_url": "s30",
            "byte_length": 2,
            "dec": "45949",
            "hex": "b37d",
            "id": "s30",
            "keepers": null,
            "prefix": null
          },
          "sensitive_attributes": []
        }
      ]
    },
    {
      "mode": "managed",
      "type": "time_sleep",
      "name": "wait_1min_demo",
      "provider": "provider[\"registry.terraform.io/hashicorp/time\"]",
      "instances": [
        {
          "index_key": 0,
          "schema_version": 0,
          "attributes": {
            "create_duration": "30s",
            "destroy_duration": null,
            "id": "2023-05-11T00:42:01Z",
            "triggers": null
          },
          "sensitive_attributes": [],
          "dependencies": [
            "data.oci_containerengine_cluster_kube_config.virtual_cluster_kube_config",
            "data.oci_core_services.all_oci_services",
            "data.oci_identity_availability_domains.ad",
            "data.oci_identity_fault_domains.fd",
            "local_file.kubeconfig",
            "oci_containerengine_cluster.generated_oci_containerengine_cluster",
            "oci_containerengine_virtual_node_pool.create_node_pool_details0",
            "oci_core_default_route_table.generated_oci_core_default_route_table",
            "oci_core_internet_gateway.generated_oci_core_internet_gateway",
            "oci_core_nat_gateway.generated_oci_core_nat_gateway",
            "oci_core_network_security_group.KubeAPI_server_security_group",
            "oci_core_network_security_group.pod_network_security_group",
            "oci_core_network_security_group.virtual_node_network_security_group",
            "oci_core_route_table.generated_oci_core_route_table",
            "oci_core_service_gateway.generated_oci_core_service_gateway",
            "oci_core_subnet.kubernetes_api_endpoint_subnet",
            "oci_core_subnet.node_subnet",
            "oci_core_subnet.pod_subnet",
            "oci_core_subnet.service_lb_subnet",
            "oci_core_vcn.generated_oci_core_vcn"
          ]
        }
      ]
    },
    {
      "mode": "managed",
      "type": "time_sleep",
      "name": "wait_1min_demo2",
      "provider": "provider[\"registry.terraform.io/hashicorp/time\"]",
      "instances": [
        {
          "index_key": 0,
          "schema_version": 0,
          "attributes": {
            "create_duration": "30s",
            "destroy_duration": null,
            "id": "2023-05-11T00:42:01Z",
            "triggers": null
          },
          "sensitive_attributes": [],
          "dependencies": [
            "data.oci_containerengine_cluster_kube_config.virtual_cluster_kube_config",
            "data.oci_core_services.all_oci_services",
            "data.oci_identity_availability_domains.ad",
            "data.oci_identity_fault_domains.fd",
            "local_file.kubeconfig",
            "oci_containerengine_cluster.generated_oci_containerengine_cluster",
            "oci_containerengine_virtual_node_pool.create_node_pool_details0",
            "oci_core_default_route_table.generated_oci_core_default_route_table",
            "oci_core_internet_gateway.generated_oci_core_internet_gateway",
            "oci_core_nat_gateway.generated_oci_core_nat_gateway",
            "oci_core_network_security_group.KubeAPI_server_security_group",
            "oci_core_network_security_group.pod_network_security_group",
            "oci_core_network_security_group.virtual_node_network_security_group",
            "oci_core_route_table.generated_oci_core_route_table",
            "oci_core_service_gateway.generated_oci_core_service_gateway",
            "oci_core_subnet.kubernetes_api_endpoint_subnet",
            "oci_core_subnet.node_subnet",
            "oci_core_subnet.pod_subnet",
            "oci_core_subnet.service_lb_subnet",
            "oci_core_vcn.generated_oci_core_vcn"
          ]
        }
      ]
    }
  ],
  "check_results": null
}
